{
  "version": 4,
  "terraform_version": "1.15.5",
  "serial": 197,
  "lineage": "3a325c36-0dbb-ab01-7585-3e45e20ae36b",
  "outputs": {
    "bucket_name": {
      "value": "fraud-detection-992382522951",
      "type": "string"
    },
    "ec2_private_ip": {
      "value": "172.31.10.215",
      "type": "string"
    },
    "ec2_public_ip": {
      "value": "44.199.215.217",
      "type": "string"
    }
  },
  "resources": [
    {
      "module": "module.ec2",
      "mode": "managed",
      "type": "aws_instance",
      "name": "main",
      "provider": "provider[\"registry.terraform.io/hashicorp/aws\"]",
      "instances": [
        {
          "schema_version": 1,
          "attributes": {
            "ami": "ami-02b9a589195146a8f",
            "arn": "arn:aws:ec2:us-east-1:992382522951:instance/i-02c4b283927ddc4f6",
            "associate_public_ip_address": true,
            "availability_zone": "us-east-1b",
            "capacity_reservation_specification": [
              {
                "capacity_reservation_preference": "open",
                "capacity_reservation_target": []
              }
            ],
            "cpu_core_count": 1,
            "cpu_options": [
              {
                "amd_sev_snp": "",
                "core_count": 1,
                "threads_per_core": 2
              }
            ],
            "cpu_threads_per_core": 2,
            "credit_specification": [
              {
                "cpu_credits": "unlimited"
              }
            ],
            "disable_api_stop": false,
            "disable_api_termination": false,
            "ebs_block_device": [],
            "ebs_optimized": false,
            "enable_primary_ipv6": null,
            "enclave_options": [
              {
                "enabled": false
              }
            ],
            "ephemeral_block_device": [],
            "get_password_data": false,
            "hibernation": false,
            "host_id": "",
            "host_resource_group_arn": null,
            "iam_instance_profile": "LabInstanceProfile",
            "id": "i-02c4b283927ddc4f6",
            "instance_initiated_shutdown_behavior": "stop",
            "instance_lifecycle": "",
            "instance_market_options": [],
            "instance_state": "running",
            "instance_type": "t3.medium",
            "ipv6_address_count": 0,
            "ipv6_addresses": [],
            "key_name": "vockey",
            "launch_template": [],
            "maintenance_options": [
              {
                "auto_recovery": "default"
              }
            ],
            "metadata_options": [
              {
                "http_endpoint": "enabled",
                "http_protocol_ipv6": "disabled",
                "http_put_response_hop_limit": 1,
                "http_tokens": "optional",
                "instance_metadata_tags": "disabled"
              }
            ],
            "monitoring": false,
            "network_interface": [],
            "outpost_arn": "",
            "password_data": "",
            "placement_group": "",
            "placement_partition_number": 0,
            "primary_network_interface_id": "eni-03aacb52fbb8e8e4a",
            "private_dns": "ip-172-31-10-215.ec2.internal",
            "private_dns_name_options": [
              {
                "enable_resource_name_dns_a_record": false,
                "enable_resource_name_dns_aaaa_record": false,
                "hostname_type": "ip-name"
              }
            ],
            "private_ip": "172.31.10.215",
            "public_dns": "ec2-44-199-215-217.compute-1.amazonaws.com",
            "public_ip": "44.199.215.217",
            "root_block_device": [
              {
                "delete_on_termination": true,
                "device_name": "/dev/xvda",
                "encrypted": false,
                "iops": 100,
                "kms_key_id": "",
                "tags": {},
                "tags_all": {},
                "throughput": 0,
                "volume_id": "vol-0a81e82f491e5f46a",
                "volume_size": 8,
                "volume_type": "gp2"
              }
            ],
            "secondary_private_ips": [],
            "security_groups": [
              "fraud-ec2-sg"
            ],
            "source_dest_check": true,
            "spot_instance_request_id": "",
            "subnet_id": "subnet-096f5ba280a024007",
            "tags": {
              "Name": "fraud-detection-server",
              "Project": "fraud-detection"
            },
            "tags_all": {
              "Name": "fraud-detection-server",
              "Project": "fraud-detection"
            },
            "tenancy": "default",
            "timeouts": null,
            "user_data": "7ffafa5fe69c615a73cd51294960f14348438e69",
            "user_data_base64": null,
            "user_data_replace_on_change": false,
            "volume_tags": null,
            "vpc_security_group_ids": [
              "sg-0afdcabe930f4656c"
            ]
          },
          "sensitive_attributes": [],
          "identity_schema_version": 0,
          "private": "eyJlMmJmYjczMC1lY2FhLTExZTYtOGY4OC0zNDM2M2JjN2M0YzAiOnsiY3JlYXRlIjo2MDAwMDAwMDAwMDAsImRlbGV0ZSI6MTIwMDAwMDAwMDAwMCwicmVhZCI6OTAwMDAwMDAwMDAwLCJ1cGRhdGUiOjYwMDAwMDAwMDAwMH0sInNjaGVtYV92ZXJzaW9uIjoiMSJ9",
          "dependencies": [
            "module.ec2.aws_security_group.main",
            "module.s3.aws_s3_bucket.main",
            "module.s3.aws_s3_bucket_versioning.main",
            "module.s3.aws_s3_object.app_code",
            "module.s3.aws_s3_object.folders",
            "module.s3.aws_s3_object.fraud_model",
            "module.s3.aws_s3_object.generate_seed",
            "module.s3.aws_s3_object.retrain",
            "module.s3.aws_s3_object.seed_data",
            "module.s3.aws_s3_object.spark_stream"
          ]
        }
      ]
    },
    {
      "module": "module.ec2",
      "mode": "managed",
      "type": "aws_security_group",
      "name": "main",
      "provider": "provider[\"registry.terraform.io/hashicorp/aws\"]",
      "instances": [
        {
          "schema_version": 1,
          "attributes": {
            "arn": "arn:aws:ec2:us-east-1:992382522951:security-group/sg-0afdcabe930f4656c",
            "description": "Managed by Terraform",
            "egress": [
              {
                "cidr_blocks": [
                  "0.0.0.0/0"
                ],
                "description": "",
                "from_port": 0,
                "ipv6_cidr_blocks": [],
                "prefix_list_ids": [],
                "protocol": "-1",
                "security_groups": [],
                "self": false,
                "to_port": 0
              }
            ],
            "id": "sg-0afdcabe930f4656c",
            "ingress": [
              {
                "cidr_blocks": [
                  "0.0.0.0/0"
                ],
                "description": "FastAPI",
                "from_port": 8000,
                "ipv6_cidr_blocks": [],
                "prefix_list_ids": [],
                "protocol": "tcp",
                "security_groups": [],
                "self": false,
                "to_port": 8000
              },
              {
                "cidr_blocks": [
                  "0.0.0.0/0"
                ],
                "description": "Kafka",
                "from_port": 9092,
                "ipv6_cidr_blocks": [],
                "prefix_list_ids": [],
                "protocol": "tcp",
                "security_groups": [],
                "self": false,
                "to_port": 9092
              },
              {
                "cidr_blocks": [
                  "0.0.0.0/0"
                ],
                "description": "SSH",
                "from_port": 22,
                "ipv6_cidr_blocks": [],
                "prefix_list_ids": [],
                "protocol": "tcp",
                "security_groups": [],
                "self": false,
                "to_port": 22
              }
            ],
            "name": "fraud-ec2-sg",
            "name_prefix": "",
            "owner_id": "992382522951",
            "revoke_rules_on_delete": false,
            "tags": null,
            "tags_all": {},
            "timeouts": null,
            "vpc_id": "vpc-01d544afd1db35994"
          },
          "sensitive_attributes": [],
          "identity_schema_version": 0,
          "private": "eyJlMmJmYjczMC1lY2FhLTExZTYtOGY4OC0zNDM2M2JjN2M0YzAiOnsiY3JlYXRlIjo2MDAwMDAwMDAwMDAsImRlbGV0ZSI6OTAwMDAwMDAwMDAwfSwic2NoZW1hX3ZlcnNpb24iOiIxIn0=",
          "dependencies": [
            "module.s3.aws_s3_bucket.main",
            "module.s3.aws_s3_bucket_versioning.main",
            "module.s3.aws_s3_object.app_code",
            "module.s3.aws_s3_object.folders",
            "module.s3.aws_s3_object.fraud_model",
            "module.s3.aws_s3_object.generate_seed",
            "module.s3.aws_s3_object.retrain",
            "module.s3.aws_s3_object.seed_data",
            "module.s3.aws_s3_object.spark_stream"
          ]
        }
      ]
    },
    {
      "module": "module.s3",
      "mode": "managed",
      "type": "aws_s3_bucket",
      "name": "main",
      "provider": "provider[\"registry.terraform.io/hashicorp/aws\"]",
      "instances": [
        {
          "schema_version": 0,
          "attributes": {
            "acceleration_status": "",
            "acl": null,
            "arn": "arn:aws:s3:::fraud-detection-992382522951",
            "bucket": "fraud-detection-992382522951",
            "bucket_domain_name": "fraud-detection-992382522951.s3.amazonaws.com",
            "bucket_prefix": "",
            "bucket_regional_domain_name": "fraud-detection-992382522951.s3.us-east-1.amazonaws.com",
            "cors_rule": [],
            "force_destroy": true,
            "grant": [
              {
                "id": "cc5cf1beb0183aa10d26efa9aadc5c65642b702e116ff6a3e56a87e42d0083a8",
                "permissions": [
                  "FULL_CONTROL"
                ],
                "type": "CanonicalUser",
                "uri": ""
              }
            ],
            "hosted_zone_id": "Z3AQBSTGFYJSTF",
            "id": "fraud-detection-992382522951",
            "lifecycle_rule": [],
            "logging": [],
            "object_lock_configuration": [],
            "object_lock_enabled": false,
            "policy": "",
            "region": "us-east-1",
            "replication_configuration": [],
            "request_payer": "BucketOwner",
            "server_side_encryption_configuration": [
              {
                "rule": [
                  {
                    "apply_server_side_encryption_by_default": [
                      {
                        "kms_master_key_id": "",
                        "sse_algorithm": "AES256"
                      }
                    ],
                    "bucket_key_enabled": false
                  }
                ]
              }
            ],
            "tags": {},
            "tags_all": {},
            "timeouts": null,
            "versioning": [
              {
                "enabled": true,
                "mfa_delete": false
              }
            ],
            "website": [],
            "website_domain": null,
            "website_endpoint": null
          },
          "sensitive_attributes": [],
          "identity_schema_version": 0,
          "private": "eyJlMmJmYjczMC1lY2FhLTExZTYtOGY4OC0zNDM2M2JjN2M0YzAiOnsiY3JlYXRlIjoxMjAwMDAwMDAwMDAwLCJkZWxldGUiOjM2MDAwMDAwMDAwMDAsInJlYWQiOjEyMDAwMDAwMDAwMDAsInVwZGF0ZSI6MTIwMDAwMDAwMDAwMH19"
        }
      ]
    },
    {
      "module": "module.s3",
      "mode": "managed",
      "type": "aws_s3_bucket_versioning",
      "name": "main",
      "provider": "provider[\"registry.terraform.io/hashicorp/aws\"]",
      "instances": [
        {
          "schema_version": 0,
          "attributes": {
            "bucket": "fraud-detection-992382522951",
            "expected_bucket_owner": "",
            "id": "fraud-detection-992382522951",
            "mfa": null,
            "versioning_configuration": [
              {
                "mfa_delete": "",
                "status": "Enabled"
              }
            ]
          },
          "sensitive_attributes": [],
          "identity_schema_version": 0,
          "private": "bnVsbA==",
          "dependencies": [
            "module.s3.aws_s3_bucket.main"
          ]
        }
      ]
    },
    {
      "module": "module.s3",
      "mode": "managed",
      "type": "aws_s3_object",
      "name": "app_code",
      "provider": "provider[\"registry.terraform.io/hashicorp/aws\"]",
      "instances": [
        {
          "index_key": "documents/models.py",
          "schema_version": 0,
          "attributes": {
            "acl": null,
            "arn": "arn:aws:s3:::fraud-detection-992382522951/app/documents/models.py",
            "bucket": "fraud-detection-992382522951",
            "bucket_key_enabled": false,
            "cache_control": "",
            "checksum_algorithm": null,
            "checksum_crc32": "",
            "checksum_crc32c": "",
            "checksum_crc64nvme": "",
            "checksum_sha1": "",
            "checksum_sha256": "",
            "content": null,
            "content_base64": null,
            "content_disposition": "",
            "content_encoding": "",
            "content_language": "",
            "content_type": "application/octet-stream",
            "etag": "ead6e1122b4de15d086451b346e5f323",
            "force_destroy": false,
            "id": "app/documents/models.py",
            "key": "app/documents/models.py",
            "kms_key_id": null,
            "metadata": {},
            "object_lock_legal_hold_status": "",
            "object_lock_mode": "",
            "object_lock_retain_until_date": "",
            "override_provider": [],
            "server_side_encryption": "AES256",
            "source": "./../app/documents/models.py",
            "source_hash": null,
            "storage_class": "STANDARD",
            "tags": {},
            "tags_all": {},
            "version_id": "_Ni8hcIwtlRRTHgqQq.RLkR5RCCiSbkh",
            "website_redirect": ""
          },
          "sensitive_attributes": [],
          "identity_schema_version": 0,
          "private": "bnVsbA==",
          "dependencies": [
            "module.s3.aws_s3_bucket.main"
          ]
        },
        {
          "index_key": "documents/routers.py",
          "schema_version": 0,
          "attributes": {
            "acl": null,
            "arn": "arn:aws:s3:::fraud-detection-992382522951/app/documents/routers.py",
            "bucket": "fraud-detection-992382522951",
            "bucket_key_enabled": false,
            "cache_control": "",
            "checksum_algorithm": null,
            "checksum_crc32": "",
            "checksum_crc32c": "",
            "checksum_crc64nvme": "",
            "checksum_sha1": "",
            "checksum_sha256": "",
            "content": null,
            "content_base64": null,
            "content_disposition": "",
            "content_encoding": "",
            "content_language": "",
            "content_type": "application/octet-stream",
            "etag": "503bd8a507769cee4c04b3f048050895",
            "force_destroy": false,
            "id": "app/documents/routers.py",
            "key": "app/documents/routers.py",
            "kms_key_id": null,
            "metadata": {},
            "object_lock_legal_hold_status": "",
            "object_lock_mode": "",
            "object_lock_retain_until_date": "",
            "override_provider": [],
            "server_side_encryption": "AES256",
            "source": "./../app/documents/routers.py",
            "source_hash": null,
            "storage_class": "STANDARD",
            "tags": {},
            "tags_all": {},
            "version_id": "6re86eUJD3ISyo4KvpHXSOz1.gCdDL7i",
            "website_redirect": ""
          },
          "sensitive_attributes": [],
          "identity_schema_version": 0,
          "private": "bnVsbA==",
          "dependencies": [
            "module.s3.aws_s3_bucket.main"
          ]
        },
        {
          "index_key": "documents/services.py",
          "schema_version": 0,
          "attributes": {
            "acl": null,
            "arn": "arn:aws:s3:::fraud-detection-992382522951/app/documents/services.py",
            "bucket": "fraud-detection-992382522951",
            "bucket_key_enabled": false,
            "cache_control": "",
            "checksum_algorithm": null,
            "checksum_crc32": "",
            "checksum_crc32c": "",
            "checksum_crc64nvme": "",
            "checksum_sha1": "",
            "checksum_sha256": "",
            "content": null,
            "content_base64": null,
            "content_disposition": "",
            "content_encoding": "",
            "content_language": "",
            "content_type": "application/octet-stream",
            "etag": "80cd739c67f38f763387d1d3aa80c1e1",
            "force_destroy": false,
            "id": "app/documents/services.py",
            "key": "app/documents/services.py",
            "kms_key_id": null,
            "metadata": {},
            "object_lock_legal_hold_status": "",
            "object_lock_mode": "",
            "object_lock_retain_until_date": "",
            "override_provider": [],
            "server_side_encryption": "AES256",
            "source": "./../app/documents/services.py",
            "source_hash": null,
            "storage_class": "STANDARD",
            "tags": {},
            "tags_all": {},
            "version_id": "n.VTbM4oPI8.IpGlAJf1KXI2oG9TBbC5",
            "website_redirect": ""
          },
          "sensitive_attributes": [],
          "identity_schema_version": 0,
          "private": "bnVsbA==",
          "dependencies": [
            "module.s3.aws_s3_bucket.main"
          ]
        },
        {
          "index_key": "documents/transaction_loader.py",
          "schema_version": 0,
          "attributes": {
            "acl": null,
            "arn": "arn:aws:s3:::fraud-detection-992382522951/app/documents/transaction_loader.py",
            "bucket": "fraud-detection-992382522951",
            "bucket_key_enabled": false,
            "cache_control": "",
            "checksum_algorithm": null,
            "checksum_crc32": "",
            "checksum_crc32c": "",
            "checksum_crc64nvme": "",
            "checksum_sha1": "",
            "checksum_sha256": "",
            "content": null,
            "content_base64": null,
            "content_disposition": "",
            "content_encoding": "",
            "content_language": "",
            "content_type": "application/octet-stream",
            "etag": "d67fe1e6f8fea11154bfe058b6fcddb3",
            "force_destroy": false,
            "id": "app/documents/transaction_loader.py",
            "key": "app/documents/transaction_loader.py",
            "kms_key_id": null,
            "metadata": {},
            "object_lock_legal_hold_status": "",
            "object_lock_mode": "",
            "object_lock_retain_until_date": "",
            "override_provider": [],
            "server_side_encryption": "AES256",
            "source": "./../app/documents/transaction_loader.py",
            "source_hash": null,
            "storage_class": "STANDARD",
            "tags": {},
            "tags_all": {},
            "version_id": "9CAVI1B70MTAw6kymkAhrdPTxP9H2EBR",
            "website_redirect": ""
          },
          "sensitive_attributes": [],
          "identity_schema_version": 0,
          "private": "bnVsbA==",
          "dependencies": [
            "module.s3.aws_s3_bucket.main"
          ]
        },
        {
          "index_key": "main.py",
          "schema_version": 0,
          "attributes": {
            "acl": null,
            "arn": "arn:aws:s3:::fraud-detection-992382522951/app/main.py",
            "bucket": "fraud-detection-992382522951",
            "bucket_key_enabled": false,
            "cache_control": "",
            "checksum_algorithm": null,
            "checksum_crc32": "",
            "checksum_crc32c": "",
            "checksum_crc64nvme": "",
            "checksum_sha1": "",
            "checksum_sha256": "",
            "content": null,
            "content_base64": null,
            "content_disposition": "",
            "content_encoding": "",
            "content_language": "",
            "content_type": "application/octet-stream",
            "etag": "cdc0cd862ac95303b8228864ba1f0397",
            "force_destroy": false,
            "id": "app/main.py",
            "key": "app/main.py",
            "kms_key_id": null,
            "metadata": {},
            "object_lock_legal_hold_status": "",
            "object_lock_mode": "",
            "object_lock_retain_until_date": "",
            "override_provider": [],
            "server_side_encryption": "AES256",
            "source": "./../app/main.py",
            "source_hash": null,
            "storage_class": "STANDARD",
            "tags": {},
            "tags_all": {},
            "version_id": "3qbxVTU_yRac5raaPULTePynWNEpeQuw",
            "website_redirect": ""
          },
          "sensitive_attributes": [],
          "identity_schema_version": 0,
          "private": "bnVsbA==",
          "dependencies": [
            "module.s3.aws_s3_bucket.main"
          ]
        },
        {
          "index_key": "retrain.py",
          "schema_version": 0,
          "attributes": {
            "acl": null,
            "arn": "arn:aws:s3:::fraud-detection-992382522951/app/retrain.py",
            "bucket": "fraud-detection-992382522951",
            "bucket_key_enabled": false,
            "cache_control": "",
            "checksum_algorithm": null,
            "checksum_crc32": "",
            "checksum_crc32c": "",
            "checksum_crc64nvme": "",
            "checksum_sha1": "",
            "checksum_sha256": "",
            "content": null,
            "content_base64": null,
            "content_disposition": "",
            "content_encoding": "",
            "content_language": "",
            "content_type": "application/octet-stream",
            "etag": "5d71a3d3915dda8d41c963afac428683",
            "force_destroy": false,
            "id": "app/retrain.py",
            "key": "app/retrain.py",
            "kms_key_id": null,
            "metadata": {},
            "object_lock_legal_hold_status": "",
            "object_lock_mode": "",
            "object_lock_retain_until_date": "",
            "override_provider": [],
            "server_side_encryption": "AES256",
            "source": "./../app/retrain.py",
            "source_hash": null,
            "storage_class": "STANDARD",
            "tags": {},
            "tags_all": {},
            "version_id": "0wAiQvJieEiiOL5JyVRt_JjrbFUEhqNq",
            "website_redirect": ""
          },
          "sensitive_attributes": [],
          "identity_schema_version": 0,
          "private": "bnVsbA==",
          "dependencies": [
            "module.s3.aws_s3_bucket.main"
          ]
        },
        {
          "index_key": "streaming/__init__.py",
          "schema_version": 0,
          "attributes": {
            "acl": null,
            "arn": "arn:aws:s3:::fraud-detection-992382522951/app/streaming/__init__.py",
            "bucket": "fraud-detection-992382522951",
            "bucket_key_enabled": false,
            "cache_control": "",
            "checksum_algorithm": null,
            "checksum_crc32": "",
            "checksum_crc32c": "",
            "checksum_crc64nvme": "",
            "checksum_sha1": "",
            "checksum_sha256": "",
            "content": null,
            "content_base64": null,
            "content_disposition": "",
            "content_encoding": "",
            "content_language": "",
            "content_type": "application/octet-stream",
            "etag": "d41d8cd98f00b204e9800998ecf8427e",
            "force_destroy": false,
            "id": "app/streaming/__init__.py",
            "key": "app/streaming/__init__.py",
            "kms_key_id": null,
            "metadata": {},
            "object_lock_legal_hold_status": "",
            "object_lock_mode": "",
            "object_lock_retain_until_date": "",
            "override_provider": [],
            "server_side_encryption": "AES256",
            "source": "./../app/streaming/__init__.py",
            "source_hash": null,
            "storage_class": "STANDARD",
            "tags": {},
            "tags_all": {},
            "version_id": "X1SVDZC.56r48tgySSZ40O79rPH985Oa",
            "website_redirect": ""
          },
          "sensitive_attributes": [],
          "identity_schema_version": 0,
          "private": "bnVsbA==",
          "dependencies": [
            "module.s3.aws_s3_bucket.main"
          ]
        },
        {
          "index_key": "streaming/consumer.py",
          "schema_version": 0,
          "attributes": {
            "acl": null,
            "arn": "arn:aws:s3:::fraud-detection-992382522951/app/streaming/consumer.py",
            "bucket": "fraud-detection-992382522951",
            "bucket_key_enabled": false,
            "cache_control": "",
            "checksum_algorithm": null,
            "checksum_crc32": "",
            "checksum_crc32c": "",
            "checksum_crc64nvme": "",
            "checksum_sha1": "",
            "checksum_sha256": "",
            "content": null,
            "content_base64": null,
            "content_disposition": "",
            "content_encoding": "",
            "content_language": "",
            "content_type": "application/octet-stream",
            "etag": "5baa78545d6394ed80ef8ae5907181c6",
            "force_destroy": false,
            "id": "app/streaming/consumer.py",
            "key": "app/streaming/consumer.py",
            "kms_key_id": null,
            "metadata": {},
            "object_lock_legal_hold_status": "",
            "object_lock_mode": "",
            "object_lock_retain_until_date": "",
            "override_provider": [],
            "server_side_encryption": "AES256",
            "source": "./../app/streaming/consumer.py",
            "source_hash": null,
            "storage_class": "STANDARD",
            "tags": {},
            "tags_all": {},
            "version_id": "VkXZ5AYX3s4n3NJ78xTC8sO0PHJDieic",
            "website_redirect": ""
          },
          "sensitive_attributes": [],
          "identity_schema_version": 0,
          "private": "bnVsbA==",
          "dependencies": [
            "module.s3.aws_s3_bucket.main"
          ]
        },
        {
          "index_key": "streaming/producer.py",
          "schema_version": 0,
          "attributes": {
            "acl": null,
            "arn": "arn:aws:s3:::fraud-detection-992382522951/app/streaming/producer.py",
            "bucket": "fraud-detection-992382522951",
            "bucket_key_enabled": false,
            "cache_control": "",
            "checksum_algorithm": null,
            "checksum_crc32": "",
            "checksum_crc32c": "",
            "checksum_crc64nvme": "",
            "checksum_sha1": "",
            "checksum_sha256": "",
            "content": null,
            "content_base64": null,
            "content_disposition": "",
            "content_encoding": "",
            "content_language": "",
            "content_type": "application/octet-stream",
            "etag": "6ef46fd1ecb32e66354772d576b52340",
            "force_destroy": false,
            "id": "app/streaming/producer.py",
            "key": "app/streaming/producer.py",
            "kms_key_id": null,
            "metadata": {},
            "object_lock_legal_hold_status": "",
            "object_lock_mode": "",
            "object_lock_retain_until_date": "",
            "override_provider": [],
            "server_side_encryption": "AES256",
            "source": "./../app/streaming/producer.py",
            "source_hash": null,
            "storage_class": "STANDARD",
            "tags": {},
            "tags_all": {},
            "version_id": "p2yaMoT.Tngp7.7c67VmFqGEXKExIpzC",
            "website_redirect": ""
          },
          "sensitive_attributes": [],
          "identity_schema_version": 0,
          "private": "bnVsbA==",
          "dependencies": [
            "module.s3.aws_s3_bucket.main"
          ]
        },
        {
          "index_key": "streaming/routers.py",
          "schema_version": 0,
          "attributes": {
            "acl": null,
            "arn": "arn:aws:s3:::fraud-detection-992382522951/app/streaming/routers.py",
            "bucket": "fraud-detection-992382522951",
            "bucket_key_enabled": false,
            "cache_control": "",
            "checksum_algorithm": null,
            "checksum_crc32": "",
            "checksum_crc32c": "",
            "checksum_crc64nvme": "",
            "checksum_sha1": "",
            "checksum_sha256": "",
            "content": null,
            "content_base64": null,
            "content_disposition": "",
            "content_encoding": "",
            "content_language": "",
            "content_type": "application/octet-stream",
            "etag": "62f69667bcf4e605f649b149941b5c01",
            "force_destroy": false,
            "id": "app/streaming/routers.py",
            "key": "app/streaming/routers.py",
            "kms_key_id": null,
            "metadata": {},
            "object_lock_legal_hold_status": "",
            "object_lock_mode": "",
            "object_lock_retain_until_date": "",
            "override_provider": [],
            "server_side_encryption": "AES256",
            "source": "./../app/streaming/routers.py",
            "source_hash": null,
            "storage_class": "STANDARD",
            "tags": {},
            "tags_all": {},
            "version_id": "5J.cbaLiqNcASSPiH8bDr98eztO3dHGN",
            "website_redirect": ""
          },
          "sensitive_attributes": [],
          "identity_schema_version": 0,
          "private": "bnVsbA==",
          "dependencies": [
            "module.s3.aws_s3_bucket.main"
          ]
        },
        {
          "index_key": "streaming/schemas.py",
          "schema_version": 0,
          "attributes": {
            "acl": null,
            "arn": "arn:aws:s3:::fraud-detection-992382522951/app/streaming/schemas.py",
            "bucket": "fraud-detection-992382522951",
            "bucket_key_enabled": false,
            "cache_control": "",
            "checksum_algorithm": null,
            "checksum_crc32": "",
            "checksum_crc32c": "",
            "checksum_crc64nvme": "",
            "checksum_sha1": "",
            "checksum_sha256": "",
            "content": null,
            "content_base64": null,
            "content_disposition": "",
            "content_encoding": "",
            "content_language": "",
            "content_type": "application/octet-stream",
            "etag": "a25d670c99817fb87d45ff67f8cf1d28",
            "force_destroy": false,
            "id": "app/streaming/schemas.py",
            "key": "app/streaming/schemas.py",
            "kms_key_id": null,
            "metadata": {},
            "object_lock_legal_hold_status": "",
            "object_lock_mode": "",
            "object_lock_retain_until_date": "",
            "override_provider": [],
            "server_side_encryption": "AES256",
            "source": "./../app/streaming/schemas.py",
            "source_hash": null,
            "storage_class": "STANDARD",
            "tags": {},
            "tags_all": {},
            "version_id": "in6AV7PfGJtr1vhkuKoV4Q089meozd1p",
            "website_redirect": ""
          },
          "sensitive_attributes": [],
          "identity_schema_version": 0,
          "private": "bnVsbA==",
          "dependencies": [
            "module.s3.aws_s3_bucket.main"
          ]
        },
        {
          "index_key": "streaming/spark_stream.py",
          "schema_version": 0,
          "attributes": {
            "acl": null,
            "arn": "arn:aws:s3:::fraud-detection-992382522951/app/streaming/spark_stream.py",
            "bucket": "fraud-detection-992382522951",
            "bucket_key_enabled": false,
            "cache_control": "",
            "checksum_algorithm": null,
            "checksum_crc32": "",
            "checksum_crc32c": "",
            "checksum_crc64nvme": "",
            "checksum_sha1": "",
            "checksum_sha256": "",
            "content": null,
            "content_base64": null,
            "content_disposition": "",
            "content_encoding": "",
            "content_language": "",
            "content_type": "application/octet-stream",
            "etag": "e6be2127eeec5def491d89946909b852",
            "force_destroy": false,
            "id": "app/streaming/spark_stream.py",
            "key": "app/streaming/spark_stream.py",
            "kms_key_id": null,
            "metadata": {},
            "object_lock_legal_hold_status": "",
            "object_lock_mode": "",
            "object_lock_retain_until_date": "",
            "override_provider": [],
            "server_side_encryption": "AES256",
            "source": "./../app/streaming/spark_stream.py",
            "source_hash": null,
            "storage_class": "STANDARD",
            "tags": {},
            "tags_all": {},
            "version_id": "pnHHlQ28NSeaady6LdFbt5K8S5ca9S5y",
            "website_redirect": ""
          },
          "sensitive_attributes": [],
          "identity_schema_version": 0,
          "private": "bnVsbA==",
          "dependencies": [
            "module.s3.aws_s3_bucket.main"
          ]
        },
        {
          "index_key": "utils.py",
          "schema_version": 0,
          "attributes": {
            "acl": null,
            "arn": "arn:aws:s3:::fraud-detection-992382522951/app/utils.py",
            "bucket": "fraud-detection-992382522951",
            "bucket_key_enabled": false,
            "cache_control": "",
            "checksum_algorithm": null,
            "checksum_crc32": "",
            "checksum_crc32c": "",
            "checksum_crc64nvme": "",
            "checksum_sha1": "",
            "checksum_sha256": "",
            "content": null,
            "content_base64": null,
            "content_disposition": "",
            "content_encoding": "",
            "content_language": "",
            "content_type": "application/octet-stream",
            "etag": "d41d8cd98f00b204e9800998ecf8427e",
            "force_destroy": false,
            "id": "app/utils.py",
            "key": "app/utils.py",
            "kms_key_id": null,
            "metadata": {},
            "object_lock_legal_hold_status": "",
            "object_lock_mode": "",
            "object_lock_retain_until_date": "",
            "override_provider": [],
            "server_side_encryption": "AES256",
            "source": "./../app/utils.py",
            "source_hash": null,
            "storage_class": "STANDARD",
            "tags": {},
            "tags_all": {},
            "version_id": "g.RJxyFep7vClAnwn77trJ7hR3.cwstV",
            "website_redirect": ""
          },
          "sensitive_attributes": [],
          "identity_schema_version": 0,
          "private": "bnVsbA==",
          "dependencies": [
            "module.s3.aws_s3_bucket.main"
          ]
        }
      ]
    },
    {
      "module": "module.s3",
      "mode": "managed",
      "type": "aws_s3_object",
      "name": "folders",
      "provider": "provider[\"registry.terraform.io/hashicorp/aws\"]",
      "instances": [
        {
          "index_key": "checkpoints/",
          "schema_version": 0,
          "attributes": {
            "acl": null,
            "arn": "arn:aws:s3:::fraud-detection-992382522951/checkpoints/",
            "bucket": "fraud-detection-992382522951",
            "bucket_key_enabled": false,
            "cache_control": "",
            "checksum_algorithm": null,
            "checksum_crc32": "",
            "checksum_crc32c": "",
            "checksum_crc64nvme": "",
            "checksum_sha1": "",
            "checksum_sha256": "",
            "content": null,
            "content_base64": null,
            "content_disposition": "",
            "content_encoding": "",
            "content_language": "",
            "content_type": "application/octet-stream",
            "etag": "d41d8cd98f00b204e9800998ecf8427e",
            "force_destroy": false,
            "id": "checkpoints/",
            "key": "checkpoints/",
            "kms_key_id": null,
            "metadata": {},
            "object_lock_legal_hold_status": "",
            "object_lock_mode": "",
            "object_lock_retain_until_date": "",
            "override_provider": [],
            "server_side_encryption": "AES256",
            "source": null,
            "source_hash": null,
            "storage_class": "STANDARD",
            "tags": {},
            "tags_all": {},
            "version_id": "PEOzV.6uwcNCffodMVdO5d1ZEY8gawvJ",
            "website_redirect": ""
          },
          "sensitive_attributes": [],
          "identity_schema_version": 0,
          "private": "bnVsbA==",
          "dependencies": [
            "module.s3.aws_s3_bucket.main"
          ]
        },
        {
          "index_key": "logs/",
          "schema_version": 0,
          "attributes": {
            "acl": null,
            "arn": "arn:aws:s3:::fraud-detection-992382522951/logs/",
            "bucket": "fraud-detection-992382522951",
            "bucket_key_enabled": false,
            "cache_control": "",
            "checksum_algorithm": null,
            "checksum_crc32": "",
            "checksum_crc32c": "",
            "checksum_crc64nvme": "",
            "checksum_sha1": "",
            "checksum_sha256": "",
            "content": null,
            "content_base64": null,
            "content_disposition": "",
            "content_encoding": "",
            "content_language": "",
            "content_type": "application/octet-stream",
            "etag": "d41d8cd98f00b204e9800998ecf8427e",
            "force_destroy": false,
            "id": "logs/",
            "key": "logs/",
            "kms_key_id": null,
            "metadata": {},
            "object_lock_legal_hold_status": "",
            "object_lock_mode": "",
            "object_lock_retain_until_date": "",
            "override_provider": [],
            "server_side_encryption": "AES256",
            "source": null,
            "source_hash": null,
            "storage_class": "STANDARD",
            "tags": {},
            "tags_all": {},
            "version_id": "8XAxcjMMapji_9EFECkTCsZkm2WefcOE",
            "website_redirect": ""
          },
          "sensitive_attributes": [],
          "identity_schema_version": 0,
          "private": "bnVsbA==",
          "dependencies": [
            "module.s3.aws_s3_bucket.main"
          ]
        },
        {
          "index_key": "models/",
          "schema_version": 0,
          "attributes": {
            "acl": null,
            "arn": "arn:aws:s3:::fraud-detection-992382522951/models/",
            "bucket": "fraud-detection-992382522951",
            "bucket_key_enabled": false,
            "cache_control": "",
            "checksum_algorithm": null,
            "checksum_crc32": "",
            "checksum_crc32c": "",
            "checksum_crc64nvme": "",
            "checksum_sha1": "",
            "checksum_sha256": "",
            "content": null,
            "content_base64": null,
            "content_disposition": "",
            "content_encoding": "",
            "content_language": "",
            "content_type": "application/octet-stream",
            "etag": "d41d8cd98f00b204e9800998ecf8427e",
            "force_destroy": false,
            "id": "models/",
            "key": "models/",
            "kms_key_id": null,
            "metadata": {},
            "object_lock_legal_hold_status": "",
            "object_lock_mode": "",
            "object_lock_retain_until_date": "",
            "override_provider": [],
            "server_side_encryption": "AES256",
            "source": null,
            "source_hash": null,
            "storage_class": "STANDARD",
            "tags": {},
            "tags_all": {},
            "version_id": "QJYXVUzDS.z9ZEmZov4CxhOupbQFBCpx",
            "website_redirect": ""
          },
          "sensitive_attributes": [],
          "identity_schema_version": 0,
          "private": "bnVsbA==",
          "dependencies": [
            "module.s3.aws_s3_bucket.main"
          ]
        },
        {
          "index_key": "scripts/",
          "schema_version": 0,
          "attributes": {
            "acl": null,
            "arn": "arn:aws:s3:::fraud-detection-992382522951/scripts/",
            "bucket": "fraud-detection-992382522951",
            "bucket_key_enabled": false,
            "cache_control": "",
            "checksum_algorithm": null,
            "checksum_crc32": "",
            "checksum_crc32c": "",
            "checksum_crc64nvme": "",
            "checksum_sha1": "",
            "checksum_sha256": "",
            "content": null,
            "content_base64": null,
            "content_disposition": "",
            "content_encoding": "",
            "content_language": "",
            "content_type": "application/octet-stream",
            "etag": "d41d8cd98f00b204e9800998ecf8427e",
            "force_destroy": false,
            "id": "scripts/",
            "key": "scripts/",
            "kms_key_id": null,
            "metadata": {},
            "object_lock_legal_hold_status": "",
            "object_lock_mode": "",
            "object_lock_retain_until_date": "",
            "override_provider": [],
            "server_side_encryption": "AES256",
            "source": null,
            "source_hash": null,
            "storage_class": "STANDARD",
            "tags": {},
            "tags_all": {},
            "version_id": "wIFFWrs1qj6BUboApGYYnY.AUXFUDd_X",
            "website_redirect": ""
          },
          "sensitive_attributes": [],
          "identity_schema_version": 0,
          "private": "bnVsbA==",
          "dependencies": [
            "module.s3.aws_s3_bucket.main"
          ]
        },
        {
          "index_key": "seed/",
          "schema_version": 0,
          "attributes": {
            "acl": null,
            "arn": "arn:aws:s3:::fraud-detection-992382522951/seed/",
            "bucket": "fraud-detection-992382522951",
            "bucket_key_enabled": false,
            "cache_control": "",
            "checksum_algorithm": null,
            "checksum_crc32": "",
            "checksum_crc32c": "",
            "checksum_crc64nvme": "",
            "checksum_sha1": "",
            "checksum_sha256": "",
            "content": null,
            "content_base64": null,
            "content_disposition": "",
            "content_encoding": "",
            "content_language": "",
            "content_type": "application/octet-stream",
            "etag": "d41d8cd98f00b204e9800998ecf8427e",
            "force_destroy": false,
            "id": "seed/",
            "key": "seed/",
            "kms_key_id": null,
            "metadata": {},
            "object_lock_legal_hold_status": "",
            "object_lock_mode": "",
            "object_lock_retain_until_date": "",
            "override_provider": [],
            "server_side_encryption": "AES256",
            "source": null,
            "source_hash": null,
            "storage_class": "STANDARD",
            "tags": {},
            "tags_all": {},
            "version_id": "CDURXllWsCxKw9_PQfByuxq3lgT4xEjS",
            "website_redirect": ""
          },
          "sensitive_attributes": [],
          "identity_schema_version": 0,
          "private": "bnVsbA==",
          "dependencies": [
            "module.s3.aws_s3_bucket.main"
          ]
        },
        {
          "index_key": "training-data/",
          "schema_version": 0,
          "attributes": {
            "acl": null,
            "arn": "arn:aws:s3:::fraud-detection-992382522951/training-data/",
            "bucket": "fraud-detection-992382522951",
            "bucket_key_enabled": false,
            "cache_control": "",
            "checksum_algorithm": null,
            "checksum_crc32": "",
            "checksum_crc32c": "",
            "checksum_crc64nvme": "",
            "checksum_sha1": "",
            "checksum_sha256": "",
            "content": null,
            "content_base64": null,
            "content_disposition": "",
            "content_encoding": "",
            "content_language": "",
            "content_type": "application/octet-stream",
            "etag": "d41d8cd98f00b204e9800998ecf8427e",
            "force_destroy": false,
            "id": "training-data/",
            "key": "training-data/",
            "kms_key_id": null,
            "metadata": {},
            "object_lock_legal_hold_status": "",
            "object_lock_mode": "",
            "object_lock_retain_until_date": "",
            "override_provider": [],
            "server_side_encryption": "AES256",
            "source": null,
            "source_hash": null,
            "storage_class": "STANDARD",
            "tags": {},
            "tags_all": {},
            "version_id": "BKZlHPvtcC.gUbDV2mvZpRGVzxVtYwD4",
            "website_redirect": ""
          },
          "sensitive_attributes": [],
          "identity_schema_version": 0,
          "private": "bnVsbA==",
          "dependencies": [
            "module.s3.aws_s3_bucket.main"
          ]
        }
      ]
    },
    {
      "module": "module.s3",
      "mode": "managed",
      "type": "aws_s3_object",
      "name": "fraud_model",
      "provider": "provider[\"registry.terraform.io/hashicorp/aws\"]",
      "instances": [
        {
          "index_key": "metadata/._SUCCESS.crc",
          "schema_version": 0,
          "attributes": {
            "acl": null,
            "arn": "arn:aws:s3:::fraud-detection-992382522951/models/fraud_rf_model/metadata/._SUCCESS.crc",
            "bucket": "fraud-detection-992382522951",
            "bucket_key_enabled": false,
            "cache_control": "",
            "checksum_algorithm": null,
            "checksum_crc32": "",
            "checksum_crc32c": "",
            "checksum_crc64nvme": "",
            "checksum_sha1": "",
            "checksum_sha256": "",
            "content": null,
            "content_base64": null,
            "content_disposition": "",
            "content_encoding": "",
            "content_language": "",
            "content_type": "application/octet-stream",
            "etag": "9dfecc15c928c9274ad273719aa7a3c0",
            "force_destroy": false,
            "id": "models/fraud_rf_model/metadata/._SUCCESS.crc",
            "key": "models/fraud_rf_model/metadata/._SUCCESS.crc",
            "kms_key_id": null,
            "metadata": {},
            "object_lock_legal_hold_status": "",
            "object_lock_mode": "",
            "object_lock_retain_until_date": "",
            "override_provider": [],
            "server_side_encryption": "AES256",
            "source": "./../app/fraud_rf_model/metadata/._SUCCESS.crc",
            "source_hash": null,
            "storage_class": "STANDARD",
            "tags": {},
            "tags_all": {},
            "version_id": "sdhOZr91plLhUbrmtienHiNJS6JQPtNz",
            "website_redirect": ""
          },
          "sensitive_attributes": [],
          "identity_schema_version": 0,
          "private": "bnVsbA==",
          "dependencies": [
            "module.s3.aws_s3_bucket.main"
          ]
        },
        {
          "index_key": "metadata/.part-00000.crc",
          "schema_version": 0,
          "attributes": {
            "acl": null,
            "arn": "arn:aws:s3:::fraud-detection-992382522951/models/fraud_rf_model/metadata/.part-00000.crc",
            "bucket": "fraud-detection-992382522951",
            "bucket_key_enabled": false,
            "cache_control": "",
            "checksum_algorithm": null,
            "checksum_crc32": "",
            "checksum_crc32c": "",
            "checksum_crc64nvme": "",
            "checksum_sha1": "",
            "checksum_sha256": "",
            "content": null,
            "content_base64": null,
            "content_disposition": "",
            "content_encoding": "",
            "content_language": "",
            "content_type": "application/octet-stream",
            "etag": "175b35fb761142118ec51b42f85accc7",
            "force_destroy": false,
            "id": "models/fraud_rf_model/metadata/.part-00000.crc",
            "key": "models/fraud_rf_model/metadata/.part-00000.crc",
            "kms_key_id": null,
            "metadata": {},
            "object_lock_legal_hold_status": "",
            "object_lock_mode": "",
            "object_lock_retain_until_date": "",
            "override_provider": [],
            "server_side_encryption": "AES256",
            "source": "./../app/fraud_rf_model/metadata/.part-00000.crc",
            "source_hash": null,
            "storage_class": "STANDARD",
            "tags": {},
            "tags_all": {},
            "version_id": "TFvcdKgFpUpHX_CqPDye0W_I7ZyMNi86",
            "website_redirect": ""
          },
          "sensitive_attributes": [],
          "identity_schema_version": 0,
          "private": "bnVsbA==",
          "dependencies": [
            "module.s3.aws_s3_bucket.main"
          ]
        },
        {
          "index_key": "metadata/_SUCCESS",
          "schema_version": 0,
          "attributes": {
            "acl": null,
            "arn": "arn:aws:s3:::fraud-detection-992382522951/models/fraud_rf_model/metadata/_SUCCESS",
            "bucket": "fraud-detection-992382522951",
            "bucket_key_enabled": false,
            "cache_control": "",
            "checksum_algorithm": null,
            "checksum_crc32": "",
            "checksum_crc32c": "",
            "checksum_crc64nvme": "",
            "checksum_sha1": "",
            "checksum_sha256": "",
            "content": null,
            "content_base64": null,
            "content_disposition": "",
            "content_encoding": "",
            "content_language": "",
            "content_type": "application/octet-stream",
            "etag": "d41d8cd98f00b204e9800998ecf8427e",
            "force_destroy": false,
            "id": "models/fraud_rf_model/metadata/_SUCCESS",
            "key": "models/fraud_rf_model/metadata/_SUCCESS",
            "kms_key_id": null,
            "metadata": {},
            "object_lock_legal_hold_status": "",
            "object_lock_mode": "",
            "object_lock_retain_until_date": "",
            "override_provider": [],
            "server_side_encryption": "AES256",
            "source": "./../app/fraud_rf_model/metadata/_SUCCESS",
            "source_hash": null,
            "storage_class": "STANDARD",
            "tags": {},
            "tags_all": {},
            "version_id": "caXUmrsVa8mH09SjSpZoOtXfcWVJKKit",
            "website_redirect": ""
          },
          "sensitive_attributes": [],
          "identity_schema_version": 0,
          "private": "bnVsbA==",
          "dependencies": [
            "module.s3.aws_s3_bucket.main"
          ]
        },
        {
          "index_key": "metadata/part-00000",
          "schema_version": 0,
          "attributes": {
            "acl": null,
            "arn": "arn:aws:s3:::fraud-detection-992382522951/models/fraud_rf_model/metadata/part-00000",
            "bucket": "fraud-detection-992382522951",
            "bucket_key_enabled": false,
            "cache_control": "",
            "checksum_algorithm": null,
            "checksum_crc32": "",
            "checksum_crc32c": "",
            "checksum_crc64nvme": "",
            "checksum_sha1": "",
            "checksum_sha256": "",
            "content": null,
            "content_base64": null,
            "content_disposition": "",
            "content_encoding": "",
            "content_language": "",
            "content_type": "application/octet-stream",
            "etag": "d0dffc95e2f16f0e9b5b409100b5d603",
            "force_destroy": false,
            "id": "models/fraud_rf_model/metadata/part-00000",
            "key": "models/fraud_rf_model/metadata/part-00000",
            "kms_key_id": null,
            "metadata": {},
            "object_lock_legal_hold_status": "",
            "object_lock_mode": "",
            "object_lock_retain_until_date": "",
            "override_provider": [],
            "server_side_encryption": "AES256",
            "source": "./../app/fraud_rf_model/metadata/part-00000",
            "source_hash": null,
            "storage_class": "STANDARD",
            "tags": {},
            "tags_all": {},
            "version_id": "m6lPoJ_3G8PaDnSPUL_hkqragctxgqfW",
            "website_redirect": ""
          },
          "sensitive_attributes": [],
          "identity_schema_version": 0,
          "private": "bnVsbA==",
          "dependencies": [
            "module.s3.aws_s3_bucket.main"
          ]
        },
        {
          "index_key": "stages/0_StringIndexer_292839b147cc/data/._SUCCESS.crc",
          "schema_version": 0,
          "attributes": {
            "acl": null,
            "arn": "arn:aws:s3:::fraud-detection-992382522951/models/fraud_rf_model/stages/0_StringIndexer_292839b147cc/data/._SUCCESS.crc",
            "bucket": "fraud-detection-992382522951",
            "bucket_key_enabled": false,
            "cache_control": "",
            "checksum_algorithm": null,
            "checksum_crc32": "",
            "checksum_crc32c": "",
            "checksum_crc64nvme": "",
            "checksum_sha1": "",
            "checksum_sha256": "",
            "content": null,
            "content_base64": null,
            "content_disposition": "",
            "content_encoding": "",
            "content_language": "",
            "content_type": "application/octet-stream",
            "etag": "9dfecc15c928c9274ad273719aa7a3c0",
            "force_destroy": false,
            "id": "models/fraud_rf_model/stages/0_StringIndexer_292839b147cc/data/._SUCCESS.crc",
            "key": "models/fraud_rf_model/stages/0_StringIndexer_292839b147cc/data/._SUCCESS.crc",
            "kms_key_id": null,
            "metadata": {},
            "object_lock_legal_hold_status": "",
            "object_lock_mode": "",
            "object_lock_retain_until_date": "",
            "override_provider": [],
            "server_side_encryption": "AES256",
            "source": "./../app/fraud_rf_model/stages/0_StringIndexer_292839b147cc/data/._SUCCESS.crc",
            "source_hash": null,
            "storage_class": "STANDARD",
            "tags": {},
            "tags_all": {},
            "version_id": "2vPu11eSz8XnniPY3fMgJGPn2q00tdri",
            "website_redirect": ""
          },
          "sensitive_attributes": [],
          "identity_schema_version": 0,
          "private": "bnVsbA==",
          "dependencies": [
            "module.s3.aws_s3_bucket.main"
          ]
        },
        {
          "index_key": "stages/0_StringIndexer_292839b147cc/data/.part-00000-e588ea30-6d2c-4e5f-ac1a-8f1b17f6f03f-c000.snappy.parquet.crc",
          "schema_version": 0,
          "attributes": {
            "acl": null,
            "arn": "arn:aws:s3:::fraud-detection-992382522951/models/fraud_rf_model/stages/0_StringIndexer_292839b147cc/data/.part-00000-e588ea30-6d2c-4e5f-ac1a-8f1b17f6f03f-c000.snappy.parquet.crc",
            "bucket": "fraud-detection-992382522951",
            "bucket_key_enabled": false,
            "cache_control": "",
            "checksum_algorithm": null,
            "checksum_crc32": "",
            "checksum_crc32c": "",
            "checksum_crc64nvme": "",
            "checksum_sha1": "",
            "checksum_sha256": "",
            "content": null,
            "content_base64": null,
            "content_disposition": "",
            "content_encoding": "",
            "content_language": "",
            "content_type": "application/octet-stream",
            "etag": "9441563962690d324286a2dc98d2cfe2",
            "force_destroy": false,
            "id": "models/fraud_rf_model/stages/0_StringIndexer_292839b147cc/data/.part-00000-e588ea30-6d2c-4e5f-ac1a-8f1b17f6f03f-c000.snappy.parquet.crc",
            "key": "models/fraud_rf_model/stages/0_StringIndexer_292839b147cc/data/.part-00000-e588ea30-6d2c-4e5f-ac1a-8f1b17f6f03f-c000.snappy.parquet.crc",
            "kms_key_id": null,
            "metadata": {},
            "object_lock_legal_hold_status": "",
            "object_lock_mode": "",
            "object_lock_retain_until_date": "",
            "override_provider": [],
            "server_side_encryption": "AES256",
            "source": "./../app/fraud_rf_model/stages/0_StringIndexer_292839b147cc/data/.part-00000-e588ea30-6d2c-4e5f-ac1a-8f1b17f6f03f-c000.snappy.parquet.crc",
            "source_hash": null,
            "storage_class": "STANDARD",
            "tags": {},
            "tags_all": {},
            "version_id": "YRs8xaAtYf1qkUJwbAo.tRvov_wCSznT",
            "website_redirect": ""
          },
          "sensitive_attributes": [],
          "identity_schema_version": 0,
          "private": "bnVsbA==",
          "dependencies": [
            "module.s3.aws_s3_bucket.main"
          ]
        },
        {
          "index_key": "stages/0_StringIndexer_292839b147cc/data/_SUCCESS",
          "schema_version": 0,
          "attributes": {
            "acl": null,
            "arn": "arn:aws:s3:::fraud-detection-992382522951/models/fraud_rf_model/stages/0_StringIndexer_292839b147cc/data/_SUCCESS",
            "bucket": "fraud-detection-992382522951",
            "bucket_key_enabled": false,
            "cache_control": "",
            "checksum_algorithm": null,
            "checksum_crc32": "",
            "checksum_crc32c": "",
            "checksum_crc64nvme": "",
            "checksum_sha1": "",
            "checksum_sha256": "",
            "content": null,
            "content_base64": null,
            "content_disposition": "",
            "content_encoding": "",
            "content_language": "",
            "content_type": "application/octet-stream",
            "etag": "d41d8cd98f00b204e9800998ecf8427e",
            "force_destroy": false,
            "id": "models/fraud_rf_model/stages/0_StringIndexer_292839b147cc/data/_SUCCESS",
            "key": "models/fraud_rf_model/stages/0_StringIndexer_292839b147cc/data/_SUCCESS",
            "kms_key_id": null,
            "metadata": {},
            "object_lock_legal_hold_status": "",
            "object_lock_mode": "",
            "object_lock_retain_until_date": "",
            "override_provider": [],
            "server_side_encryption": "AES256",
            "source": "./../app/fraud_rf_model/stages/0_StringIndexer_292839b147cc/data/_SUCCESS",
            "source_hash": null,
            "storage_class": "STANDARD",
            "tags": {},
            "tags_all": {},
            "version_id": "C6lJ8MxZe4mD_2pli4HrRt03yXoWhSHm",
            "website_redirect": ""
          },
          "sensitive_attributes": [],
          "identity_schema_version": 0,
          "private": "bnVsbA==",
          "dependencies": [
            "module.s3.aws_s3_bucket.main"
          ]
        },
        {
          "index_key": "stages/0_StringIndexer_292839b147cc/data/part-00000-e588ea30-6d2c-4e5f-ac1a-8f1b17f6f03f-c000.snappy.parquet",
          "schema_version": 0,
          "attributes": {
            "acl": null,
            "arn": "arn:aws:s3:::fraud-detection-992382522951/models/fraud_rf_model/stages/0_StringIndexer_292839b147cc/data/part-00000-e588ea30-6d2c-4e5f-ac1a-8f1b17f6f03f-c000.snappy.parquet",
            "bucket": "fraud-detection-992382522951",
            "bucket_key_enabled": false,
            "cache_control": "",
            "checksum_algorithm": null,
            "checksum_crc32": "",
            "checksum_crc32c": "",
            "checksum_crc64nvme": "",
            "checksum_sha1": "",
            "checksum_sha256": "",
            "content": null,
            "content_base64": null,
            "content_disposition": "",
            "content_encoding": "",
            "content_language": "",
            "content_type": "application/octet-stream",
            "etag": "4149c5d5ffd3c69ff13ab94ed5c814e4",
            "force_destroy": false,
            "id": "models/fraud_rf_model/stages/0_StringIndexer_292839b147cc/data/part-00000-e588ea30-6d2c-4e5f-ac1a-8f1b17f6f03f-c000.snappy.parquet",
            "key": "models/fraud_rf_model/stages/0_StringIndexer_292839b147cc/data/part-00000-e588ea30-6d2c-4e5f-ac1a-8f1b17f6f03f-c000.snappy.parquet",
            "kms_key_id": null,
            "metadata": {},
            "object_lock_legal_hold_status": "",
            "object_lock_mode": "",
            "object_lock_retain_until_date": "",
            "override_provider": [],
            "server_side_encryption": "AES256",
            "source": "./../app/fraud_rf_model/stages/0_StringIndexer_292839b147cc/data/part-00000-e588ea30-6d2c-4e5f-ac1a-8f1b17f6f03f-c000.snappy.parquet",
            "source_hash": null,
            "storage_class": "STANDARD",
            "tags": {},
            "tags_all": {},
            "version_id": "7TwUF6CPpGEett8QLbbr0_104aX3DCK_",
            "website_redirect": ""
          },
          "sensitive_attributes": [],
          "identity_schema_version": 0,
          "private": "bnVsbA==",
          "dependencies": [
            "module.s3.aws_s3_bucket.main"
          ]
        },
        {
          "index_key": "stages/0_StringIndexer_292839b147cc/metadata/._SUCCESS.crc",
          "schema_version": 0,
          "attributes": {
            "acl": null,
            "arn": "arn:aws:s3:::fraud-detection-992382522951/models/fraud_rf_model/stages/0_StringIndexer_292839b147cc/metadata/._SUCCESS.crc",
            "bucket": "fraud-detection-992382522951",
            "bucket_key_enabled": false,
            "cache_control": "",
            "checksum_algorithm": null,
            "checksum_crc32": "",
            "checksum_crc32c": "",
            "checksum_crc64nvme": "",
            "checksum_sha1": "",
            "checksum_sha256": "",
            "content": null,
            "content_base64": null,
            "content_disposition": "",
            "content_encoding": "",
            "content_language": "",
            "content_type": "application/octet-stream",
            "etag": "9dfecc15c928c9274ad273719aa7a3c0",
            "force_destroy": false,
            "id": "models/fraud_rf_model/stages/0_StringIndexer_292839b147cc/metadata/._SUCCESS.crc",
            "key": "models/fraud_rf_model/stages/0_StringIndexer_292839b147cc/metadata/._SUCCESS.crc",
            "kms_key_id": null,
            "metadata": {},
            "object_lock_legal_hold_status": "",
            "object_lock_mode": "",
            "object_lock_retain_until_date": "",
            "override_provider": [],
            "server_side_encryption": "AES256",
            "source": "./../app/fraud_rf_model/stages/0_StringIndexer_292839b147cc/metadata/._SUCCESS.crc",
            "source_hash": null,
            "storage_class": "STANDARD",
            "tags": {},
            "tags_all": {},
            "version_id": "23EXGVabXkYyI1fjoYSEjrMTIglpaGRm",
            "website_redirect": ""
          },
          "sensitive_attributes": [],
          "identity_schema_version": 0,
          "private": "bnVsbA==",
          "dependencies": [
            "module.s3.aws_s3_bucket.main"
          ]
        },
        {
          "index_key": "stages/0_StringIndexer_292839b147cc/metadata/.part-00000.crc",
          "schema_version": 0,
          "attributes": {
            "acl": null,
            "arn": "arn:aws:s3:::fraud-detection-992382522951/models/fraud_rf_model/stages/0_StringIndexer_292839b147cc/metadata/.part-00000.crc",
            "bucket": "fraud-detection-992382522951",
            "bucket_key_enabled": false,
            "cache_control": "",
            "checksum_algorithm": null,
            "checksum_crc32": "",
            "checksum_crc32c": "",
            "checksum_crc64nvme": "",
            "checksum_sha1": "",
            "checksum_sha256": "",
            "content": null,
            "content_base64": null,
            "content_disposition": "",
            "content_encoding": "",
            "content_language": "",
            "content_type": "application/octet-stream",
            "etag": "922146cacad4a36a79a8b75dbd6ad8b2",
            "force_destroy": false,
            "id": "models/fraud_rf_model/stages/0_StringIndexer_292839b147cc/metadata/.part-00000.crc",
            "key": "models/fraud_rf_model/stages/0_StringIndexer_292839b147cc/metadata/.part-00000.crc",
            "kms_key_id": null,
            "metadata": {},
            "object_lock_legal_hold_status": "",
            "object_lock_mode": "",
            "object_lock_retain_until_date": "",
            "override_provider": [],
            "server_side_encryption": "AES256",
            "source": "./../app/fraud_rf_model/stages/0_StringIndexer_292839b147cc/metadata/.part-00000.crc",
            "source_hash": null,
            "storage_class": "STANDARD",
            "tags": {},
            "tags_all": {},
            "version_id": "pSL0rk3HiNPZi1UcaWh4UkcH4wwCs4NC",
            "website_redirect": ""
          },
          "sensitive_attributes": [],
          "identity_schema_version": 0,
          "private": "bnVsbA==",
          "dependencies": [
            "module.s3.aws_s3_bucket.main"
          ]
        },
        {
          "index_key": "stages/0_StringIndexer_292839b147cc/metadata/_SUCCESS",
          "schema_version": 0,
          "attributes": {
            "acl": null,
            "arn": "arn:aws:s3:::fraud-detection-992382522951/models/fraud_rf_model/stages/0_StringIndexer_292839b147cc/metadata/_SUCCESS",
            "bucket": "fraud-detection-992382522951",
            "bucket_key_enabled": false,
            "cache_control": "",
            "checksum_algorithm": null,
            "checksum_crc32": "",
            "checksum_crc32c": "",
            "checksum_crc64nvme": "",
            "checksum_sha1": "",
            "checksum_sha256": "",
            "content": null,
            "content_base64": null,
            "content_disposition": "",
            "content_encoding": "",
            "content_language": "",
            "content_type": "application/octet-stream",
            "etag": "d41d8cd98f00b204e9800998ecf8427e",
            "force_destroy": false,
            "id": "models/fraud_rf_model/stages/0_StringIndexer_292839b147cc/metadata/_SUCCESS",
            "key": "models/fraud_rf_model/stages/0_StringIndexer_292839b147cc/metadata/_SUCCESS",
            "kms_key_id": null,
            "metadata": {},
            "object_lock_legal_hold_status": "",
            "object_lock_mode": "",
            "object_lock_retain_until_date": "",
            "override_provider": [],
            "server_side_encryption": "AES256",
            "source": "./../app/fraud_rf_model/stages/0_StringIndexer_292839b147cc/metadata/_SUCCESS",
            "source_hash": null,
            "storage_class": "STANDARD",
            "tags": {},
            "tags_all": {},
            "version_id": "KvsjZYOmYTcuoY6YvSpRjVc7FwiAEJSc",
            "website_redirect": ""
          },
          "sensitive_attributes": [],
          "identity_schema_version": 0,
          "private": "bnVsbA==",
          "dependencies": [
            "module.s3.aws_s3_bucket.main"
          ]
        },
        {
          "index_key": "stages/0_StringIndexer_292839b147cc/metadata/part-00000",
          "schema_version": 0,
          "attributes": {
            "acl": null,
            "arn": "arn:aws:s3:::fraud-detection-992382522951/models/fraud_rf_model/stages/0_StringIndexer_292839b147cc/metadata/part-00000",
            "bucket": "fraud-detection-992382522951",
            "bucket_key_enabled": false,
            "cache_control": "",
            "checksum_algorithm": null,
            "checksum_crc32": "",
            "checksum_crc32c": "",
            "checksum_crc64nvme": "",
            "checksum_sha1": "",
            "checksum_sha256": "",
            "content": null,
            "content_base64": null,
            "content_disposition": "",
            "content_encoding": "",
            "content_language": "",
            "content_type": "application/octet-stream",
            "etag": "4d588e9232974e7e4d50f5b01c3f746b",
            "force_destroy": false,
            "id": "models/fraud_rf_model/stages/0_StringIndexer_292839b147cc/metadata/part-00000",
            "key": "models/fraud_rf_model/stages/0_StringIndexer_292839b147cc/metadata/part-00000",
            "kms_key_id": null,
            "metadata": {},
            "object_lock_legal_hold_status": "",
            "object_lock_mode": "",
            "object_lock_retain_until_date": "",
            "override_provider": [],
            "server_side_encryption": "AES256",
            "source": "./../app/fraud_rf_model/stages/0_StringIndexer_292839b147cc/metadata/part-00000",
            "source_hash": null,
            "storage_class": "STANDARD",
            "tags": {},
            "tags_all": {},
            "version_id": "S3rE.LnvqyQCXsz3z0jQhZzcvqpqa_1Y",
            "website_redirect": ""
          },
          "sensitive_attributes": [],
          "identity_schema_version": 0,
          "private": "bnVsbA==",
          "dependencies": [
            "module.s3.aws_s3_bucket.main"
          ]
        },
        {
          "index_key": "stages/1_VectorAssembler_d3d9ef3dfded/metadata/._SUCCESS.crc",
          "schema_version": 0,
          "attributes": {
            "acl": null,
            "arn": "arn:aws:s3:::fraud-detection-992382522951/models/fraud_rf_model/stages/1_VectorAssembler_d3d9ef3dfded/metadata/._SUCCESS.crc",
            "bucket": "fraud-detection-992382522951",
            "bucket_key_enabled": false,
            "cache_control": "",
            "checksum_algorithm": null,
            "checksum_crc32": "",
            "checksum_crc32c": "",
            "checksum_crc64nvme": "",
            "checksum_sha1": "",
            "checksum_sha256": "",
            "content": null,
            "content_base64": null,
            "content_disposition": "",
            "content_encoding": "",
            "content_language": "",
            "content_type": "application/octet-stream",
            "etag": "9dfecc15c928c9274ad273719aa7a3c0",
            "force_destroy": false,
            "id": "models/fraud_rf_model/stages/1_VectorAssembler_d3d9ef3dfded/metadata/._SUCCESS.crc",
            "key": "models/fraud_rf_model/stages/1_VectorAssembler_d3d9ef3dfded/metadata/._SUCCESS.crc",
            "kms_key_id": null,
            "metadata": {},
            "object_lock_legal_hold_status": "",
            "object_lock_mode": "",
            "object_lock_retain_until_date": "",
            "override_provider": [],
            "server_side_encryption": "AES256",
            "source": "./../app/fraud_rf_model/stages/1_VectorAssembler_d3d9ef3dfded/metadata/._SUCCESS.crc",
            "source_hash": null,
            "storage_class": "STANDARD",
            "tags": {},
            "tags_all": {},
            "version_id": "GzXV4upidl0GgYxUOlmQrYxGvMuVBRJt",
            "website_redirect": ""
          },
          "sensitive_attributes": [],
          "identity_schema_version": 0,
          "private": "bnVsbA==",
          "dependencies": [
            "module.s3.aws_s3_bucket.main"
          ]
        },
        {
          "index_key": "stages/1_VectorAssembler_d3d9ef3dfded/metadata/.part-00000.crc",
          "schema_version": 0,
          "attributes": {
            "acl": null,
            "arn": "arn:aws:s3:::fraud-detection-992382522951/models/fraud_rf_model/stages/1_VectorAssembler_d3d9ef3dfded/metadata/.part-00000.crc",
            "bucket": "fraud-detection-992382522951",
            "bucket_key_enabled": false,
            "cache_control": "",
            "checksum_algorithm": null,
            "checksum_crc32": "",
            "checksum_crc32c": "",
            "checksum_crc64nvme": "",
            "checksum_sha1": "",
            "checksum_sha256": "",
            "content": null,
            "content_base64": null,
            "content_disposition": "",
            "content_encoding": "",
            "content_language": "",
            "content_type": "application/octet-stream",
            "etag": "2920990afb0c6f9e9df193d4158531e5",
            "force_destroy": false,
            "id": "models/fraud_rf_model/stages/1_VectorAssembler_d3d9ef3dfded/metadata/.part-00000.crc",
            "key": "models/fraud_rf_model/stages/1_VectorAssembler_d3d9ef3dfded/metadata/.part-00000.crc",
            "kms_key_id": null,
            "metadata": {},
            "object_lock_legal_hold_status": "",
            "object_lock_mode": "",
            "object_lock_retain_until_date": "",
            "override_provider": [],
            "server_side_encryption": "AES256",
            "source": "./../app/fraud_rf_model/stages/1_VectorAssembler_d3d9ef3dfded/metadata/.part-00000.crc",
            "source_hash": null,
            "storage_class": "STANDARD",
            "tags": {},
            "tags_all": {},
            "version_id": "tKrHl6nSzYNpcGj2KW8NAqVPqbrqDu_K",
            "website_redirect": ""
          },
          "sensitive_attributes": [],
          "identity_schema_version": 0,
          "private": "bnVsbA==",
          "dependencies": [
            "module.s3.aws_s3_bucket.main"
          ]
        },
        {
          "index_key": "stages/1_VectorAssembler_d3d9ef3dfded/metadata/_SUCCESS",
          "schema_version": 0,
          "attributes": {
            "acl": null,
            "arn": "arn:aws:s3:::fraud-detection-992382522951/models/fraud_rf_model/stages/1_VectorAssembler_d3d9ef3dfded/metadata/_SUCCESS",
            "bucket": "fraud-detection-992382522951",
            "bucket_key_enabled": false,
            "cache_control": "",
            "checksum_algorithm": null,
            "checksum_crc32": "",
            "checksum_crc32c": "",
            "checksum_crc64nvme": "",
            "checksum_sha1": "",
            "checksum_sha256": "",
            "content": null,
            "content_base64": null,
            "content_disposition": "",
            "content_encoding": "",
            "content_language": "",
            "content_type": "application/octet-stream",
            "etag": "d41d8cd98f00b204e9800998ecf8427e",
            "force_destroy": false,
            "id": "models/fraud_rf_model/stages/1_VectorAssembler_d3d9ef3dfded/metadata/_SUCCESS",
            "key": "models/fraud_rf_model/stages/1_VectorAssembler_d3d9ef3dfded/metadata/_SUCCESS",
            "kms_key_id": null,
            "metadata": {},
            "object_lock_legal_hold_status": "",
            "object_lock_mode": "",
            "object_lock_retain_until_date": "",
            "override_provider": [],
            "server_side_encryption": "AES256",
            "source": "./../app/fraud_rf_model/stages/1_VectorAssembler_d3d9ef3dfded/metadata/_SUCCESS",
            "source_hash": null,
            "storage_class": "STANDARD",
            "tags": {},
            "tags_all": {},
            "version_id": "Qk13BNRDuJMK3IA5Tbz_EpJRljklYCWL",
            "website_redirect": ""
          },
          "sensitive_attributes": [],
          "identity_schema_version": 0,
          "private": "bnVsbA==",
          "dependencies": [
            "module.s3.aws_s3_bucket.main"
          ]
        },
        {
          "index_key": "stages/1_VectorAssembler_d3d9ef3dfded/metadata/part-00000",
          "schema_version": 0,
          "attributes": {
            "acl": null,
            "arn": "arn:aws:s3:::fraud-detection-992382522951/models/fraud_rf_model/stages/1_VectorAssembler_d3d9ef3dfded/metadata/part-00000",
            "bucket": "fraud-detection-992382522951",
            "bucket_key_enabled": false,
            "cache_control": "",
            "checksum_algorithm": null,
            "checksum_crc32": "",
            "checksum_crc32c": "",
            "checksum_crc64nvme": "",
            "checksum_sha1": "",
            "checksum_sha256": "",
            "content": null,
            "content_base64": null,
            "content_disposition": "",
            "content_encoding": "",
            "content_language": "",
            "content_type": "application/octet-stream",
            "etag": "a1f313456200c027bc8b21834191d6d4",
            "force_destroy": false,
            "id": "models/fraud_rf_model/stages/1_VectorAssembler_d3d9ef3dfded/metadata/part-00000",
            "key": "models/fraud_rf_model/stages/1_VectorAssembler_d3d9ef3dfded/metadata/part-00000",
            "kms_key_id": null,
            "metadata": {},
            "object_lock_legal_hold_status": "",
            "object_lock_mode": "",
            "object_lock_retain_until_date": "",
            "override_provider": [],
            "server_side_encryption": "AES256",
            "source": "./../app/fraud_rf_model/stages/1_VectorAssembler_d3d9ef3dfded/metadata/part-00000",
            "source_hash": null,
            "storage_class": "STANDARD",
            "tags": {},
            "tags_all": {},
            "version_id": "Gk08t..ONUasm.TsLYaJ54pbuplU0X8L",
            "website_redirect": ""
          },
          "sensitive_attributes": [],
          "identity_schema_version": 0,
          "private": "bnVsbA==",
          "dependencies": [
            "module.s3.aws_s3_bucket.main"
          ]
        },
        {
          "index_key": "stages/2_RandomForestClassifier_b33bdcc3dc24/data/._SUCCESS.crc",
          "schema_version": 0,
          "attributes": {
            "acl": null,
            "arn": "arn:aws:s3:::fraud-detection-992382522951/models/fraud_rf_model/stages/2_RandomForestClassifier_b33bdcc3dc24/data/._SUCCESS.crc",
            "bucket": "fraud-detection-992382522951",
            "bucket_key_enabled": false,
            "cache_control": "",
            "checksum_algorithm": null,
            "checksum_crc32": "",
            "checksum_crc32c": "",
            "checksum_crc64nvme": "",
            "checksum_sha1": "",
            "checksum_sha256": "",
            "content": null,
            "content_base64": null,
            "content_disposition": "",
            "content_encoding": "",
            "content_language": "",
            "content_type": "application/octet-stream",
            "etag": "9dfecc15c928c9274ad273719aa7a3c0",
            "force_destroy": false,
            "id": "models/fraud_rf_model/stages/2_RandomForestClassifier_b33bdcc3dc24/data/._SUCCESS.crc",
            "key": "models/fraud_rf_model/stages/2_RandomForestClassifier_b33bdcc3dc24/data/._SUCCESS.crc",
            "kms_key_id": null,
            "metadata": {},
            "object_lock_legal_hold_status": "",
            "object_lock_mode": "",
            "object_lock_retain_until_date": "",
            "override_provider": [],
            "server_side_encryption": "AES256",
            "source": "./../app/fraud_rf_model/stages/2_RandomForestClassifier_b33bdcc3dc24/data/._SUCCESS.crc",
            "source_hash": null,
            "storage_class": "STANDARD",
            "tags": {},
            "tags_all": {},
            "version_id": "_O.rsQFHEtHAA4moZu3wmZN4eqbn8aUN",
            "website_redirect": ""
          },
          "sensitive_attributes": [],
          "identity_schema_version": 0,
          "private": "bnVsbA==",
          "dependencies": [
            "module.s3.aws_s3_bucket.main"
          ]
        },
        {
          "index_key": "stages/2_RandomForestClassifier_b33bdcc3dc24/data/.part-00000-4085e74e-fae1-46d4-a504-8af30e67f6c2-c000.snappy.parquet.crc",
          "schema_version": 0,
          "attributes": {
            "acl": null,
            "arn": "arn:aws:s3:::fraud-detection-992382522951/models/fraud_rf_model/stages/2_RandomForestClassifier_b33bdcc3dc24/data/.part-00000-4085e74e-fae1-46d4-a504-8af30e67f6c2-c000.snappy.parquet.crc",
            "bucket": "fraud-detection-992382522951",
            "bucket_key_enabled": false,
            "cache_control": "",
            "checksum_algorithm": null,
            "checksum_crc32": "",
            "checksum_crc32c": "",
            "checksum_crc64nvme": "",
            "checksum_sha1": "",
            "checksum_sha256": "",
            "content": null,
            "content_base64": null,
            "content_disposition": "",
            "content_encoding": "",
            "content_language": "",
            "content_type": "application/octet-stream",
            "etag": "94d0b3b9fd306611d79c5eac90f7fd29",
            "force_destroy": false,
            "id": "models/fraud_rf_model/stages/2_RandomForestClassifier_b33bdcc3dc24/data/.part-00000-4085e74e-fae1-46d4-a504-8af30e67f6c2-c000.snappy.parquet.crc",
            "key": "models/fraud_rf_model/stages/2_RandomForestClassifier_b33bdcc3dc24/data/.part-00000-4085e74e-fae1-46d4-a504-8af30e67f6c2-c000.snappy.parquet.crc",
            "kms_key_id": null,
            "metadata": {},
            "object_lock_legal_hold_status": "",
            "object_lock_mode": "",
            "object_lock_retain_until_date": "",
            "override_provider": [],
            "server_side_encryption": "AES256",
            "source": "./../app/fraud_rf_model/stages/2_RandomForestClassifier_b33bdcc3dc24/data/.part-00000-4085e74e-fae1-46d4-a504-8af30e67f6c2-c000.snappy.parquet.crc",
            "source_hash": null,
            "storage_class": "STANDARD",
            "tags": {},
            "tags_all": {},
            "version_id": "njpLLlh4pVC9TxEk3aFvvgUQSI66mgvd",
            "website_redirect": ""
          },
          "sensitive_attributes": [],
          "identity_schema_version": 0,
          "private": "bnVsbA==",
          "dependencies": [
            "module.s3.aws_s3_bucket.main"
          ]
        },
        {
          "index_key": "stages/2_RandomForestClassifier_b33bdcc3dc24/data/_SUCCESS",
          "schema_version": 0,
          "attributes": {
            "acl": null,
            "arn": "arn:aws:s3:::fraud-detection-992382522951/models/fraud_rf_model/stages/2_RandomForestClassifier_b33bdcc3dc24/data/_SUCCESS",
            "bucket": "fraud-detection-992382522951",
            "bucket_key_enabled": false,
            "cache_control": "",
            "checksum_algorithm": null,
            "checksum_crc32": "",
            "checksum_crc32c": "",
            "checksum_crc64nvme": "",
            "checksum_sha1": "",
            "checksum_sha256": "",
            "content": null,
            "content_base64": null,
            "content_disposition": "",
            "content_encoding": "",
            "content_language": "",
            "content_type": "application/octet-stream",
            "etag": "d41d8cd98f00b204e9800998ecf8427e",
            "force_destroy": false,
            "id": "models/fraud_rf_model/stages/2_RandomForestClassifier_b33bdcc3dc24/data/_SUCCESS",
            "key": "models/fraud_rf_model/stages/2_RandomForestClassifier_b33bdcc3dc24/data/_SUCCESS",
            "kms_key_id": null,
            "metadata": {},
            "object_lock_legal_hold_status": "",
            "object_lock_mode": "",
            "object_lock_retain_until_date": "",
            "override_provider": [],
            "server_side_encryption": "AES256",
            "source": "./../app/fraud_rf_model/stages/2_RandomForestClassifier_b33bdcc3dc24/data/_SUCCESS",
            "source_hash": null,
            "storage_class": "STANDARD",
            "tags": {},
            "tags_all": {},
            "version_id": ".BNEqtcXdL.nAB8MBQGSFSH..P6hr5Dn",
            "website_redirect": ""
          },
          "sensitive_attributes": [],
          "identity_schema_version": 0,
          "private": "bnVsbA==",
          "dependencies": [
            "module.s3.aws_s3_bucket.main"
          ]
        },
        {
          "index_key": "stages/2_RandomForestClassifier_b33bdcc3dc24/data/part-00000-4085e74e-fae1-46d4-a504-8af30e67f6c2-c000.snappy.parquet",
          "schema_version": 0,
          "attributes": {
            "acl": null,
            "arn": "arn:aws:s3:::fraud-detection-992382522951/models/fraud_rf_model/stages/2_RandomForestClassifier_b33bdcc3dc24/data/part-00000-4085e74e-fae1-46d4-a504-8af30e67f6c2-c000.snappy.parquet",
            "bucket": "fraud-detection-992382522951",
            "bucket_key_enabled": false,
            "cache_control": "",
            "checksum_algorithm": null,
            "checksum_crc32": "",
            "checksum_crc32c": "",
            "checksum_crc64nvme": "",
            "checksum_sha1": "",
            "checksum_sha256": "",
            "content": null,
            "content_base64": null,
            "content_disposition": "",
            "content_encoding": "",
            "content_language": "",
            "content_type": "application/octet-stream",
            "etag": "ed75952d5fd37ca2b42a206fe29baf85",
            "force_destroy": false,
            "id": "models/fraud_rf_model/stages/2_RandomForestClassifier_b33bdcc3dc24/data/part-00000-4085e74e-fae1-46d4-a504-8af30e67f6c2-c000.snappy.parquet",
            "key": "models/fraud_rf_model/stages/2_RandomForestClassifier_b33bdcc3dc24/data/part-00000-4085e74e-fae1-46d4-a504-8af30e67f6c2-c000.snappy.parquet",
            "kms_key_id": null,
            "metadata": {},
            "object_lock_legal_hold_status": "",
            "object_lock_mode": "",
            "object_lock_retain_until_date": "",
            "override_provider": [],
            "server_side_encryption": "AES256",
            "source": "./../app/fraud_rf_model/stages/2_RandomForestClassifier_b33bdcc3dc24/data/part-00000-4085e74e-fae1-46d4-a504-8af30e67f6c2-c000.snappy.parquet",
            "source_hash": null,
            "storage_class": "STANDARD",
            "tags": {},
            "tags_all": {},
            "version_id": "g0t6xy2sV5XvcIZ5yg1UUUSkBd6l7WpV",
            "website_redirect": ""
          },
          "sensitive_attributes": [],
          "identity_schema_version": 0,
          "private": "bnVsbA==",
          "dependencies": [
            "module.s3.aws_s3_bucket.main"
          ]
        },
        {
          "index_key": "stages/2_RandomForestClassifier_b33bdcc3dc24/metadata/._SUCCESS.crc",
          "schema_version": 0,
          "attributes": {
            "acl": null,
            "arn": "arn:aws:s3:::fraud-detection-992382522951/models/fraud_rf_model/stages/2_RandomForestClassifier_b33bdcc3dc24/metadata/._SUCCESS.crc",
            "bucket": "fraud-detection-992382522951",
            "bucket_key_enabled": false,
            "cache_control": "",
            "checksum_algorithm": null,
            "checksum_crc32": "",
            "checksum_crc32c": "",
            "checksum_crc64nvme": "",
            "checksum_sha1": "",
            "checksum_sha256": "",
            "content": null,
            "content_base64": null,
            "content_disposition": "",
            "content_encoding": "",
            "content_language": "",
            "content_type": "application/octet-stream",
            "etag": "9dfecc15c928c9274ad273719aa7a3c0",
            "force_destroy": false,
            "id": "models/fraud_rf_model/stages/2_RandomForestClassifier_b33bdcc3dc24/metadata/._SUCCESS.crc",
            "key": "models/fraud_rf_model/stages/2_RandomForestClassifier_b33bdcc3dc24/metadata/._SUCCESS.crc",
            "kms_key_id": null,
            "metadata": {},
            "object_lock_legal_hold_status": "",
            "object_lock_mode": "",
            "object_lock_retain_until_date": "",
            "override_provider": [],
            "server_side_encryption": "AES256",
            "source": "./../app/fraud_rf_model/stages/2_RandomForestClassifier_b33bdcc3dc24/metadata/._SUCCESS.crc",
            "source_hash": null,
            "storage_class": "STANDARD",
            "tags": {},
            "tags_all": {},
            "version_id": "vTNnHqFJntidS0VsJdsjC4ToMmYXqxYf",
            "website_redirect": ""
          },
          "sensitive_attributes": [],
          "identity_schema_version": 0,
          "private": "bnVsbA==",
          "dependencies": [
            "module.s3.aws_s3_bucket.main"
          ]
        },
        {
          "index_key": "stages/2_RandomForestClassifier_b33bdcc3dc24/metadata/.part-00000.crc",
          "schema_version": 0,
          "attributes": {
            "acl": null,
            "arn": "arn:aws:s3:::fraud-detection-992382522951/models/fraud_rf_model/stages/2_RandomForestClassifier_b33bdcc3dc24/metadata/.part-00000.crc",
            "bucket": "fraud-detection-992382522951",
            "bucket_key_enabled": false,
            "cache_control": "",
            "checksum_algorithm": null,
            "checksum_crc32": "",
            "checksum_crc32c": "",
            "checksum_crc64nvme": "",
            "checksum_sha1": "",
            "checksum_sha256": "",
            "content": null,
            "content_base64": null,
            "content_disposition": "",
            "content_encoding": "",
            "content_language": "",
            "content_type": "application/octet-stream",
            "etag": "485211c508db2ec13dd4ede90320be1f",
            "force_destroy": false,
            "id": "models/fraud_rf_model/stages/2_RandomForestClassifier_b33bdcc3dc24/metadata/.part-00000.crc",
            "key": "models/fraud_rf_model/stages/2_RandomForestClassifier_b33bdcc3dc24/metadata/.part-00000.crc",
            "kms_key_id": null,
            "metadata": {},
            "object_lock_legal_hold_status": "",
            "object_lock_mode": "",
            "object_lock_retain_until_date": "",
            "override_provider": [],
            "server_side_encryption": "AES256",
            "source": "./../app/fraud_rf_model/stages/2_RandomForestClassifier_b33bdcc3dc24/metadata/.part-00000.crc",
            "source_hash": null,
            "storage_class": "STANDARD",
            "tags": {},
            "tags_all": {},
            "version_id": "I_Oh4lJHCKw4OjDddhAXNPPn_kwSOk1X",
            "website_redirect": ""
          },
          "sensitive_attributes": [],
          "identity_schema_version": 0,
          "private": "bnVsbA==",
          "dependencies": [
            "module.s3.aws_s3_bucket.main"
          ]
        },
        {
          "index_key": "stages/2_RandomForestClassifier_b33bdcc3dc24/metadata/_SUCCESS",
          "schema_version": 0,
          "attributes": {
            "acl": null,
            "arn": "arn:aws:s3:::fraud-detection-992382522951/models/fraud_rf_model/stages/2_RandomForestClassifier_b33bdcc3dc24/metadata/_SUCCESS",
            "bucket": "fraud-detection-992382522951",
            "bucket_key_enabled": false,
            "cache_control": "",
            "checksum_algorithm": null,
            "checksum_crc32": "",
            "checksum_crc32c": "",
            "checksum_crc64nvme": "",
            "checksum_sha1": "",
            "checksum_sha256": "",
            "content": null,
            "content_base64": null,
            "content_disposition": "",
            "content_encoding": "",
            "content_language": "",
            "content_type": "application/octet-stream",
            "etag": "d41d8cd98f00b204e9800998ecf8427e",
            "force_destroy": false,
            "id": "models/fraud_rf_model/stages/2_RandomForestClassifier_b33bdcc3dc24/metadata/_SUCCESS",
            "key": "models/fraud_rf_model/stages/2_RandomForestClassifier_b33bdcc3dc24/metadata/_SUCCESS",
            "kms_key_id": null,
            "metadata": {},
            "object_lock_legal_hold_status": "",
            "object_lock_mode": "",
            "object_lock_retain_until_date": "",
            "override_provider": [],
            "server_side_encryption": "AES256",
            "source": "./../app/fraud_rf_model/stages/2_RandomForestClassifier_b33bdcc3dc24/metadata/_SUCCESS",
            "source_hash": null,
            "storage_class": "STANDARD",
            "tags": {},
            "tags_all": {},
            "version_id": "U2_A966CCdFftGff0frk1zOrWoq9ZZjI",
            "website_redirect": ""
          },
          "sensitive_attributes": [],
          "identity_schema_version": 0,
          "private": "bnVsbA==",
          "dependencies": [
            "module.s3.aws_s3_bucket.main"
          ]
        },
        {
          "index_key": "stages/2_RandomForestClassifier_b33bdcc3dc24/metadata/part-00000",
          "schema_version": 0,
          "attributes": {
            "acl": null,
            "arn": "arn:aws:s3:::fraud-detection-992382522951/models/fraud_rf_model/stages/2_RandomForestClassifier_b33bdcc3dc24/metadata/part-00000",
            "bucket": "fraud-detection-992382522951",
            "bucket_key_enabled": false,
            "cache_control": "",
            "checksum_algorithm": null,
            "checksum_crc32": "",
            "checksum_crc32c": "",
            "checksum_crc64nvme": "",
            "checksum_sha1": "",
            "checksum_sha256": "",
            "content": null,
            "content_base64": null,
            "content_disposition": "",
            "content_encoding": "",
            "content_language": "",
            "content_type": "application/octet-stream",
            "etag": "07594416294438b51b3c97a49a1c3c77",
            "force_destroy": false,
            "id": "models/fraud_rf_model/stages/2_RandomForestClassifier_b33bdcc3dc24/metadata/part-00000",
            "key": "models/fraud_rf_model/stages/2_RandomForestClassifier_b33bdcc3dc24/metadata/part-00000",
            "kms_key_id": null,
            "metadata": {},
            "object_lock_legal_hold_status": "",
            "object_lock_mode": "",
            "object_lock_retain_until_date": "",
            "override_provider": [],
            "server_side_encryption": "AES256",
            "source": "./../app/fraud_rf_model/stages/2_RandomForestClassifier_b33bdcc3dc24/metadata/part-00000",
            "source_hash": null,
            "storage_class": "STANDARD",
            "tags": {},
            "tags_all": {},
            "version_id": "lUN14mkhMwxH.FvSVvLkJvJlDGwEg1sa",
            "website_redirect": ""
          },
          "sensitive_attributes": [],
          "identity_schema_version": 0,
          "private": "bnVsbA==",
          "dependencies": [
            "module.s3.aws_s3_bucket.main"
          ]
        },
        {
          "index_key": "stages/2_RandomForestClassifier_b33bdcc3dc24/treesMetadata/._SUCCESS.crc",
          "schema_version": 0,
          "attributes": {
            "acl": null,
            "arn": "arn:aws:s3:::fraud-detection-992382522951/models/fraud_rf_model/stages/2_RandomForestClassifier_b33bdcc3dc24/treesMetadata/._SUCCESS.crc",
            "bucket": "fraud-detection-992382522951",
            "bucket_key_enabled": false,
            "cache_control": "",
            "checksum_algorithm": null,
            "checksum_crc32": "",
            "checksum_crc32c": "",
            "checksum_crc64nvme": "",
            "checksum_sha1": "",
            "checksum_sha256": "",
            "content": null,
            "content_base64": null,
            "content_disposition": "",
            "content_encoding": "",
            "content_language": "",
            "content_type": "application/octet-stream",
            "etag": "9dfecc15c928c9274ad273719aa7a3c0",
            "force_destroy": false,
            "id": "models/fraud_rf_model/stages/2_RandomForestClassifier_b33bdcc3dc24/treesMetadata/._SUCCESS.crc",
            "key": "models/fraud_rf_model/stages/2_RandomForestClassifier_b33bdcc3dc24/treesMetadata/._SUCCESS.crc",
            "kms_key_id": null,
            "metadata": {},
            "object_lock_legal_hold_status": "",
            "object_lock_mode": "",
            "object_lock_retain_until_date": "",
            "override_provider": [],
            "server_side_encryption": "AES256",
            "source": "./../app/fraud_rf_model/stages/2_RandomForestClassifier_b33bdcc3dc24/treesMetadata/._SUCCESS.crc",
            "source_hash": null,
            "storage_class": "STANDARD",
            "tags": {},
            "tags_all": {},
            "version_id": "nY0pXk3Oc_a0r0q.8R3PE.M0d6nYNoYz",
            "website_redirect": ""
          },
          "sensitive_attributes": [],
          "identity_schema_version": 0,
          "private": "bnVsbA==",
          "dependencies": [
            "module.s3.aws_s3_bucket.main"
          ]
        },
        {
          "index_key": "stages/2_RandomForestClassifier_b33bdcc3dc24/treesMetadata/.part-00000-0c937e8d-8f1d-4946-8e1c-4c87e07faa2c-c000.snappy.parquet.crc",
          "schema_version": 0,
          "attributes": {
            "acl": null,
            "arn": "arn:aws:s3:::fraud-detection-992382522951/models/fraud_rf_model/stages/2_RandomForestClassifier_b33bdcc3dc24/treesMetadata/.part-00000-0c937e8d-8f1d-4946-8e1c-4c87e07faa2c-c000.snappy.parquet.crc",
            "bucket": "fraud-detection-992382522951",
            "bucket_key_enabled": false,
            "cache_control": "",
            "checksum_algorithm": null,
            "checksum_crc32": "",
            "checksum_crc32c": "",
            "checksum_crc64nvme": "",
            "checksum_sha1": "",
            "checksum_sha256": "",
            "content": null,
            "content_base64": null,
            "content_disposition": "",
            "content_encoding": "",
            "content_language": "",
            "content_type": "application/octet-stream",
            "etag": "039d8771e425bc780ecb2d362b0e5366",
            "force_destroy": false,
            "id": "models/fraud_rf_model/stages/2_RandomForestClassifier_b33bdcc3dc24/treesMetadata/.part-00000-0c937e8d-8f1d-4946-8e1c-4c87e07faa2c-c000.snappy.parquet.crc",
            "key": "models/fraud_rf_model/stages/2_RandomForestClassifier_b33bdcc3dc24/treesMetadata/.part-00000-0c937e8d-8f1d-4946-8e1c-4c87e07faa2c-c000.snappy.parquet.crc",
            "kms_key_id": null,
            "metadata": {},
            "object_lock_legal_hold_status": "",
            "object_lock_mode": "",
            "object_lock_retain_until_date": "",
            "override_provider": [],
            "server_side_encryption": "AES256",
            "source": "./../app/fraud_rf_model/stages/2_RandomForestClassifier_b33bdcc3dc24/treesMetadata/.part-00000-0c937e8d-8f1d-4946-8e1c-4c87e07faa2c-c000.snappy.parquet.crc",
            "source_hash": null,
            "storage_class": "STANDARD",
            "tags": {},
            "tags_all": {},
            "version_id": "_.grmYNejZy1MWFs_PB7FE72r4kmVPKr",
            "website_redirect": ""
          },
          "sensitive_attributes": [],
          "identity_schema_version": 0,
          "private": "bnVsbA==",
          "dependencies": [
            "module.s3.aws_s3_bucket.main"
          ]
        },
        {
          "index_key": "stages/2_RandomForestClassifier_b33bdcc3dc24/treesMetadata/_SUCCESS",
          "schema_version": 0,
          "attributes": {
            "acl": null,
            "arn": "arn:aws:s3:::fraud-detection-992382522951/models/fraud_rf_model/stages/2_RandomForestClassifier_b33bdcc3dc24/treesMetadata/_SUCCESS",
            "bucket": "fraud-detection-992382522951",
            "bucket_key_enabled": false,
            "cache_control": "",
            "checksum_algorithm": null,
            "checksum_crc32": "",
            "checksum_crc32c": "",
            "checksum_crc64nvme": "",
            "checksum_sha1": "",
            "checksum_sha256": "",
            "content": null,
            "content_base64": null,
            "content_disposition": "",
            "content_encoding": "",
            "content_language": "",
            "content_type": "application/octet-stream",
            "etag": "d41d8cd98f00b204e9800998ecf8427e",
            "force_destroy": false,
            "id": "models/fraud_rf_model/stages/2_RandomForestClassifier_b33bdcc3dc24/treesMetadata/_SUCCESS",
            "key": "models/fraud_rf_model/stages/2_RandomForestClassifier_b33bdcc3dc24/treesMetadata/_SUCCESS",
            "kms_key_id": null,
            "metadata": {},
            "object_lock_legal_hold_status": "",
            "object_lock_mode": "",
            "object_lock_retain_until_date": "",
            "override_provider": [],
            "server_side_encryption": "AES256",
            "source": "./../app/fraud_rf_model/stages/2_RandomForestClassifier_b33bdcc3dc24/treesMetadata/_SUCCESS",
            "source_hash": null,
            "storage_class": "STANDARD",
            "tags": {},
            "tags_all": {},
            "version_id": "BgspzuMsX_VqPMD75ZH5yaw1vUylbWSI",
            "website_redirect": ""
          },
          "sensitive_attributes": [],
          "identity_schema_version": 0,
          "private": "bnVsbA==",
          "dependencies": [
            "module.s3.aws_s3_bucket.main"
          ]
        },
        {
          "index_key": "stages/2_RandomForestClassifier_b33bdcc3dc24/treesMetadata/part-00000-0c937e8d-8f1d-4946-8e1c-4c87e07faa2c-c000.snappy.parquet",
          "schema_version": 0,
          "attributes": {
            "acl": null,
            "arn": "arn:aws:s3:::fraud-detection-992382522951/models/fraud_rf_model/stages/2_RandomForestClassifier_b33bdcc3dc24/treesMetadata/part-00000-0c937e8d-8f1d-4946-8e1c-4c87e07faa2c-c000.snappy.parquet",
            "bucket": "fraud-detection-992382522951",
            "bucket_key_enabled": false,
            "cache_control": "",
            "checksum_algorithm": null,
            "checksum_crc32": "",
            "checksum_crc32c": "",
            "checksum_crc64nvme": "",
            "checksum_sha1": "",
            "checksum_sha256": "",
            "content": null,
            "content_base64": null,
            "content_disposition": "",
            "content_encoding": "",
            "content_language": "",
            "content_type": "application/octet-stream",
            "etag": "e907d750360e345b45806f1b33398dab",
            "force_destroy": false,
            "id": "models/fraud_rf_model/stages/2_RandomForestClassifier_b33bdcc3dc24/treesMetadata/part-00000-0c937e8d-8f1d-4946-8e1c-4c87e07faa2c-c000.snappy.parquet",
            "key": "models/fraud_rf_model/stages/2_RandomForestClassifier_b33bdcc3dc24/treesMetadata/part-00000-0c937e8d-8f1d-4946-8e1c-4c87e07faa2c-c000.snappy.parquet",
            "kms_key_id": null,
            "metadata": {},
            "object_lock_legal_hold_status": "",
            "object_lock_mode": "",
            "object_lock_retain_until_date": "",
            "override_provider": [],
            "server_side_encryption": "AES256",
            "source": "./../app/fraud_rf_model/stages/2_RandomForestClassifier_b33bdcc3dc24/treesMetadata/part-00000-0c937e8d-8f1d-4946-8e1c-4c87e07faa2c-c000.snappy.parquet",
            "source_hash": null,
            "storage_class": "STANDARD",
            "tags": {},
            "tags_all": {},
            "version_id": "2gOKwDxd3cqvEVFvHVoHxgkrDsR_2mYo",
            "website_redirect": ""
          },
          "sensitive_attributes": [],
          "identity_schema_version": 0,
          "private": "bnVsbA==",
          "dependencies": [
            "module.s3.aws_s3_bucket.main"
          ]
        }
      ]
    },
    {
      "module": "module.s3",
      "mode": "managed",
      "type": "aws_s3_object",
      "name": "generate_seed",
      "provider": "provider[\"registry.terraform.io/hashicorp/aws\"]",
      "instances": [
        {
          "schema_version": 0,
          "attributes": {
            "acl": null,
            "arn": "arn:aws:s3:::fraud-detection-992382522951/scripts/generate_seed.py",
            "bucket": "fraud-detection-992382522951",
            "bucket_key_enabled": false,
            "cache_control": "",
            "checksum_algorithm": null,
            "checksum_crc32": "",
            "checksum_crc32c": "",
            "checksum_crc64nvme": "",
            "checksum_sha1": "",
            "checksum_sha256": "",
            "content": null,
            "content_base64": null,
            "content_disposition": "",
            "content_encoding": "",
            "content_language": "",
            "content_type": "application/octet-stream",
            "etag": "6b213a4387eb28b2add457d4a07574d6",
            "force_destroy": false,
            "id": "scripts/generate_seed.py",
            "key": "scripts/generate_seed.py",
            "kms_key_id": null,
            "metadata": {},
            "object_lock_legal_hold_status": "",
            "object_lock_mode": "",
            "object_lock_retain_until_date": "",
            "override_provider": [],
            "server_side_encryption": "AES256",
            "source": "./../generate_seed.py",
            "source_hash": null,
            "storage_class": "STANDARD",
            "tags": {},
            "tags_all": {},
            "version_id": "33inzg4lywd4z9PI9kFJtALjgEUR8dPk",
            "website_redirect": ""
          },
          "sensitive_attributes": [],
          "identity_schema_version": 0,
          "private": "bnVsbA==",
          "dependencies": [
            "module.s3.aws_s3_bucket.main"
          ]
        }
      ]
    },
    {
      "module": "module.s3",
      "mode": "managed",
      "type": "aws_s3_object",
      "name": "retrain",
      "provider": "provider[\"registry.terraform.io/hashicorp/aws\"]",
      "instances": [
        {
          "schema_version": 0,
          "attributes": {
            "acl": null,
            "arn": "arn:aws:s3:::fraud-detection-992382522951/scripts/retrain.py",
            "bucket": "fraud-detection-992382522951",
            "bucket_key_enabled": false,
            "cache_control": "",
            "checksum_algorithm": null,
            "checksum_crc32": "",
            "checksum_crc32c": "",
            "checksum_crc64nvme": "",
            "checksum_sha1": "",
            "checksum_sha256": "",
            "content": null,
            "content_base64": null,
            "content_disposition": "",
            "content_encoding": "",
            "content_language": "",
            "content_type": "application/octet-stream",
            "etag": "5d71a3d3915dda8d41c963afac428683",
            "force_destroy": false,
            "id": "scripts/retrain.py",
            "key": "scripts/retrain.py",
            "kms_key_id": null,
            "metadata": {},
            "object_lock_legal_hold_status": "",
            "object_lock_mode": "",
            "object_lock_retain_until_date": "",
            "override_provider": [],
            "server_side_encryption": "AES256",
            "source": "./../app/retrain.py",
            "source_hash": null,
            "storage_class": "STANDARD",
            "tags": {},
            "tags_all": {},
            "version_id": "SJNTMq_mE8ayoxPWGOCYt2ppXUGj1z4n",
            "website_redirect": ""
          },
          "sensitive_attributes": [],
          "identity_schema_version": 0,
          "private": "bnVsbA==",
          "dependencies": [
            "module.s3.aws_s3_bucket.main"
          ]
        }
      ]
    },
    {
      "module": "module.s3",
      "mode": "managed",
      "type": "aws_s3_object",
      "name": "seed_data",
      "provider": "provider[\"registry.terraform.io/hashicorp/aws\"]",
      "instances": [
        {
          "schema_version": 0,
          "attributes": {
            "acl": null,
            "arn": "arn:aws:s3:::fraud-detection-992382522951/seed/seed_data.parquet",
            "bucket": "fraud-detection-992382522951",
            "bucket_key_enabled": false,
            "cache_control": "",
            "checksum_algorithm": null,
            "checksum_crc32": "",
            "checksum_crc32c": "",
            "checksum_crc64nvme": "",
            "checksum_sha1": "",
            "checksum_sha256": "",
            "content": null,
            "content_base64": null,
            "content_disposition": "",
            "content_encoding": "",
            "content_language": "",
            "content_type": "application/octet-stream",
            "etag": "94bf91836c5782fa1c84017ece72fbf1",
            "force_destroy": false,
            "id": "seed/seed_data.parquet",
            "key": "seed/seed_data.parquet",
            "kms_key_id": null,
            "metadata": {},
            "object_lock_legal_hold_status": "",
            "object_lock_mode": "",
            "object_lock_retain_until_date": "",
            "override_provider": [],
            "server_side_encryption": "AES256",
            "source": "./../app/seed_data.parquet",
            "source_hash": null,
            "storage_class": "STANDARD",
            "tags": {},
            "tags_all": {},
            "version_id": "KOd2TxIbmiIEnYyFh9tJ7DGvgqWY3Nmj",
            "website_redirect": ""
          },
          "sensitive_attributes": [],
          "identity_schema_version": 0,
          "private": "bnVsbA==",
          "dependencies": [
            "module.s3.aws_s3_bucket.main"
          ]
        }
      ]
    },
    {
      "module": "module.s3",
      "mode": "managed",
      "type": "aws_s3_object",
      "name": "spark_stream",
      "provider": "provider[\"registry.terraform.io/hashicorp/aws\"]",
      "instances": [
        {
          "schema_version": 0,
          "attributes": {
            "acl": null,
            "arn": "arn:aws:s3:::fraud-detection-992382522951/scripts/spark_stream.py",
            "bucket": "fraud-detection-992382522951",
            "bucket_key_enabled": false,
            "cache_control": "",
            "checksum_algorithm": null,
            "checksum_crc32": "",
            "checksum_crc32c": "",
            "checksum_crc64nvme": "",
            "checksum_sha1": "",
            "checksum_sha256": "",
            "content": null,
            "content_base64": null,
            "content_disposition": "",
            "content_encoding": "",
            "content_language": "",
            "content_type": "application/octet-stream",
            "etag": "e6be2127eeec5def491d89946909b852",
            "force_destroy": false,
            "id": "scripts/spark_stream.py",
            "key": "scripts/spark_stream.py",
            "kms_key_id": null,
            "metadata": {},
            "object_lock_legal_hold_status": "",
            "object_lock_mode": "",
            "object_lock_retain_until_date": "",
            "override_provider": [],
            "server_side_encryption": "AES256",
            "source": "./../app/streaming/spark_stream.py",
            "source_hash": null,
            "storage_class": "STANDARD",
            "tags": {},
            "tags_all": {},
            "version_id": "aUkCX3pWyeb9BJzJfReStIY_FlJwdVyS",
            "website_redirect": ""
          },
          "sensitive_attributes": [],
          "identity_schema_version": 0,
          "private": "bnVsbA==",
          "dependencies": [
            "module.s3.aws_s3_bucket.main"
          ]
        }
      ]
    }
  ],
  "check_results": null
}
