{
  "version": 4,
  "terraform_version": "1.15.5",
  "serial": 80,
  "lineage": "3a325c36-0dbb-ab01-7585-3e45e20ae36b",
  "outputs": {
    "bucket_name": {
      "value": "fraud-detection-992382522951",
      "type": "string"
    },
    "ec2_private_ip": {
      "value": "172.31.5.250",
      "type": "string"
    },
    "ec2_public_ip": {
      "value": "44.204.216.155",
      "type": "string"
    },
    "emr_cluster_id": {
      "value": "j-3JZANH7EP8RS6",
      "type": "string"
    },
    "emr_master_dns": {
      "value": "ec2-18-206-151-76.compute-1.amazonaws.com",
      "type": "string"
    }
  },
  "resources": [
    {
      "module": "module.ec2",
      "mode": "managed",
      "type": "aws_instance",
      "name": "main",
      "provider": "provider[\"registry.terraform.io/hashicorp/aws\"]",
      "instances": [
        {
          "schema_version": 1,
          "attributes": {
            "ami": "ami-02b9a589195146a8f",
            "arn": "arn:aws:ec2:us-east-1:992382522951:instance/i-0120dba58edba01bc",
            "associate_public_ip_address": true,
            "availability_zone": "us-east-1b",
            "capacity_reservation_specification": [
              {
                "capacity_reservation_preference": "open",
                "capacity_reservation_target": []
              }
            ],
            "cpu_core_count": 1,
            "cpu_options": [
              {
                "amd_sev_snp": "",
                "core_count": 1,
                "threads_per_core": 2
              }
            ],
            "cpu_threads_per_core": 2,
            "credit_specification": [
              {
                "cpu_credits": "unlimited"
              }
            ],
            "disable_api_stop": false,
            "disable_api_termination": false,
            "ebs_block_device": [],
            "ebs_optimized": false,
            "enable_primary_ipv6": null,
            "enclave_options": [
              {
                "enabled": false
              }
            ],
            "ephemeral_block_device": [],
            "get_password_data": false,
            "hibernation": false,
            "host_id": "",
            "host_resource_group_arn": null,
            "iam_instance_profile": "LabInstanceProfile",
            "id": "i-0120dba58edba01bc",
            "instance_initiated_shutdown_behavior": "stop",
            "instance_lifecycle": "",
            "instance_market_options": [],
            "instance_state": "running",
            "instance_type": "t3.medium",
            "ipv6_address_count": 0,
            "ipv6_addresses": [],
            "key_name": "vockey",
            "launch_template": [],
            "maintenance_options": [
              {
                "auto_recovery": "default"
              }
            ],
            "metadata_options": [
              {
                "http_endpoint": "enabled",
                "http_protocol_ipv6": "disabled",
                "http_put_response_hop_limit": 1,
                "http_tokens": "optional",
                "instance_metadata_tags": "disabled"
              }
            ],
            "monitoring": false,
            "network_interface": [],
            "outpost_arn": "",
            "password_data": "",
            "placement_group": "",
            "placement_partition_number": 0,
            "primary_network_interface_id": "eni-0841c4c5f38d97b5c",
            "private_dns": "ip-172-31-5-250.ec2.internal",
            "private_dns_name_options": [
              {
                "enable_resource_name_dns_a_record": false,
                "enable_resource_name_dns_aaaa_record": false,
                "hostname_type": "ip-name"
              }
            ],
            "private_ip": "172.31.5.250",
            "public_dns": "ec2-44-204-216-155.compute-1.amazonaws.com",
            "public_ip": "44.204.216.155",
            "root_block_device": [
              {
                "delete_on_termination": true,
                "device_name": "/dev/xvda",
                "encrypted": false,
                "iops": 100,
                "kms_key_id": "",
                "tags": {},
                "tags_all": {},
                "throughput": 0,
                "volume_id": "vol-09c25e3bf27ee2669",
                "volume_size": 8,
                "volume_type": "gp2"
              }
            ],
            "secondary_private_ips": [],
            "security_groups": [
              "fraud-ec2-sg"
            ],
            "source_dest_check": true,
            "spot_instance_request_id": "",
            "subnet_id": "subnet-096f5ba280a024007",
            "tags": {
              "Name": "fraud-detection-server",
              "Project": "fraud-detection"
            },
            "tags_all": {
              "Name": "fraud-detection-server",
              "Project": "fraud-detection"
            },
            "tenancy": "default",
            "timeouts": null,
            "user_data": "7ffafa5fe69c615a73cd51294960f14348438e69",
            "user_data_base64": null,
            "user_data_replace_on_change": false,
            "volume_tags": null,
            "vpc_security_group_ids": [
              "sg-0de7e4931f1a41615"
            ]
          },
          "sensitive_attributes": [],
          "identity_schema_version": 0,
          "private": "eyJlMmJmYjczMC1lY2FhLTExZTYtOGY4OC0zNDM2M2JjN2M0YzAiOnsiY3JlYXRlIjo2MDAwMDAwMDAwMDAsImRlbGV0ZSI6MTIwMDAwMDAwMDAwMCwicmVhZCI6OTAwMDAwMDAwMDAwLCJ1cGRhdGUiOjYwMDAwMDAwMDAwMH0sInNjaGVtYV92ZXJzaW9uIjoiMSJ9",
          "dependencies": [
            "module.ec2.aws_security_group.main",
            "module.s3.aws_s3_bucket.main",
            "module.s3.aws_s3_bucket_versioning.main",
            "module.s3.aws_s3_object.app_code",
            "module.s3.aws_s3_object.folders",
            "module.s3.aws_s3_object.fraud_model",
            "module.s3.aws_s3_object.generate_seed",
            "module.s3.aws_s3_object.retrain",
            "module.s3.aws_s3_object.seed_data",
            "module.s3.aws_s3_object.spark_stream"
          ]
        }
      ]
    },
    {
      "module": "module.ec2",
      "mode": "managed",
      "type": "aws_security_group",
      "name": "main",
      "provider": "provider[\"registry.terraform.io/hashicorp/aws\"]",
      "instances": [
        {
          "schema_version": 1,
          "attributes": {
            "arn": "arn:aws:ec2:us-east-1:992382522951:security-group/sg-0de7e4931f1a41615",
            "description": "Managed by Terraform",
            "egress": [
              {
                "cidr_blocks": [
                  "0.0.0.0/0"
                ],
                "description": "",
                "from_port": 0,
                "ipv6_cidr_blocks": [],
                "prefix_list_ids": [],
                "protocol": "-1",
                "security_groups": [],
                "self": false,
                "to_port": 0
              }
            ],
            "id": "sg-0de7e4931f1a41615",
            "ingress": [
              {
                "cidr_blocks": [
                  "0.0.0.0/0"
                ],
                "description": "FastAPI",
                "from_port": 8000,
                "ipv6_cidr_blocks": [],
                "prefix_list_ids": [],
                "protocol": "tcp",
                "security_groups": [],
                "self": false,
                "to_port": 8000
              },
              {
                "cidr_blocks": [
                  "0.0.0.0/0"
                ],
                "description": "Kafka",
                "from_port": 9092,
                "ipv6_cidr_blocks": [],
                "prefix_list_ids": [],
                "protocol": "tcp",
                "security_groups": [],
                "self": false,
                "to_port": 9092
              },
              {
                "cidr_blocks": [
                  "0.0.0.0/0"
                ],
                "description": "SSH",
                "from_port": 22,
                "ipv6_cidr_blocks": [],
                "prefix_list_ids": [],
                "protocol": "tcp",
                "security_groups": [],
                "self": false,
                "to_port": 22
              }
            ],
            "name": "fraud-ec2-sg",
            "name_prefix": "",
            "owner_id": "992382522951",
            "revoke_rules_on_delete": false,
            "tags": {},
            "tags_all": {},
            "timeouts": null,
            "vpc_id": "vpc-01d544afd1db35994"
          },
          "sensitive_attributes": [],
          "identity_schema_version": 0,
          "private": "eyJlMmJmYjczMC1lY2FhLTExZTYtOGY4OC0zNDM2M2JjN2M0YzAiOnsiY3JlYXRlIjo2MDAwMDAwMDAwMDAsImRlbGV0ZSI6OTAwMDAwMDAwMDAwfSwic2NoZW1hX3ZlcnNpb24iOiIxIn0=",
          "dependencies": [
            "module.s3.aws_s3_bucket.main",
            "module.s3.aws_s3_bucket_versioning.main",
            "module.s3.aws_s3_object.app_code",
            "module.s3.aws_s3_object.folders",
            "module.s3.aws_s3_object.fraud_model",
            "module.s3.aws_s3_object.generate_seed",
            "module.s3.aws_s3_object.retrain",
            "module.s3.aws_s3_object.seed_data",
            "module.s3.aws_s3_object.spark_stream"
          ]
        }
      ]
    },
    {
      "module": "module.emr",
      "mode": "managed",
      "type": "aws_emr_cluster",
      "name": "main",
      "provider": "provider[\"registry.terraform.io/hashicorp/aws\"]",
      "instances": [
        {
          "schema_version": 0,
          "attributes": {
            "additional_info": null,
            "applications": [
              "Spark"
            ],
            "arn": "arn:aws:elasticmapreduce:us-east-1:992382522951:cluster/j-3JZANH7EP8RS6",
            "auto_termination_policy": [],
            "autoscaling_role": "",
            "bootstrap_action": [],
            "cluster_state": "RUNNING",
            "configurations": null,
            "configurations_json": "[{\"Classification\":\"spark-env\",\"Configurations\":[{\"Classification\":\"export\",\"Properties\":{\"KAFKA_BOOTSTRAP_SERVERS\":\"172.31.5.250:9092\",\"S3_BUCKET\":\"fraud-detection-992382522951\"}}],\"Properties\":{}}]",
            "core_instance_fleet": null,
            "core_instance_group": [
              {
                "autoscaling_policy": "",
                "bid_price": "",
                "ebs_config": [
                  {
                    "iops": 0,
                    "size": 32,
                    "throughput": 0,
                    "type": "gp2",
                    "volumes_per_instance": 2
                  }
                ],
                "id": "ig-A7D4A3NSY8WC",
                "instance_count": 2,
                "instance_type": "m5.xlarge",
                "name": ""
              }
            ],
            "custom_ami_id": "",
            "ebs_root_volume_size": 0,
            "ec2_attributes": [
              {
                "additional_master_security_groups": "",
                "additional_slave_security_groups": "",
                "emr_managed_master_security_group": "sg-0a82515ecae78413e",
                "emr_managed_slave_security_group": "sg-0269f321e962cc9f3",
                "instance_profile": "EMR_EC2_DefaultRole",
                "key_name": "vockey",
                "service_access_security_group": "",
                "subnet_id": "subnet-096f5ba280a024007",
                "subnet_ids": [
                  "subnet-096f5ba280a024007"
                ]
              }
            ],
            "id": "j-3JZANH7EP8RS6",
            "keep_job_flow_alive_when_no_steps": true,
            "kerberos_attributes": [],
            "list_steps_states": null,
            "log_encryption_kms_key_id": "",
            "log_uri": "s3n://fraud-detection-992382522951/logs/emr/",
            "master_instance_fleet": null,
            "master_instance_group": [
              {
                "bid_price": "",
                "ebs_config": [
                  {
                    "iops": 0,
                    "size": 32,
                    "throughput": 0,
                    "type": "gp2",
                    "volumes_per_instance": 2
                  }
                ],
                "id": "ig-2NIQV65K08D5K",
                "instance_count": 1,
                "instance_type": "m5.xlarge",
                "name": ""
              }
            ],
            "master_public_dns": "ec2-18-206-151-76.compute-1.amazonaws.com",
            "name": "fraud-detection-spark",
            "placement_group_config": null,
            "release_label": "emr-6.15.0",
            "scale_down_behavior": "TERMINATE_AT_TASK_COMPLETION",
            "security_configuration": "",
            "service_role": "EMR_DefaultRole",
            "step": [
              {
                "action_on_failure": "CONTINUE",
                "hadoop_jar_step": [
                  {
                    "args": [
                      "bash",
                      "-c",
                      "pip3 install 'scikit-learn==1.3.2' 'numpy\u003c2.0' pandas pyarrow \u0026\u0026 spark-submit --deploy-mode cluster --master yarn --conf spark.yarn.submit.waitAppCompletion=false --packages org.apache.spark:spark-sql-kafka-0-10_2.12:3.4.1 s3://fraud-detection-992382522951/scripts/spark_stream.py"
                    ],
                    "jar": "command-runner.jar",
                    "main_class": "",
                    "properties": null
                  }
                ],
                "name": "install-deps-and-stream"
              }
            ],
            "step_concurrency_level": 1,
            "tags": {
              "Project": "fraud-detection"
            },
            "tags_all": {
              "Project": "fraud-detection"
            },
            "termination_protection": false,
            "unhealthy_node_replacement": false,
            "visible_to_all_users": true
          },
          "sensitive_attributes": [],
          "identity_schema_version": 0,
          "private": "bnVsbA==",
          "dependencies": [
            "module.ec2.aws_instance.main",
            "module.ec2.aws_security_group.main",
            "module.s3.aws_s3_bucket.main",
            "module.s3.aws_s3_bucket_versioning.main",
            "module.s3.aws_s3_object.app_code",
            "module.s3.aws_s3_object.folders",
            "module.s3.aws_s3_object.fraud_model",
            "module.s3.aws_s3_object.generate_seed",
            "module.s3.aws_s3_object.retrain",
            "module.s3.aws_s3_object.seed_data",
            "module.s3.aws_s3_object.spark_stream"
          ]
        }
      ]
    },
    {
      "module": "module.s3",
      "mode": "managed",
      "type": "aws_s3_bucket",
      "name": "main",
      "provider": "provider[\"registry.terraform.io/hashicorp/aws\"]",
      "instances": [
        {
          "schema_version": 0,
          "attributes": {
            "acceleration_status": "",
            "acl": null,
            "arn": "arn:aws:s3:::fraud-detection-992382522951",
            "bucket": "fraud-detection-992382522951",
            "bucket_domain_name": "fraud-detection-992382522951.s3.amazonaws.com",
            "bucket_prefix": "",
            "bucket_regional_domain_name": "fraud-detection-992382522951.s3.us-east-1.amazonaws.com",
            "cors_rule": [],
            "force_destroy": true,
            "grant": [
              {
                "id": "cc5cf1beb0183aa10d26efa9aadc5c65642b702e116ff6a3e56a87e42d0083a8",
                "permissions": [
                  "FULL_CONTROL"
                ],
                "type": "CanonicalUser",
                "uri": ""
              }
            ],
            "hosted_zone_id": "Z3AQBSTGFYJSTF",
            "id": "fraud-detection-992382522951",
            "lifecycle_rule": [],
            "logging": [],
            "object_lock_configuration": [],
            "object_lock_enabled": false,
            "policy": "",
            "region": "us-east-1",
            "replication_configuration": [],
            "request_payer": "BucketOwner",
            "server_side_encryption_configuration": [
              {
                "rule": [
                  {
                    "apply_server_side_encryption_by_default": [
                      {
                        "kms_master_key_id": "",
                        "sse_algorithm": "AES256"
                      }
                    ],
                    "bucket_key_enabled": false
                  }
                ]
              }
            ],
            "tags": {},
            "tags_all": {},
            "timeouts": null,
            "versioning": [
              {
                "enabled": true,
                "mfa_delete": false
              }
            ],
            "website": [],
            "website_domain": null,
            "website_endpoint": null
          },
          "sensitive_attributes": [],
          "identity_schema_version": 0,
          "private": "eyJlMmJmYjczMC1lY2FhLTExZTYtOGY4OC0zNDM2M2JjN2M0YzAiOnsiY3JlYXRlIjoxMjAwMDAwMDAwMDAwLCJkZWxldGUiOjM2MDAwMDAwMDAwMDAsInJlYWQiOjEyMDAwMDAwMDAwMDAsInVwZGF0ZSI6MTIwMDAwMDAwMDAwMH19"
        }
      ]
    },
    {
      "module": "module.s3",
      "mode": "managed",
      "type": "aws_s3_bucket_versioning",
      "name": "main",
      "provider": "provider[\"registry.terraform.io/hashicorp/aws\"]",
      "instances": [
        {
          "schema_version": 0,
          "attributes": {
            "bucket": "fraud-detection-992382522951",
            "expected_bucket_owner": "",
            "id": "fraud-detection-992382522951",
            "mfa": null,
            "versioning_configuration": [
              {
                "mfa_delete": "",
                "status": "Enabled"
              }
            ]
          },
          "sensitive_attributes": [],
          "identity_schema_version": 0,
          "private": "bnVsbA==",
          "dependencies": [
            "module.s3.aws_s3_bucket.main"
          ]
        }
      ]
    },
    {
      "module": "module.s3",
      "mode": "managed",
      "type": "aws_s3_object",
      "name": "app_code",
      "provider": "provider[\"registry.terraform.io/hashicorp/aws\"]",
      "instances": [
        {
          "index_key": "documents/models.py",
          "schema_version": 0,
          "attributes": {
            "acl": null,
            "arn": "arn:aws:s3:::fraud-detection-992382522951/app/documents/models.py",
            "bucket": "fraud-detection-992382522951",
            "bucket_key_enabled": false,
            "cache_control": "",
            "checksum_algorithm": null,
            "checksum_crc32": "",
            "checksum_crc32c": "",
            "checksum_crc64nvme": "",
            "checksum_sha1": "",
            "checksum_sha256": "",
            "content": null,
            "content_base64": null,
            "content_disposition": "",
            "content_encoding": "",
            "content_language": "",
            "content_type": "application/octet-stream",
            "etag": "ead6e1122b4de15d086451b346e5f323",
            "force_destroy": false,
            "id": "app/documents/models.py",
            "key": "app/documents/models.py",
            "kms_key_id": null,
            "metadata": {},
            "object_lock_legal_hold_status": "",
            "object_lock_mode": "",
            "object_lock_retain_until_date": "",
            "override_provider": [],
            "server_side_encryption": "AES256",
            "source": "./../app/documents/models.py",
            "source_hash": null,
            "storage_class": "STANDARD",
            "tags": {},
            "tags_all": {},
            "version_id": ".6QFFajUXeAqf07VE.QSuYuWgK7MNijZ",
            "website_redirect": ""
          },
          "sensitive_attributes": [],
          "identity_schema_version": 0,
          "private": "bnVsbA==",
          "dependencies": [
            "module.s3.aws_s3_bucket.main"
          ]
        },
        {
          "index_key": "documents/routers.py",
          "schema_version": 0,
          "attributes": {
            "acl": null,
            "arn": "arn:aws:s3:::fraud-detection-992382522951/app/documents/routers.py",
            "bucket": "fraud-detection-992382522951",
            "bucket_key_enabled": false,
            "cache_control": "",
            "checksum_algorithm": null,
            "checksum_crc32": "",
            "checksum_crc32c": "",
            "checksum_crc64nvme": "",
            "checksum_sha1": "",
            "checksum_sha256": "",
            "content": null,
            "content_base64": null,
            "content_disposition": "",
            "content_encoding": "",
            "content_language": "",
            "content_type": "text/x-python",
            "etag": "503bd8a507769cee4c04b3f048050895",
            "force_destroy": false,
            "id": "app/documents/routers.py",
            "key": "app/documents/routers.py",
            "kms_key_id": null,
            "metadata": {},
            "object_lock_legal_hold_status": "",
            "object_lock_mode": "",
            "object_lock_retain_until_date": "",
            "override_provider": [],
            "server_side_encryption": "AES256",
            "source": "./../app/documents/routers.py",
            "source_hash": null,
            "storage_class": "STANDARD",
            "tags": {},
            "tags_all": {},
            "version_id": "Srcyy7vTvYyc1zUVzni937xAqgvYsHAE",
            "website_redirect": ""
          },
          "sensitive_attributes": [],
          "identity_schema_version": 0,
          "private": "bnVsbA==",
          "dependencies": [
            "module.s3.aws_s3_bucket.main"
          ]
        },
        {
          "index_key": "documents/services.py",
          "schema_version": 0,
          "attributes": {
            "acl": null,
            "arn": "arn:aws:s3:::fraud-detection-992382522951/app/documents/services.py",
            "bucket": "fraud-detection-992382522951",
            "bucket_key_enabled": false,
            "cache_control": "",
            "checksum_algorithm": null,
            "checksum_crc32": "",
            "checksum_crc32c": "",
            "checksum_crc64nvme": "",
            "checksum_sha1": "",
            "checksum_sha256": "",
            "content": null,
            "content_base64": null,
            "content_disposition": "",
            "content_encoding": "",
            "content_language": "",
            "content_type": "application/octet-stream",
            "etag": "80cd739c67f38f763387d1d3aa80c1e1",
            "force_destroy": false,
            "id": "app/documents/services.py",
            "key": "app/documents/services.py",
            "kms_key_id": null,
            "metadata": {},
            "object_lock_legal_hold_status": "",
            "object_lock_mode": "",
            "object_lock_retain_until_date": "",
            "override_provider": [],
            "server_side_encryption": "AES256",
            "source": "./../app/documents/services.py",
            "source_hash": null,
            "storage_class": "STANDARD",
            "tags": {},
            "tags_all": {},
            "version_id": "zgSPTE3dXOoEplTVKEWgdM9ACPvf0Lef",
            "website_redirect": ""
          },
          "sensitive_attributes": [],
          "identity_schema_version": 0,
          "private": "bnVsbA==",
          "dependencies": [
            "module.s3.aws_s3_bucket.main"
          ]
        },
        {
          "index_key": "documents/transaction_loader.py",
          "schema_version": 0,
          "attributes": {
            "acl": null,
            "arn": "arn:aws:s3:::fraud-detection-992382522951/app/documents/transaction_loader.py",
            "bucket": "fraud-detection-992382522951",
            "bucket_key_enabled": false,
            "cache_control": "",
            "checksum_algorithm": null,
            "checksum_crc32": "",
            "checksum_crc32c": "",
            "checksum_crc64nvme": "",
            "checksum_sha1": "",
            "checksum_sha256": "",
            "content": null,
            "content_base64": null,
            "content_disposition": "",
            "content_encoding": "",
            "content_language": "",
            "content_type": "application/octet-stream",
            "etag": "d67fe1e6f8fea11154bfe058b6fcddb3",
            "force_destroy": false,
            "id": "app/documents/transaction_loader.py",
            "key": "app/documents/transaction_loader.py",
            "kms_key_id": null,
            "metadata": {},
            "object_lock_legal_hold_status": "",
            "object_lock_mode": "",
            "object_lock_retain_until_date": "",
            "override_provider": [],
            "server_side_encryption": "AES256",
            "source": "./../app/documents/transaction_loader.py",
            "source_hash": null,
            "storage_class": "STANDARD",
            "tags": {},
            "tags_all": {},
            "version_id": "WpTBge7LOhFqTCHbG0aNwbRZYUBEQzr0",
            "website_redirect": ""
          },
          "sensitive_attributes": [],
          "identity_schema_version": 0,
          "private": "bnVsbA==",
          "dependencies": [
            "module.s3.aws_s3_bucket.main"
          ]
        },
        {
          "index_key": "main.py",
          "schema_version": 0,
          "attributes": {
            "acl": null,
            "arn": "arn:aws:s3:::fraud-detection-992382522951/app/main.py",
            "bucket": "fraud-detection-992382522951",
            "bucket_key_enabled": false,
            "cache_control": "",
            "checksum_algorithm": null,
            "checksum_crc32": "",
            "checksum_crc32c": "",
            "checksum_crc64nvme": "",
            "checksum_sha1": "",
            "checksum_sha256": "",
            "content": null,
            "content_base64": null,
            "content_disposition": "",
            "content_encoding": "",
            "content_language": "",
            "content_type": "application/octet-stream",
            "etag": "cdc0cd862ac95303b8228864ba1f0397",
            "force_destroy": false,
            "id": "app/main.py",
            "key": "app/main.py",
            "kms_key_id": null,
            "metadata": {},
            "object_lock_legal_hold_status": "",
            "object_lock_mode": "",
            "object_lock_retain_until_date": "",
            "override_provider": [],
            "server_side_encryption": "AES256",
            "source": "./../app/main.py",
            "source_hash": null,
            "storage_class": "STANDARD",
            "tags": {},
            "tags_all": {},
            "version_id": "QtcCAd_TQDAayiq4JUmEfmOJcDgOGbFP",
            "website_redirect": ""
          },
          "sensitive_attributes": [],
          "identity_schema_version": 0,
          "private": "bnVsbA==",
          "dependencies": [
            "module.s3.aws_s3_bucket.main"
          ]
        },
        {
          "index_key": "retrain.py",
          "schema_version": 0,
          "attributes": {
            "acl": null,
            "arn": "arn:aws:s3:::fraud-detection-992382522951/app/retrain.py",
            "bucket": "fraud-detection-992382522951",
            "bucket_key_enabled": false,
            "cache_control": "",
            "checksum_algorithm": null,
            "checksum_crc32": "",
            "checksum_crc32c": "",
            "checksum_crc64nvme": "",
            "checksum_sha1": "",
            "checksum_sha256": "",
            "content": null,
            "content_base64": null,
            "content_disposition": "",
            "content_encoding": "",
            "content_language": "",
            "content_type": "application/octet-stream",
            "etag": "5d71a3d3915dda8d41c963afac428683",
            "force_destroy": false,
            "id": "app/retrain.py",
            "key": "app/retrain.py",
            "kms_key_id": null,
            "metadata": {},
            "object_lock_legal_hold_status": "",
            "object_lock_mode": "",
            "object_lock_retain_until_date": "",
            "override_provider": [],
            "server_side_encryption": "AES256",
            "source": "./../app/retrain.py",
            "source_hash": null,
            "storage_class": "STANDARD",
            "tags": {},
            "tags_all": {},
            "version_id": "M.oPLIn2qPGwJL1gsNIkH9L61QYKLWH1",
            "website_redirect": ""
          },
          "sensitive_attributes": [],
          "identity_schema_version": 0,
          "private": "bnVsbA==",
          "dependencies": [
            "module.s3.aws_s3_bucket.main"
          ]
        },
        {
          "index_key": "streaming/__init__.py",
          "schema_version": 0,
          "attributes": {
            "acl": null,
            "arn": "arn:aws:s3:::fraud-detection-992382522951/app/streaming/__init__.py",
            "bucket": "fraud-detection-992382522951",
            "bucket_key_enabled": false,
            "cache_control": "",
            "checksum_algorithm": null,
            "checksum_crc32": "",
            "checksum_crc32c": "",
            "checksum_crc64nvme": "",
            "checksum_sha1": "",
            "checksum_sha256": "",
            "content": null,
            "content_base64": null,
            "content_disposition": "",
            "content_encoding": "",
            "content_language": "",
            "content_type": "application/octet-stream",
            "etag": "d41d8cd98f00b204e9800998ecf8427e",
            "force_destroy": false,
            "id": "app/streaming/__init__.py",
            "key": "app/streaming/__init__.py",
            "kms_key_id": null,
            "metadata": {},
            "object_lock_legal_hold_status": "",
            "object_lock_mode": "",
            "object_lock_retain_until_date": "",
            "override_provider": [],
            "server_side_encryption": "AES256",
            "source": "./../app/streaming/__init__.py",
            "source_hash": null,
            "storage_class": "STANDARD",
            "tags": {},
            "tags_all": {},
            "version_id": "oNaSqoY_cYH1fAJpo53L88wW.mrHFo1b",
            "website_redirect": ""
          },
          "sensitive_attributes": [],
          "identity_schema_version": 0,
          "private": "bnVsbA==",
          "dependencies": [
            "module.s3.aws_s3_bucket.main"
          ]
        },
        {
          "index_key": "streaming/consumer.py",
          "schema_version": 0,
          "attributes": {
            "acl": null,
            "arn": "arn:aws:s3:::fraud-detection-992382522951/app/streaming/consumer.py",
            "bucket": "fraud-detection-992382522951",
            "bucket_key_enabled": false,
            "cache_control": "",
            "checksum_algorithm": null,
            "checksum_crc32": "",
            "checksum_crc32c": "",
            "checksum_crc64nvme": "",
            "checksum_sha1": "",
            "checksum_sha256": "",
            "content": null,
            "content_base64": null,
            "content_disposition": "",
            "content_encoding": "",
            "content_language": "",
            "content_type": "application/octet-stream",
            "etag": "5baa78545d6394ed80ef8ae5907181c6",
            "force_destroy": false,
            "id": "app/streaming/consumer.py",
            "key": "app/streaming/consumer.py",
            "kms_key_id": null,
            "metadata": {},
            "object_lock_legal_hold_status": "",
            "object_lock_mode": "",
            "object_lock_retain_until_date": "",
            "override_provider": [],
            "server_side_encryption": "AES256",
            "source": "./../app/streaming/consumer.py",
            "source_hash": null,
            "storage_class": "STANDARD",
            "tags": {},
            "tags_all": {},
            "version_id": "sEYodD0zuxTfVziE_RwFJt9myaRPtyJV",
            "website_redirect": ""
          },
          "sensitive_attributes": [],
          "identity_schema_version": 0,
          "private": "bnVsbA==",
          "dependencies": [
            "module.s3.aws_s3_bucket.main"
          ]
        },
        {
          "index_key": "streaming/producer.py",
          "schema_version": 0,
          "attributes": {
            "acl": null,
            "arn": "arn:aws:s3:::fraud-detection-992382522951/app/streaming/producer.py",
            "bucket": "fraud-detection-992382522951",
            "bucket_key_enabled": false,
            "cache_control": "",
            "checksum_algorithm": null,
            "checksum_crc32": "",
            "checksum_crc32c": "",
            "checksum_crc64nvme": "",
            "checksum_sha1": "",
            "checksum_sha256": "",
            "content": null,
            "content_base64": null,
            "content_disposition": "",
            "content_encoding": "",
            "content_language": "",
            "content_type": "application/octet-stream",
            "etag": "6ef46fd1ecb32e66354772d576b52340",
            "force_destroy": false,
            "id": "app/streaming/producer.py",
            "key": "app/streaming/producer.py",
            "kms_key_id": null,
            "metadata": {},
            "object_lock_legal_hold_status": "",
            "object_lock_mode": "",
            "object_lock_retain_until_date": "",
            "override_provider": [],
            "server_side_encryption": "AES256",
            "source": "./../app/streaming/producer.py",
            "source_hash": null,
            "storage_class": "STANDARD",
            "tags": {},
            "tags_all": {},
            "version_id": "H6JryAySk52bnelhZYq8A23Ax2yfytul",
            "website_redirect": ""
          },
          "sensitive_attributes": [],
          "identity_schema_version": 0,
          "private": "bnVsbA==",
          "dependencies": [
            "module.s3.aws_s3_bucket.main"
          ]
        },
        {
          "index_key": "streaming/routers.py",
          "schema_version": 0,
          "attributes": {
            "acl": null,
            "arn": "arn:aws:s3:::fraud-detection-992382522951/app/streaming/routers.py",
            "bucket": "fraud-detection-992382522951",
            "bucket_key_enabled": false,
            "cache_control": "",
            "checksum_algorithm": null,
            "checksum_crc32": "",
            "checksum_crc32c": "",
            "checksum_crc64nvme": "",
            "checksum_sha1": "",
            "checksum_sha256": "",
            "content": null,
            "content_base64": null,
            "content_disposition": "",
            "content_encoding": "",
            "content_language": "",
            "content_type": "application/octet-stream",
            "etag": "62f69667bcf4e605f649b149941b5c01",
            "force_destroy": false,
            "id": "app/streaming/routers.py",
            "key": "app/streaming/routers.py",
            "kms_key_id": null,
            "metadata": {},
            "object_lock_legal_hold_status": "",
            "object_lock_mode": "",
            "object_lock_retain_until_date": "",
            "override_provider": [],
            "server_side_encryption": "AES256",
            "source": "./../app/streaming/routers.py",
            "source_hash": null,
            "storage_class": "STANDARD",
            "tags": {},
            "tags_all": {},
            "version_id": "Zn8xhK_gL2gcywvye2JLX94BxXpfeHBM",
            "website_redirect": ""
          },
          "sensitive_attributes": [],
          "identity_schema_version": 0,
          "private": "bnVsbA==",
          "dependencies": [
            "module.s3.aws_s3_bucket.main"
          ]
        },
        {
          "index_key": "streaming/schemas.py",
          "schema_version": 0,
          "attributes": {
            "acl": null,
            "arn": "arn:aws:s3:::fraud-detection-992382522951/app/streaming/schemas.py",
            "bucket": "fraud-detection-992382522951",
            "bucket_key_enabled": false,
            "cache_control": "",
            "checksum_algorithm": null,
            "checksum_crc32": "",
            "checksum_crc32c": "",
            "checksum_crc64nvme": "",
            "checksum_sha1": "",
            "checksum_sha256": "",
            "content": null,
            "content_base64": null,
            "content_disposition": "",
            "content_encoding": "",
            "content_language": "",
            "content_type": "application/octet-stream",
            "etag": "a25d670c99817fb87d45ff67f8cf1d28",
            "force_destroy": false,
            "id": "app/streaming/schemas.py",
            "key": "app/streaming/schemas.py",
            "kms_key_id": null,
            "metadata": {},
            "object_lock_legal_hold_status": "",
            "object_lock_mode": "",
            "object_lock_retain_until_date": "",
            "override_provider": [],
            "server_side_encryption": "AES256",
            "source": "./../app/streaming/schemas.py",
            "source_hash": null,
            "storage_class": "STANDARD",
            "tags": {},
            "tags_all": {},
            "version_id": "zgal8q0Ntrds1gWGFmNd8uUjwF7TJ1SP",
            "website_redirect": ""
          },
          "sensitive_attributes": [],
          "identity_schema_version": 0,
          "private": "bnVsbA==",
          "dependencies": [
            "module.s3.aws_s3_bucket.main"
          ]
        },
        {
          "index_key": "streaming/spark_stream.py",
          "schema_version": 0,
          "attributes": {
            "acl": null,
            "arn": "arn:aws:s3:::fraud-detection-992382522951/app/streaming/spark_stream.py",
            "bucket": "fraud-detection-992382522951",
            "bucket_key_enabled": false,
            "cache_control": "",
            "checksum_algorithm": null,
            "checksum_crc32": "",
            "checksum_crc32c": "",
            "checksum_crc64nvme": "",
            "checksum_sha1": "",
            "checksum_sha256": "",
            "content": null,
            "content_base64": null,
            "content_disposition": "",
            "content_encoding": "",
            "content_language": "",
            "content_type": "application/octet-stream",
            "etag": "c25606fc97605d0aa764a29665ea120f",
            "force_destroy": false,
            "id": "app/streaming/spark_stream.py",
            "key": "app/streaming/spark_stream.py",
            "kms_key_id": null,
            "metadata": {},
            "object_lock_legal_hold_status": "",
            "object_lock_mode": "",
            "object_lock_retain_until_date": "",
            "override_provider": [],
            "server_side_encryption": "AES256",
            "source": "./../app/streaming/spark_stream.py",
            "source_hash": null,
            "storage_class": "STANDARD",
            "tags": {},
            "tags_all": {},
            "version_id": "rZs.bKs8tJG4Zn1Ogql9Bn26BFO5cuKR",
            "website_redirect": ""
          },
          "sensitive_attributes": [],
          "identity_schema_version": 0,
          "private": "bnVsbA==",
          "dependencies": [
            "module.s3.aws_s3_bucket.main"
          ]
        },
        {
          "index_key": "utils.py",
          "schema_version": 0,
          "attributes": {
            "acl": null,
            "arn": "arn:aws:s3:::fraud-detection-992382522951/app/utils.py",
            "bucket": "fraud-detection-992382522951",
            "bucket_key_enabled": false,
            "cache_control": "",
            "checksum_algorithm": null,
            "checksum_crc32": "",
            "checksum_crc32c": "",
            "checksum_crc64nvme": "",
            "checksum_sha1": "",
            "checksum_sha256": "",
            "content": null,
            "content_base64": null,
            "content_disposition": "",
            "content_encoding": "",
            "content_language": "",
            "content_type": "application/octet-stream",
            "etag": "d41d8cd98f00b204e9800998ecf8427e",
            "force_destroy": false,
            "id": "app/utils.py",
            "key": "app/utils.py",
            "kms_key_id": null,
            "metadata": {},
            "object_lock_legal_hold_status": "",
            "object_lock_mode": "",
            "object_lock_retain_until_date": "",
            "override_provider": [],
            "server_side_encryption": "AES256",
            "source": "./../app/utils.py",
            "source_hash": null,
            "storage_class": "STANDARD",
            "tags": {},
            "tags_all": {},
            "version_id": "oUgVBMxjLYH4AszS2_fsGNAidFWRbH1H",
            "website_redirect": ""
          },
          "sensitive_attributes": [],
          "identity_schema_version": 0,
          "private": "bnVsbA==",
          "dependencies": [
            "module.s3.aws_s3_bucket.main"
          ]
        }
      ]
    },
    {
      "module": "module.s3",
      "mode": "managed",
      "type": "aws_s3_object",
      "name": "folders",
      "provider": "provider[\"registry.terraform.io/hashicorp/aws\"]",
      "instances": [
        {
          "index_key": "checkpoints/",
          "schema_version": 0,
          "attributes": {
            "acl": null,
            "arn": "arn:aws:s3:::fraud-detection-992382522951/checkpoints/",
            "bucket": "fraud-detection-992382522951",
            "bucket_key_enabled": false,
            "cache_control": "",
            "checksum_algorithm": null,
            "checksum_crc32": "",
            "checksum_crc32c": "",
            "checksum_crc64nvme": "",
            "checksum_sha1": "",
            "checksum_sha256": "",
            "content": null,
            "content_base64": null,
            "content_disposition": "",
            "content_encoding": "",
            "content_language": "",
            "content_type": "application/octet-stream",
            "etag": "d41d8cd98f00b204e9800998ecf8427e",
            "force_destroy": false,
            "id": "checkpoints/",
            "key": "checkpoints/",
            "kms_key_id": null,
            "metadata": {},
            "object_lock_legal_hold_status": "",
            "object_lock_mode": "",
            "object_lock_retain_until_date": "",
            "override_provider": [],
            "server_side_encryption": "AES256",
            "source": null,
            "source_hash": null,
            "storage_class": "STANDARD",
            "tags": {},
            "tags_all": {},
            "version_id": "rJiRRjqj23pas5dFCVzEd_mM8dAITLSF",
            "website_redirect": ""
          },
          "sensitive_attributes": [],
          "identity_schema_version": 0,
          "private": "bnVsbA==",
          "dependencies": [
            "module.s3.aws_s3_bucket.main"
          ]
        },
        {
          "index_key": "logs/",
          "schema_version": 0,
          "attributes": {
            "acl": null,
            "arn": "arn:aws:s3:::fraud-detection-992382522951/logs/",
            "bucket": "fraud-detection-992382522951",
            "bucket_key_enabled": false,
            "cache_control": "",
            "checksum_algorithm": null,
            "checksum_crc32": "",
            "checksum_crc32c": "",
            "checksum_crc64nvme": "",
            "checksum_sha1": "",
            "checksum_sha256": "",
            "content": null,
            "content_base64": null,
            "content_disposition": "",
            "content_encoding": "",
            "content_language": "",
            "content_type": "application/octet-stream",
            "etag": "d41d8cd98f00b204e9800998ecf8427e",
            "force_destroy": false,
            "id": "logs/",
            "key": "logs/",
            "kms_key_id": null,
            "metadata": {},
            "object_lock_legal_hold_status": "",
            "object_lock_mode": "",
            "object_lock_retain_until_date": "",
            "override_provider": [],
            "server_side_encryption": "AES256",
            "source": null,
            "source_hash": null,
            "storage_class": "STANDARD",
            "tags": {},
            "tags_all": {},
            "version_id": "6vpC7jUl2Wrpwyh2WTx3YJzq1IvO.eCd",
            "website_redirect": ""
          },
          "sensitive_attributes": [],
          "identity_schema_version": 0,
          "private": "bnVsbA==",
          "dependencies": [
            "module.s3.aws_s3_bucket.main"
          ]
        },
        {
          "index_key": "models/",
          "schema_version": 0,
          "attributes": {
            "acl": null,
            "arn": "arn:aws:s3:::fraud-detection-992382522951/models/",
            "bucket": "fraud-detection-992382522951",
            "bucket_key_enabled": false,
            "cache_control": "",
            "checksum_algorithm": null,
            "checksum_crc32": "",
            "checksum_crc32c": "",
            "checksum_crc64nvme": "",
            "checksum_sha1": "",
            "checksum_sha256": "",
            "content": null,
            "content_base64": null,
            "content_disposition": "",
            "content_encoding": "",
            "content_language": "",
            "content_type": "application/octet-stream",
            "etag": "d41d8cd98f00b204e9800998ecf8427e",
            "force_destroy": false,
            "id": "models/",
            "key": "models/",
            "kms_key_id": null,
            "metadata": {},
            "object_lock_legal_hold_status": "",
            "object_lock_mode": "",
            "object_lock_retain_until_date": "",
            "override_provider": [],
            "server_side_encryption": "AES256",
            "source": null,
            "source_hash": null,
            "storage_class": "STANDARD",
            "tags": {},
            "tags_all": {},
            "version_id": "gnj96yUmlgWGB_Pz4bCCro_1PjmZeRaf",
            "website_redirect": ""
          },
          "sensitive_attributes": [],
          "identity_schema_version": 0,
          "private": "bnVsbA==",
          "dependencies": [
            "module.s3.aws_s3_bucket.main"
          ]
        },
        {
          "index_key": "scripts/",
          "schema_version": 0,
          "attributes": {
            "acl": null,
            "arn": "arn:aws:s3:::fraud-detection-992382522951/scripts/",
            "bucket": "fraud-detection-992382522951",
            "bucket_key_enabled": false,
            "cache_control": "",
            "checksum_algorithm": null,
            "checksum_crc32": "",
            "checksum_crc32c": "",
            "checksum_crc64nvme": "",
            "checksum_sha1": "",
            "checksum_sha256": "",
            "content": null,
            "content_base64": null,
            "content_disposition": "",
            "content_encoding": "",
            "content_language": "",
            "content_type": "application/octet-stream",
            "etag": "d41d8cd98f00b204e9800998ecf8427e",
            "force_destroy": false,
            "id": "scripts/",
            "key": "scripts/",
            "kms_key_id": null,
            "metadata": {},
            "object_lock_legal_hold_status": "",
            "object_lock_mode": "",
            "object_lock_retain_until_date": "",
            "override_provider": [],
            "server_side_encryption": "AES256",
            "source": null,
            "source_hash": null,
            "storage_class": "STANDARD",
            "tags": {},
            "tags_all": {},
            "version_id": "3ksSEoMg13zhdm0bTcMrw0gfaQM1I2zK",
            "website_redirect": ""
          },
          "sensitive_attributes": [],
          "identity_schema_version": 0,
          "private": "bnVsbA==",
          "dependencies": [
            "module.s3.aws_s3_bucket.main"
          ]
        },
        {
          "index_key": "seed/",
          "schema_version": 0,
          "attributes": {
            "acl": null,
            "arn": "arn:aws:s3:::fraud-detection-992382522951/seed/",
            "bucket": "fraud-detection-992382522951",
            "bucket_key_enabled": false,
            "cache_control": "",
            "checksum_algorithm": null,
            "checksum_crc32": "",
            "checksum_crc32c": "",
            "checksum_crc64nvme": "",
            "checksum_sha1": "",
            "checksum_sha256": "",
            "content": null,
            "content_base64": null,
            "content_disposition": "",
            "content_encoding": "",
            "content_language": "",
            "content_type": "application/octet-stream",
            "etag": "d41d8cd98f00b204e9800998ecf8427e",
            "force_destroy": false,
            "id": "seed/",
            "key": "seed/",
            "kms_key_id": null,
            "metadata": {},
            "object_lock_legal_hold_status": "",
            "object_lock_mode": "",
            "object_lock_retain_until_date": "",
            "override_provider": [],
            "server_side_encryption": "AES256",
            "source": null,
            "source_hash": null,
            "storage_class": "STANDARD",
            "tags": {},
            "tags_all": {},
            "version_id": "CWPGKBDDWsOqToagWAPGPowv2ocHTAat",
            "website_redirect": ""
          },
          "sensitive_attributes": [],
          "identity_schema_version": 0,
          "private": "bnVsbA==",
          "dependencies": [
            "module.s3.aws_s3_bucket.main"
          ]
        },
        {
          "index_key": "training-data/",
          "schema_version": 0,
          "attributes": {
            "acl": null,
            "arn": "arn:aws:s3:::fraud-detection-992382522951/training-data/",
            "bucket": "fraud-detection-992382522951",
            "bucket_key_enabled": false,
            "cache_control": "",
            "checksum_algorithm": null,
            "checksum_crc32": "",
            "checksum_crc32c": "",
            "checksum_crc64nvme": "",
            "checksum_sha1": "",
            "checksum_sha256": "",
            "content": null,
            "content_base64": null,
            "content_disposition": "",
            "content_encoding": "",
            "content_language": "",
            "content_type": "application/octet-stream",
            "etag": "d41d8cd98f00b204e9800998ecf8427e",
            "force_destroy": false,
            "id": "training-data/",
            "key": "training-data/",
            "kms_key_id": null,
            "metadata": {},
            "object_lock_legal_hold_status": "",
            "object_lock_mode": "",
            "object_lock_retain_until_date": "",
            "override_provider": [],
            "server_side_encryption": "AES256",
            "source": null,
            "source_hash": null,
            "storage_class": "STANDARD",
            "tags": {},
            "tags_all": {},
            "version_id": "w4tFCNsABXrhsjftADUAxr7MTy.2avI1",
            "website_redirect": ""
          },
          "sensitive_attributes": [],
          "identity_schema_version": 0,
          "private": "bnVsbA==",
          "dependencies": [
            "module.s3.aws_s3_bucket.main"
          ]
        }
      ]
    },
    {
      "module": "module.s3",
      "mode": "managed",
      "type": "aws_s3_object",
      "name": "fraud_model",
      "provider": "provider[\"registry.terraform.io/hashicorp/aws\"]",
      "instances": [
        {
          "index_key": "metadata/._SUCCESS.crc",
          "schema_version": 0,
          "attributes": {
            "acl": null,
            "arn": "arn:aws:s3:::fraud-detection-992382522951/models/fraud_rf_model/metadata/._SUCCESS.crc",
            "bucket": "fraud-detection-992382522951",
            "bucket_key_enabled": false,
            "cache_control": "",
            "checksum_algorithm": null,
            "checksum_crc32": "",
            "checksum_crc32c": "",
            "checksum_crc64nvme": "",
            "checksum_sha1": "",
            "checksum_sha256": "",
            "content": null,
            "content_base64": null,
            "content_disposition": "",
            "content_encoding": "",
            "content_language": "",
            "content_type": "application/octet-stream",
            "etag": "9dfecc15c928c9274ad273719aa7a3c0",
            "force_destroy": false,
            "id": "models/fraud_rf_model/metadata/._SUCCESS.crc",
            "key": "models/fraud_rf_model/metadata/._SUCCESS.crc",
            "kms_key_id": null,
            "metadata": {},
            "object_lock_legal_hold_status": "",
            "object_lock_mode": "",
            "object_lock_retain_until_date": "",
            "override_provider": [],
            "server_side_encryption": "AES256",
            "source": "./../app/fraud_rf_model/metadata/._SUCCESS.crc",
            "source_hash": null,
            "storage_class": "STANDARD",
            "tags": {},
            "tags_all": {},
            "version_id": "fyqmSzYn8EN66FypguHVDOXScp5AsVa0",
            "website_redirect": ""
          },
          "sensitive_attributes": [],
          "identity_schema_version": 0,
          "private": "bnVsbA==",
          "dependencies": [
            "module.s3.aws_s3_bucket.main"
          ]
        },
        {
          "index_key": "metadata/.part-00000.crc",
          "schema_version": 0,
          "attributes": {
            "acl": null,
            "arn": "arn:aws:s3:::fraud-detection-992382522951/models/fraud_rf_model/metadata/.part-00000.crc",
            "bucket": "fraud-detection-992382522951",
            "bucket_key_enabled": false,
            "cache_control": "",
            "checksum_algorithm": null,
            "checksum_crc32": "",
            "checksum_crc32c": "",
            "checksum_crc64nvme": "",
            "checksum_sha1": "",
            "checksum_sha256": "",
            "content": null,
            "content_base64": null,
            "content_disposition": "",
            "content_encoding": "",
            "content_language": "",
            "content_type": "application/octet-stream",
            "etag": "175b35fb761142118ec51b42f85accc7",
            "force_destroy": false,
            "id": "models/fraud_rf_model/metadata/.part-00000.crc",
            "key": "models/fraud_rf_model/metadata/.part-00000.crc",
            "kms_key_id": null,
            "metadata": {},
            "object_lock_legal_hold_status": "",
            "object_lock_mode": "",
            "object_lock_retain_until_date": "",
            "override_provider": [],
            "server_side_encryption": "AES256",
            "source": "./../app/fraud_rf_model/metadata/.part-00000.crc",
            "source_hash": null,
            "storage_class": "STANDARD",
            "tags": {},
            "tags_all": {},
            "version_id": "jA8jxz1Vwdgvk0NuRfoBDM8frCsnK.LD",
            "website_redirect": ""
          },
          "sensitive_attributes": [],
          "identity_schema_version": 0,
          "private": "bnVsbA==",
          "dependencies": [
            "module.s3.aws_s3_bucket.main"
          ]
        },
        {
          "index_key": "metadata/_SUCCESS",
          "schema_version": 0,
          "attributes": {
            "acl": null,
            "arn": "arn:aws:s3:::fraud-detection-992382522951/models/fraud_rf_model/metadata/_SUCCESS",
            "bucket": "fraud-detection-992382522951",
            "bucket_key_enabled": false,
            "cache_control": "",
            "checksum_algorithm": null,
            "checksum_crc32": "",
            "checksum_crc32c": "",
            "checksum_crc64nvme": "",
            "checksum_sha1": "",
            "checksum_sha256": "",
            "content": null,
            "content_base64": null,
            "content_disposition": "",
            "content_encoding": "",
            "content_language": "",
            "content_type": "application/octet-stream",
            "etag": "d41d8cd98f00b204e9800998ecf8427e",
            "force_destroy": false,
            "id": "models/fraud_rf_model/metadata/_SUCCESS",
            "key": "models/fraud_rf_model/metadata/_SUCCESS",
            "kms_key_id": null,
            "metadata": {},
            "object_lock_legal_hold_status": "",
            "object_lock_mode": "",
            "object_lock_retain_until_date": "",
            "override_provider": [],
            "server_side_encryption": "AES256",
            "source": "./../app/fraud_rf_model/metadata/_SUCCESS",
            "source_hash": null,
            "storage_class": "STANDARD",
            "tags": {},
            "tags_all": {},
            "version_id": "h_lF8gg2RvA100qb2B5W2IXHJVOAPACo",
            "website_redirect": ""
          },
          "sensitive_attributes": [],
          "identity_schema_version": 0,
          "private": "bnVsbA==",
          "dependencies": [
            "module.s3.aws_s3_bucket.main"
          ]
        },
        {
          "index_key": "metadata/part-00000",
          "schema_version": 0,
          "attributes": {
            "acl": null,
            "arn": "arn:aws:s3:::fraud-detection-992382522951/models/fraud_rf_model/metadata/part-00000",
            "bucket": "fraud-detection-992382522951",
            "bucket_key_enabled": false,
            "cache_control": "",
            "checksum_algorithm": null,
            "checksum_crc32": "",
            "checksum_crc32c": "",
            "checksum_crc64nvme": "",
            "checksum_sha1": "",
            "checksum_sha256": "",
            "content": null,
            "content_base64": null,
            "content_disposition": "",
            "content_encoding": "",
            "content_language": "",
            "content_type": "application/octet-stream",
            "etag": "d0dffc95e2f16f0e9b5b409100b5d603",
            "force_destroy": false,
            "id": "models/fraud_rf_model/metadata/part-00000",
            "key": "models/fraud_rf_model/metadata/part-00000",
            "kms_key_id": null,
            "metadata": {},
            "object_lock_legal_hold_status": "",
            "object_lock_mode": "",
            "object_lock_retain_until_date": "",
            "override_provider": [],
            "server_side_encryption": "AES256",
            "source": "./../app/fraud_rf_model/metadata/part-00000",
            "source_hash": null,
            "storage_class": "STANDARD",
            "tags": {},
            "tags_all": {},
            "version_id": "22K32uwaBxO5PWNgq.Csb2R4WmgOcJX2",
            "website_redirect": ""
          },
          "sensitive_attributes": [],
          "identity_schema_version": 0,
          "private": "bnVsbA==",
          "dependencies": [
            "module.s3.aws_s3_bucket.main"
          ]
        },
        {
          "index_key": "stages/0_StringIndexer_292839b147cc/data/._SUCCESS.crc",
          "schema_version": 0,
          "attributes": {
            "acl": null,
            "arn": "arn:aws:s3:::fraud-detection-992382522951/models/fraud_rf_model/stages/0_StringIndexer_292839b147cc/data/._SUCCESS.crc",
            "bucket": "fraud-detection-992382522951",
            "bucket_key_enabled": false,
            "cache_control": "",
            "checksum_algorithm": null,
            "checksum_crc32": "",
            "checksum_crc32c": "",
            "checksum_crc64nvme": "",
            "checksum_sha1": "",
            "checksum_sha256": "",
            "content": null,
            "content_base64": null,
            "content_disposition": "",
            "content_encoding": "",
            "content_language": "",
            "content_type": "application/octet-stream",
            "etag": "9dfecc15c928c9274ad273719aa7a3c0",
            "force_destroy": false,
            "id": "models/fraud_rf_model/stages/0_StringIndexer_292839b147cc/data/._SUCCESS.crc",
            "key": "models/fraud_rf_model/stages/0_StringIndexer_292839b147cc/data/._SUCCESS.crc",
            "kms_key_id": null,
            "metadata": {},
            "object_lock_legal_hold_status": "",
            "object_lock_mode": "",
            "object_lock_retain_until_date": "",
            "override_provider": [],
            "server_side_encryption": "AES256",
            "source": "./../app/fraud_rf_model/stages/0_StringIndexer_292839b147cc/data/._SUCCESS.crc",
            "source_hash": null,
            "storage_class": "STANDARD",
            "tags": {},
            "tags_all": {},
            "version_id": "1woxWWCYe5bofZodCiED0zpYYnxIywok",
            "website_redirect": ""
          },
          "sensitive_attributes": [],
          "identity_schema_version": 0,
          "private": "bnVsbA==",
          "dependencies": [
            "module.s3.aws_s3_bucket.main"
          ]
        },
        {
          "index_key": "stages/0_StringIndexer_292839b147cc/data/.part-00000-e588ea30-6d2c-4e5f-ac1a-8f1b17f6f03f-c000.snappy.parquet.crc",
          "schema_version": 0,
          "attributes": {
            "acl": null,
            "arn": "arn:aws:s3:::fraud-detection-992382522951/models/fraud_rf_model/stages/0_StringIndexer_292839b147cc/data/.part-00000-e588ea30-6d2c-4e5f-ac1a-8f1b17f6f03f-c000.snappy.parquet.crc",
            "bucket": "fraud-detection-992382522951",
            "bucket_key_enabled": false,
            "cache_control": "",
            "checksum_algorithm": null,
            "checksum_crc32": "",
            "checksum_crc32c": "",
            "checksum_crc64nvme": "",
            "checksum_sha1": "",
            "checksum_sha256": "",
            "content": null,
            "content_base64": null,
            "content_disposition": "",
            "content_encoding": "",
            "content_language": "",
            "content_type": "application/octet-stream",
            "etag": "9441563962690d324286a2dc98d2cfe2",
            "force_destroy": false,
            "id": "models/fraud_rf_model/stages/0_StringIndexer_292839b147cc/data/.part-00000-e588ea30-6d2c-4e5f-ac1a-8f1b17f6f03f-c000.snappy.parquet.crc",
            "key": "models/fraud_rf_model/stages/0_StringIndexer_292839b147cc/data/.part-00000-e588ea30-6d2c-4e5f-ac1a-8f1b17f6f03f-c000.snappy.parquet.crc",
            "kms_key_id": null,
            "metadata": {},
            "object_lock_legal_hold_status": "",
            "object_lock_mode": "",
            "object_lock_retain_until_date": "",
            "override_provider": [],
            "server_side_encryption": "AES256",
            "source": "./../app/fraud_rf_model/stages/0_StringIndexer_292839b147cc/data/.part-00000-e588ea30-6d2c-4e5f-ac1a-8f1b17f6f03f-c000.snappy.parquet.crc",
            "source_hash": null,
            "storage_class": "STANDARD",
            "tags": {},
            "tags_all": {},
            "version_id": "9MdPvwij764iA6fxHugpzsG487YlPbAy",
            "website_redirect": ""
          },
          "sensitive_attributes": [],
          "identity_schema_version": 0,
          "private": "bnVsbA==",
          "dependencies": [
            "module.s3.aws_s3_bucket.main"
          ]
        },
        {
          "index_key": "stages/0_StringIndexer_292839b147cc/data/_SUCCESS",
          "schema_version": 0,
          "attributes": {
            "acl": null,
            "arn": "arn:aws:s3:::fraud-detection-992382522951/models/fraud_rf_model/stages/0_StringIndexer_292839b147cc/data/_SUCCESS",
            "bucket": "fraud-detection-992382522951",
            "bucket_key_enabled": false,
            "cache_control": "",
            "checksum_algorithm": null,
            "checksum_crc32": "",
            "checksum_crc32c": "",
            "checksum_crc64nvme": "",
            "checksum_sha1": "",
            "checksum_sha256": "",
            "content": null,
            "content_base64": null,
            "content_disposition": "",
            "content_encoding": "",
            "content_language": "",
            "content_type": "application/octet-stream",
            "etag": "d41d8cd98f00b204e9800998ecf8427e",
            "force_destroy": false,
            "id": "models/fraud_rf_model/stages/0_StringIndexer_292839b147cc/data/_SUCCESS",
            "key": "models/fraud_rf_model/stages/0_StringIndexer_292839b147cc/data/_SUCCESS",
            "kms_key_id": null,
            "metadata": {},
            "object_lock_legal_hold_status": "",
            "object_lock_mode": "",
            "object_lock_retain_until_date": "",
            "override_provider": [],
            "server_side_encryption": "AES256",
            "source": "./../app/fraud_rf_model/stages/0_StringIndexer_292839b147cc/data/_SUCCESS",
            "source_hash": null,
            "storage_class": "STANDARD",
            "tags": {},
            "tags_all": {},
            "version_id": "fm6DSCsiqW51YVkWpTbfR7prPEpMFMLx",
            "website_redirect": ""
          },
          "sensitive_attributes": [],
          "identity_schema_version": 0,
          "private": "bnVsbA==",
          "dependencies": [
            "module.s3.aws_s3_bucket.main"
          ]
        },
        {
          "index_key": "stages/0_StringIndexer_292839b147cc/data/part-00000-e588ea30-6d2c-4e5f-ac1a-8f1b17f6f03f-c000.snappy.parquet",
          "schema_version": 0,
          "attributes": {
            "acl": null,
            "arn": "arn:aws:s3:::fraud-detection-992382522951/models/fraud_rf_model/stages/0_StringIndexer_292839b147cc/data/part-00000-e588ea30-6d2c-4e5f-ac1a-8f1b17f6f03f-c000.snappy.parquet",
            "bucket": "fraud-detection-992382522951",
            "bucket_key_enabled": false,
            "cache_control": "",
            "checksum_algorithm": null,
            "checksum_crc32": "",
            "checksum_crc32c": "",
            "checksum_crc64nvme": "",
            "checksum_sha1": "",
            "checksum_sha256": "",
            "content": null,
            "content_base64": null,
            "content_disposition": "",
            "content_encoding": "",
            "content_language": "",
            "content_type": "application/octet-stream",
            "etag": "4149c5d5ffd3c69ff13ab94ed5c814e4",
            "force_destroy": false,
            "id": "models/fraud_rf_model/stages/0_StringIndexer_292839b147cc/data/part-00000-e588ea30-6d2c-4e5f-ac1a-8f1b17f6f03f-c000.snappy.parquet",
            "key": "models/fraud_rf_model/stages/0_StringIndexer_292839b147cc/data/part-00000-e588ea30-6d2c-4e5f-ac1a-8f1b17f6f03f-c000.snappy.parquet",
            "kms_key_id": null,
            "metadata": {},
            "object_lock_legal_hold_status": "",
            "object_lock_mode": "",
            "object_lock_retain_until_date": "",
            "override_provider": [],
            "server_side_encryption": "AES256",
            "source": "./../app/fraud_rf_model/stages/0_StringIndexer_292839b147cc/data/part-00000-e588ea30-6d2c-4e5f-ac1a-8f1b17f6f03f-c000.snappy.parquet",
            "source_hash": null,
            "storage_class": "STANDARD",
            "tags": {},
            "tags_all": {},
            "version_id": "fSvjJXPi7y.g67DV.qyoOTJ.gB1qOJBy",
            "website_redirect": ""
          },
          "sensitive_attributes": [],
          "identity_schema_version": 0,
          "private": "bnVsbA==",
          "dependencies": [
            "module.s3.aws_s3_bucket.main"
          ]
        },
        {
          "index_key": "stages/0_StringIndexer_292839b147cc/metadata/._SUCCESS.crc",
          "schema_version": 0,
          "attributes": {
            "acl": null,
            "arn": "arn:aws:s3:::fraud-detection-992382522951/models/fraud_rf_model/stages/0_StringIndexer_292839b147cc/metadata/._SUCCESS.crc",
            "bucket": "fraud-detection-992382522951",
            "bucket_key_enabled": false,
            "cache_control": "",
            "checksum_algorithm": null,
            "checksum_crc32": "",
            "checksum_crc32c": "",
            "checksum_crc64nvme": "",
            "checksum_sha1": "",
            "checksum_sha256": "",
            "content": null,
            "content_base64": null,
            "content_disposition": "",
            "content_encoding": "",
            "content_language": "",
            "content_type": "application/octet-stream",
            "etag": "9dfecc15c928c9274ad273719aa7a3c0",
            "force_destroy": false,
            "id": "models/fraud_rf_model/stages/0_StringIndexer_292839b147cc/metadata/._SUCCESS.crc",
            "key": "models/fraud_rf_model/stages/0_StringIndexer_292839b147cc/metadata/._SUCCESS.crc",
            "kms_key_id": null,
            "metadata": {},
            "object_lock_legal_hold_status": "",
            "object_lock_mode": "",
            "object_lock_retain_until_date": "",
            "override_provider": [],
            "server_side_encryption": "AES256",
            "source": "./../app/fraud_rf_model/stages/0_StringIndexer_292839b147cc/metadata/._SUCCESS.crc",
            "source_hash": null,
            "storage_class": "STANDARD",
            "tags": {},
            "tags_all": {},
            "version_id": "0bvqR2IJ06Zq5fPqs3ALUD_tSU3bDK8q",
            "website_redirect": ""
          },
          "sensitive_attributes": [],
          "identity_schema_version": 0,
          "private": "bnVsbA==",
          "dependencies": [
            "module.s3.aws_s3_bucket.main"
          ]
        },
        {
          "index_key": "stages/0_StringIndexer_292839b147cc/metadata/.part-00000.crc",
          "schema_version": 0,
          "attributes": {
            "acl": null,
            "arn": "arn:aws:s3:::fraud-detection-992382522951/models/fraud_rf_model/stages/0_StringIndexer_292839b147cc/metadata/.part-00000.crc",
            "bucket": "fraud-detection-992382522951",
            "bucket_key_enabled": false,
            "cache_control": "",
            "checksum_algorithm": null,
            "checksum_crc32": "",
            "checksum_crc32c": "",
            "checksum_crc64nvme": "",
            "checksum_sha1": "",
            "checksum_sha256": "",
            "content": null,
            "content_base64": null,
            "content_disposition": "",
            "content_encoding": "",
            "content_language": "",
            "content_type": "application/octet-stream",
            "etag": "922146cacad4a36a79a8b75dbd6ad8b2",
            "force_destroy": false,
            "id": "models/fraud_rf_model/stages/0_StringIndexer_292839b147cc/metadata/.part-00000.crc",
            "key": "models/fraud_rf_model/stages/0_StringIndexer_292839b147cc/metadata/.part-00000.crc",
            "kms_key_id": null,
            "metadata": {},
            "object_lock_legal_hold_status": "",
            "object_lock_mode": "",
            "object_lock_retain_until_date": "",
            "override_provider": [],
            "server_side_encryption": "AES256",
            "source": "./../app/fraud_rf_model/stages/0_StringIndexer_292839b147cc/metadata/.part-00000.crc",
            "source_hash": null,
            "storage_class": "STANDARD",
            "tags": {},
            "tags_all": {},
            "version_id": "72WEwc6Bng3No3sCMpz7MT35.pi8eoz3",
            "website_redirect": ""
          },
          "sensitive_attributes": [],
          "identity_schema_version": 0,
          "private": "bnVsbA==",
          "dependencies": [
            "module.s3.aws_s3_bucket.main"
          ]
        },
        {
          "index_key": "stages/0_StringIndexer_292839b147cc/metadata/_SUCCESS",
          "schema_version": 0,
          "attributes": {
            "acl": null,
            "arn": "arn:aws:s3:::fraud-detection-992382522951/models/fraud_rf_model/stages/0_StringIndexer_292839b147cc/metadata/_SUCCESS",
            "bucket": "fraud-detection-992382522951",
            "bucket_key_enabled": false,
            "cache_control": "",
            "checksum_algorithm": null,
            "checksum_crc32": "",
            "checksum_crc32c": "",
            "checksum_crc64nvme": "",
            "checksum_sha1": "",
            "checksum_sha256": "",
            "content": null,
            "content_base64": null,
            "content_disposition": "",
            "content_encoding": "",
            "content_language": "",
            "content_type": "application/octet-stream",
            "etag": "d41d8cd98f00b204e9800998ecf8427e",
            "force_destroy": false,
            "id": "models/fraud_rf_model/stages/0_StringIndexer_292839b147cc/metadata/_SUCCESS",
            "key": "models/fraud_rf_model/stages/0_StringIndexer_292839b147cc/metadata/_SUCCESS",
            "kms_key_id": null,
            "metadata": {},
            "object_lock_legal_hold_status": "",
            "object_lock_mode": "",
            "object_lock_retain_until_date": "",
            "override_provider": [],
            "server_side_encryption": "AES256",
            "source": "./../app/fraud_rf_model/stages/0_StringIndexer_292839b147cc/metadata/_SUCCESS",
            "source_hash": null,
            "storage_class": "STANDARD",
            "tags": {},
            "tags_all": {},
            "version_id": "sOawOeiPtpSiPmxBCW6rKEcGpaaWOFki",
            "website_redirect": ""
          },
          "sensitive_attributes": [],
          "identity_schema_version": 0,
          "private": "bnVsbA==",
          "dependencies": [
            "module.s3.aws_s3_bucket.main"
          ]
        },
        {
          "index_key": "stages/0_StringIndexer_292839b147cc/metadata/part-00000",
          "schema_version": 0,
          "attributes": {
            "acl": null,
            "arn": "arn:aws:s3:::fraud-detection-992382522951/models/fraud_rf_model/stages/0_StringIndexer_292839b147cc/metadata/part-00000",
            "bucket": "fraud-detection-992382522951",
            "bucket_key_enabled": false,
            "cache_control": "",
            "checksum_algorithm": null,
            "checksum_crc32": "",
            "checksum_crc32c": "",
            "checksum_crc64nvme": "",
            "checksum_sha1": "",
            "checksum_sha256": "",
            "content": null,
            "content_base64": null,
            "content_disposition": "",
            "content_encoding": "",
            "content_language": "",
            "content_type": "application/octet-stream",
            "etag": "4d588e9232974e7e4d50f5b01c3f746b",
            "force_destroy": false,
            "id": "models/fraud_rf_model/stages/0_StringIndexer_292839b147cc/metadata/part-00000",
            "key": "models/fraud_rf_model/stages/0_StringIndexer_292839b147cc/metadata/part-00000",
            "kms_key_id": null,
            "metadata": {},
            "object_lock_legal_hold_status": "",
            "object_lock_mode": "",
            "object_lock_retain_until_date": "",
            "override_provider": [],
            "server_side_encryption": "AES256",
            "source": "./../app/fraud_rf_model/stages/0_StringIndexer_292839b147cc/metadata/part-00000",
            "source_hash": null,
            "storage_class": "STANDARD",
            "tags": {},
            "tags_all": {},
            "version_id": "Lk7hhlrIEiIHU.ZPsaQFy3G11m9Lk3eN",
            "website_redirect": ""
          },
          "sensitive_attributes": [],
          "identity_schema_version": 0,
          "private": "bnVsbA==",
          "dependencies": [
            "module.s3.aws_s3_bucket.main"
          ]
        },
        {
          "index_key": "stages/1_VectorAssembler_d3d9ef3dfded/metadata/._SUCCESS.crc",
          "schema_version": 0,
          "attributes": {
            "acl": null,
            "arn": "arn:aws:s3:::fraud-detection-992382522951/models/fraud_rf_model/stages/1_VectorAssembler_d3d9ef3dfded/metadata/._SUCCESS.crc",
            "bucket": "fraud-detection-992382522951",
            "bucket_key_enabled": false,
            "cache_control": "",
            "checksum_algorithm": null,
            "checksum_crc32": "",
            "checksum_crc32c": "",
            "checksum_crc64nvme": "",
            "checksum_sha1": "",
            "checksum_sha256": "",
            "content": null,
            "content_base64": null,
            "content_disposition": "",
            "content_encoding": "",
            "content_language": "",
            "content_type": "application/octet-stream",
            "etag": "9dfecc15c928c9274ad273719aa7a3c0",
            "force_destroy": false,
            "id": "models/fraud_rf_model/stages/1_VectorAssembler_d3d9ef3dfded/metadata/._SUCCESS.crc",
            "key": "models/fraud_rf_model/stages/1_VectorAssembler_d3d9ef3dfded/metadata/._SUCCESS.crc",
            "kms_key_id": null,
            "metadata": {},
            "object_lock_legal_hold_status": "",
            "object_lock_mode": "",
            "object_lock_retain_until_date": "",
            "override_provider": [],
            "server_side_encryption": "AES256",
            "source": "./../app/fraud_rf_model/stages/1_VectorAssembler_d3d9ef3dfded/metadata/._SUCCESS.crc",
            "source_hash": null,
            "storage_class": "STANDARD",
            "tags": {},
            "tags_all": {},
            "version_id": "uUM0auFzOhYgbH9fysjYwLVjjTzupzAE",
            "website_redirect": ""
          },
          "sensitive_attributes": [],
          "identity_schema_version": 0,
          "private": "bnVsbA==",
          "dependencies": [
            "module.s3.aws_s3_bucket.main"
          ]
        },
        {
          "index_key": "stages/1_VectorAssembler_d3d9ef3dfded/metadata/.part-00000.crc",
          "schema_version": 0,
          "attributes": {
            "acl": null,
            "arn": "arn:aws:s3:::fraud-detection-992382522951/models/fraud_rf_model/stages/1_VectorAssembler_d3d9ef3dfded/metadata/.part-00000.crc",
            "bucket": "fraud-detection-992382522951",
            "bucket_key_enabled": false,
            "cache_control": "",
            "checksum_algorithm": null,
            "checksum_crc32": "",
            "checksum_crc32c": "",
            "checksum_crc64nvme": "",
            "checksum_sha1": "",
            "checksum_sha256": "",
            "content": null,
            "content_base64": null,
            "content_disposition": "",
            "content_encoding": "",
            "content_language": "",
            "content_type": "application/octet-stream",
            "etag": "2920990afb0c6f9e9df193d4158531e5",
            "force_destroy": false,
            "id": "models/fraud_rf_model/stages/1_VectorAssembler_d3d9ef3dfded/metadata/.part-00000.crc",
            "key": "models/fraud_rf_model/stages/1_VectorAssembler_d3d9ef3dfded/metadata/.part-00000.crc",
            "kms_key_id": null,
            "metadata": {},
            "object_lock_legal_hold_status": "",
            "object_lock_mode": "",
            "object_lock_retain_until_date": "",
            "override_provider": [],
            "server_side_encryption": "AES256",
            "source": "./../app/fraud_rf_model/stages/1_VectorAssembler_d3d9ef3dfded/metadata/.part-00000.crc",
            "source_hash": null,
            "storage_class": "STANDARD",
            "tags": {},
            "tags_all": {},
            "version_id": "lWPjJ4dVvEE7z7.mfkkf94D5deTQubpN",
            "website_redirect": ""
          },
          "sensitive_attributes": [],
          "identity_schema_version": 0,
          "private": "bnVsbA==",
          "dependencies": [
            "module.s3.aws_s3_bucket.main"
          ]
        },
        {
          "index_key": "stages/1_VectorAssembler_d3d9ef3dfded/metadata/_SUCCESS",
          "schema_version": 0,
          "attributes": {
            "acl": null,
            "arn": "arn:aws:s3:::fraud-detection-992382522951/models/fraud_rf_model/stages/1_VectorAssembler_d3d9ef3dfded/metadata/_SUCCESS",
            "bucket": "fraud-detection-992382522951",
            "bucket_key_enabled": false,
            "cache_control": "",
            "checksum_algorithm": null,
            "checksum_crc32": "",
            "checksum_crc32c": "",
            "checksum_crc64nvme": "",
            "checksum_sha1": "",
            "checksum_sha256": "",
            "content": null,
            "content_base64": null,
            "content_disposition": "",
            "content_encoding": "",
            "content_language": "",
            "content_type": "application/octet-stream",
            "etag": "d41d8cd98f00b204e9800998ecf8427e",
            "force_destroy": false,
            "id": "models/fraud_rf_model/stages/1_VectorAssembler_d3d9ef3dfded/metadata/_SUCCESS",
            "key": "models/fraud_rf_model/stages/1_VectorAssembler_d3d9ef3dfded/metadata/_SUCCESS",
            "kms_key_id": null,
            "metadata": {},
            "object_lock_legal_hold_status": "",
            "object_lock_mode": "",
            "object_lock_retain_until_date": "",
            "override_provider": [],
            "server_side_encryption": "AES256",
            "source": "./../app/fraud_rf_model/stages/1_VectorAssembler_d3d9ef3dfded/metadata/_SUCCESS",
            "source_hash": null,
            "storage_class": "STANDARD",
            "tags": {},
            "tags_all": {},
            "version_id": "eHPlX0p_rp5qQqEO6SmjslYYEWO3_9RK",
            "website_redirect": ""
          },
          "sensitive_attributes": [],
          "identity_schema_version": 0,
          "private": "bnVsbA==",
          "dependencies": [
            "module.s3.aws_s3_bucket.main"
          ]
        },
        {
          "index_key": "stages/1_VectorAssembler_d3d9ef3dfded/metadata/part-00000",
          "schema_version": 0,
          "attributes": {
            "acl": null,
            "arn": "arn:aws:s3:::fraud-detection-992382522951/models/fraud_rf_model/stages/1_VectorAssembler_d3d9ef3dfded/metadata/part-00000",
            "bucket": "fraud-detection-992382522951",
            "bucket_key_enabled": false,
            "cache_control": "",
            "checksum_algorithm": null,
            "checksum_crc32": "",
            "checksum_crc32c": "",
            "checksum_crc64nvme": "",
            "checksum_sha1": "",
            "checksum_sha256": "",
            "content": null,
            "content_base64": null,
            "content_disposition": "",
            "content_encoding": "",
            "content_language": "",
            "content_type": "application/octet-stream",
            "etag": "a1f313456200c027bc8b21834191d6d4",
            "force_destroy": false,
            "id": "models/fraud_rf_model/stages/1_VectorAssembler_d3d9ef3dfded/metadata/part-00000",
            "key": "models/fraud_rf_model/stages/1_VectorAssembler_d3d9ef3dfded/metadata/part-00000",
            "kms_key_id": null,
            "metadata": {},
            "object_lock_legal_hold_status": "",
            "object_lock_mode": "",
            "object_lock_retain_until_date": "",
            "override_provider": [],
            "server_side_encryption": "AES256",
            "source": "./../app/fraud_rf_model/stages/1_VectorAssembler_d3d9ef3dfded/metadata/part-00000",
            "source_hash": null,
            "storage_class": "STANDARD",
            "tags": {},
            "tags_all": {},
            "version_id": "ttIX.biyX.kaLGtl4qQ8N.2LAKizxm_S",
            "website_redirect": ""
          },
          "sensitive_attributes": [],
          "identity_schema_version": 0,
          "private": "bnVsbA==",
          "dependencies": [
            "module.s3.aws_s3_bucket.main"
          ]
        },
        {
          "index_key": "stages/2_RandomForestClassifier_b33bdcc3dc24/data/._SUCCESS.crc",
          "schema_version": 0,
          "attributes": {
            "acl": null,
            "arn": "arn:aws:s3:::fraud-detection-992382522951/models/fraud_rf_model/stages/2_RandomForestClassifier_b33bdcc3dc24/data/._SUCCESS.crc",
            "bucket": "fraud-detection-992382522951",
            "bucket_key_enabled": false,
            "cache_control": "",
            "checksum_algorithm": null,
            "checksum_crc32": "",
            "checksum_crc32c": "",
            "checksum_crc64nvme": "",
            "checksum_sha1": "",
            "checksum_sha256": "",
            "content": null,
            "content_base64": null,
            "content_disposition": "",
            "content_encoding": "",
            "content_language": "",
            "content_type": "application/octet-stream",
            "etag": "9dfecc15c928c9274ad273719aa7a3c0",
            "force_destroy": false,
            "id": "models/fraud_rf_model/stages/2_RandomForestClassifier_b33bdcc3dc24/data/._SUCCESS.crc",
            "key": "models/fraud_rf_model/stages/2_RandomForestClassifier_b33bdcc3dc24/data/._SUCCESS.crc",
            "kms_key_id": null,
            "metadata": {},
            "object_lock_legal_hold_status": "",
            "object_lock_mode": "",
            "object_lock_retain_until_date": "",
            "override_provider": [],
            "server_side_encryption": "AES256",
            "source": "./../app/fraud_rf_model/stages/2_RandomForestClassifier_b33bdcc3dc24/data/._SUCCESS.crc",
            "source_hash": null,
            "storage_class": "STANDARD",
            "tags": {},
            "tags_all": {},
            "version_id": "i8KtUI345K3pvrK85lNsijdwxKIXE9QV",
            "website_redirect": ""
          },
          "sensitive_attributes": [],
          "identity_schema_version": 0,
          "private": "bnVsbA==",
          "dependencies": [
            "module.s3.aws_s3_bucket.main"
          ]
        },
        {
          "index_key": "stages/2_RandomForestClassifier_b33bdcc3dc24/data/.part-00000-4085e74e-fae1-46d4-a504-8af30e67f6c2-c000.snappy.parquet.crc",
          "schema_version": 0,
          "attributes": {
            "acl": null,
            "arn": "arn:aws:s3:::fraud-detection-992382522951/models/fraud_rf_model/stages/2_RandomForestClassifier_b33bdcc3dc24/data/.part-00000-4085e74e-fae1-46d4-a504-8af30e67f6c2-c000.snappy.parquet.crc",
            "bucket": "fraud-detection-992382522951",
            "bucket_key_enabled": false,
            "cache_control": "",
            "checksum_algorithm": null,
            "checksum_crc32": "",
            "checksum_crc32c": "",
            "checksum_crc64nvme": "",
            "checksum_sha1": "",
            "checksum_sha256": "",
            "content": null,
            "content_base64": null,
            "content_disposition": "",
            "content_encoding": "",
            "content_language": "",
            "content_type": "application/octet-stream",
            "etag": "94d0b3b9fd306611d79c5eac90f7fd29",
            "force_destroy": false,
            "id": "models/fraud_rf_model/stages/2_RandomForestClassifier_b33bdcc3dc24/data/.part-00000-4085e74e-fae1-46d4-a504-8af30e67f6c2-c000.snappy.parquet.crc",
            "key": "models/fraud_rf_model/stages/2_RandomForestClassifier_b33bdcc3dc24/data/.part-00000-4085e74e-fae1-46d4-a504-8af30e67f6c2-c000.snappy.parquet.crc",
            "kms_key_id": null,
            "metadata": {},
            "object_lock_legal_hold_status": "",
            "object_lock_mode": "",
            "object_lock_retain_until_date": "",
            "override_provider": [],
            "server_side_encryption": "AES256",
            "source": "./../app/fraud_rf_model/stages/2_RandomForestClassifier_b33bdcc3dc24/data/.part-00000-4085e74e-fae1-46d4-a504-8af30e67f6c2-c000.snappy.parquet.crc",
            "source_hash": null,
            "storage_class": "STANDARD",
            "tags": {},
            "tags_all": {},
            "version_id": "nVJ.gBGty1lC7VAQBCu3YMzfOPt1D9Bf",
            "website_redirect": ""
          },
          "sensitive_attributes": [],
          "identity_schema_version": 0,
          "private": "bnVsbA==",
          "dependencies": [
            "module.s3.aws_s3_bucket.main"
          ]
        },
        {
          "index_key": "stages/2_RandomForestClassifier_b33bdcc3dc24/data/_SUCCESS",
          "schema_version": 0,
          "attributes": {
            "acl": null,
            "arn": "arn:aws:s3:::fraud-detection-992382522951/models/fraud_rf_model/stages/2_RandomForestClassifier_b33bdcc3dc24/data/_SUCCESS",
            "bucket": "fraud-detection-992382522951",
            "bucket_key_enabled": false,
            "cache_control": "",
            "checksum_algorithm": null,
            "checksum_crc32": "",
            "checksum_crc32c": "",
            "checksum_crc64nvme": "",
            "checksum_sha1": "",
            "checksum_sha256": "",
            "content": null,
            "content_base64": null,
            "content_disposition": "",
            "content_encoding": "",
            "content_language": "",
            "content_type": "application/octet-stream",
            "etag": "d41d8cd98f00b204e9800998ecf8427e",
            "force_destroy": false,
            "id": "models/fraud_rf_model/stages/2_RandomForestClassifier_b33bdcc3dc24/data/_SUCCESS",
            "key": "models/fraud_rf_model/stages/2_RandomForestClassifier_b33bdcc3dc24/data/_SUCCESS",
            "kms_key_id": null,
            "metadata": {},
            "object_lock_legal_hold_status": "",
            "object_lock_mode": "",
            "object_lock_retain_until_date": "",
            "override_provider": [],
            "server_side_encryption": "AES256",
            "source": "./../app/fraud_rf_model/stages/2_RandomForestClassifier_b33bdcc3dc24/data/_SUCCESS",
            "source_hash": null,
            "storage_class": "STANDARD",
            "tags": {},
            "tags_all": {},
            "version_id": "fXFpsC0kEzf9TsIuvdKoWRGDqGRPyUAU",
            "website_redirect": ""
          },
          "sensitive_attributes": [],
          "identity_schema_version": 0,
          "private": "bnVsbA==",
          "dependencies": [
            "module.s3.aws_s3_bucket.main"
          ]
        },
        {
          "index_key": "stages/2_RandomForestClassifier_b33bdcc3dc24/data/part-00000-4085e74e-fae1-46d4-a504-8af30e67f6c2-c000.snappy.parquet",
          "schema_version": 0,
          "attributes": {
            "acl": null,
            "arn": "arn:aws:s3:::fraud-detection-992382522951/models/fraud_rf_model/stages/2_RandomForestClassifier_b33bdcc3dc24/data/part-00000-4085e74e-fae1-46d4-a504-8af30e67f6c2-c000.snappy.parquet",
            "bucket": "fraud-detection-992382522951",
            "bucket_key_enabled": false,
            "cache_control": "",
            "checksum_algorithm": null,
            "checksum_crc32": "",
            "checksum_crc32c": "",
            "checksum_crc64nvme": "",
            "checksum_sha1": "",
            "checksum_sha256": "",
            "content": null,
            "content_base64": null,
            "content_disposition": "",
            "content_encoding": "",
            "content_language": "",
            "content_type": "application/octet-stream",
            "etag": "ed75952d5fd37ca2b42a206fe29baf85",
            "force_destroy": false,
            "id": "models/fraud_rf_model/stages/2_RandomForestClassifier_b33bdcc3dc24/data/part-00000-4085e74e-fae1-46d4-a504-8af30e67f6c2-c000.snappy.parquet",
            "key": "models/fraud_rf_model/stages/2_RandomForestClassifier_b33bdcc3dc24/data/part-00000-4085e74e-fae1-46d4-a504-8af30e67f6c2-c000.snappy.parquet",
            "kms_key_id": null,
            "metadata": {},
            "object_lock_legal_hold_status": "",
            "object_lock_mode": "",
            "object_lock_retain_until_date": "",
            "override_provider": [],
            "server_side_encryption": "AES256",
            "source": "./../app/fraud_rf_model/stages/2_RandomForestClassifier_b33bdcc3dc24/data/part-00000-4085e74e-fae1-46d4-a504-8af30e67f6c2-c000.snappy.parquet",
            "source_hash": null,
            "storage_class": "STANDARD",
            "tags": {},
            "tags_all": {},
            "version_id": "E.0Rlbq9sEmxSEjf3CCPcJLxN3EAwE90",
            "website_redirect": ""
          },
          "sensitive_attributes": [],
          "identity_schema_version": 0,
          "private": "bnVsbA==",
          "dependencies": [
            "module.s3.aws_s3_bucket.main"
          ]
        },
        {
          "index_key": "stages/2_RandomForestClassifier_b33bdcc3dc24/metadata/._SUCCESS.crc",
          "schema_version": 0,
          "attributes": {
            "acl": null,
            "arn": "arn:aws:s3:::fraud-detection-992382522951/models/fraud_rf_model/stages/2_RandomForestClassifier_b33bdcc3dc24/metadata/._SUCCESS.crc",
            "bucket": "fraud-detection-992382522951",
            "bucket_key_enabled": false,
            "cache_control": "",
            "checksum_algorithm": null,
            "checksum_crc32": "",
            "checksum_crc32c": "",
            "checksum_crc64nvme": "",
            "checksum_sha1": "",
            "checksum_sha256": "",
            "content": null,
            "content_base64": null,
            "content_disposition": "",
            "content_encoding": "",
            "content_language": "",
            "content_type": "application/octet-stream",
            "etag": "9dfecc15c928c9274ad273719aa7a3c0",
            "force_destroy": false,
            "id": "models/fraud_rf_model/stages/2_RandomForestClassifier_b33bdcc3dc24/metadata/._SUCCESS.crc",
            "key": "models/fraud_rf_model/stages/2_RandomForestClassifier_b33bdcc3dc24/metadata/._SUCCESS.crc",
            "kms_key_id": null,
            "metadata": {},
            "object_lock_legal_hold_status": "",
            "object_lock_mode": "",
            "object_lock_retain_until_date": "",
            "override_provider": [],
            "server_side_encryption": "AES256",
            "source": "./../app/fraud_rf_model/stages/2_RandomForestClassifier_b33bdcc3dc24/metadata/._SUCCESS.crc",
            "source_hash": null,
            "storage_class": "STANDARD",
            "tags": {},
            "tags_all": {},
            "version_id": "BeVTuElkIzdq4sv8mdJ_V8i1mo4JTrQr",
            "website_redirect": ""
          },
          "sensitive_attributes": [],
          "identity_schema_version": 0,
          "private": "bnVsbA==",
          "dependencies": [
            "module.s3.aws_s3_bucket.main"
          ]
        },
        {
          "index_key": "stages/2_RandomForestClassifier_b33bdcc3dc24/metadata/.part-00000.crc",
          "schema_version": 0,
          "attributes": {
            "acl": null,
            "arn": "arn:aws:s3:::fraud-detection-992382522951/models/fraud_rf_model/stages/2_RandomForestClassifier_b33bdcc3dc24/metadata/.part-00000.crc",
            "bucket": "fraud-detection-992382522951",
            "bucket_key_enabled": false,
            "cache_control": "",
            "checksum_algorithm": null,
            "checksum_crc32": "",
            "checksum_crc32c": "",
            "checksum_crc64nvme": "",
            "checksum_sha1": "",
            "checksum_sha256": "",
            "content": null,
            "content_base64": null,
            "content_disposition": "",
            "content_encoding": "",
            "content_language": "",
            "content_type": "application/octet-stream",
            "etag": "485211c508db2ec13dd4ede90320be1f",
            "force_destroy": false,
            "id": "models/fraud_rf_model/stages/2_RandomForestClassifier_b33bdcc3dc24/metadata/.part-00000.crc",
            "key": "models/fraud_rf_model/stages/2_RandomForestClassifier_b33bdcc3dc24/metadata/.part-00000.crc",
            "kms_key_id": null,
            "metadata": {},
            "object_lock_legal_hold_status": "",
            "object_lock_mode": "",
            "object_lock_retain_until_date": "",
            "override_provider": [],
            "server_side_encryption": "AES256",
            "source": "./../app/fraud_rf_model/stages/2_RandomForestClassifier_b33bdcc3dc24/metadata/.part-00000.crc",
            "source_hash": null,
            "storage_class": "STANDARD",
            "tags": {},
            "tags_all": {},
            "version_id": "5m_Umd.fiGKRxvChVCazBJfcGCeIaC7J",
            "website_redirect": ""
          },
          "sensitive_attributes": [],
          "identity_schema_version": 0,
          "private": "bnVsbA==",
          "dependencies": [
            "module.s3.aws_s3_bucket.main"
          ]
        },
        {
          "index_key": "stages/2_RandomForestClassifier_b33bdcc3dc24/metadata/_SUCCESS",
          "schema_version": 0,
          "attributes": {
            "acl": null,
            "arn": "arn:aws:s3:::fraud-detection-992382522951/models/fraud_rf_model/stages/2_RandomForestClassifier_b33bdcc3dc24/metadata/_SUCCESS",
            "bucket": "fraud-detection-992382522951",
            "bucket_key_enabled": false,
            "cache_control": "",
            "checksum_algorithm": null,
            "checksum_crc32": "",
            "checksum_crc32c": "",
            "checksum_crc64nvme": "",
            "checksum_sha1": "",
            "checksum_sha256": "",
            "content": null,
            "content_base64": null,
            "content_disposition": "",
            "content_encoding": "",
            "content_language": "",
            "content_type": "application/octet-stream",
            "etag": "d41d8cd98f00b204e9800998ecf8427e",
            "force_destroy": false,
            "id": "models/fraud_rf_model/stages/2_RandomForestClassifier_b33bdcc3dc24/metadata/_SUCCESS",
            "key": "models/fraud_rf_model/stages/2_RandomForestClassifier_b33bdcc3dc24/metadata/_SUCCESS",
            "kms_key_id": null,
            "metadata": {},
            "object_lock_legal_hold_status": "",
            "object_lock_mode": "",
            "object_lock_retain_until_date": "",
            "override_provider": [],
            "server_side_encryption": "AES256",
            "source": "./../app/fraud_rf_model/stages/2_RandomForestClassifier_b33bdcc3dc24/metadata/_SUCCESS",
            "source_hash": null,
            "storage_class": "STANDARD",
            "tags": {},
            "tags_all": {},
            "version_id": ".jQ3RcVBwiLJN7R9XkCEdjZCTsnIT.dy",
            "website_redirect": ""
          },
          "sensitive_attributes": [],
          "identity_schema_version": 0,
          "private": "bnVsbA==",
          "dependencies": [
            "module.s3.aws_s3_bucket.main"
          ]
        },
        {
          "index_key": "stages/2_RandomForestClassifier_b33bdcc3dc24/metadata/part-00000",
          "schema_version": 0,
          "attributes": {
            "acl": null,
            "arn": "arn:aws:s3:::fraud-detection-992382522951/models/fraud_rf_model/stages/2_RandomForestClassifier_b33bdcc3dc24/metadata/part-00000",
            "bucket": "fraud-detection-992382522951",
            "bucket_key_enabled": false,
            "cache_control": "",
            "checksum_algorithm": null,
            "checksum_crc32": "",
            "checksum_crc32c": "",
            "checksum_crc64nvme": "",
            "checksum_sha1": "",
            "checksum_sha256": "",
            "content": null,
            "content_base64": null,
            "content_disposition": "",
            "content_encoding": "",
            "content_language": "",
            "content_type": "application/octet-stream",
            "etag": "07594416294438b51b3c97a49a1c3c77",
            "force_destroy": false,
            "id": "models/fraud_rf_model/stages/2_RandomForestClassifier_b33bdcc3dc24/metadata/part-00000",
            "key": "models/fraud_rf_model/stages/2_RandomForestClassifier_b33bdcc3dc24/metadata/part-00000",
            "kms_key_id": null,
            "metadata": {},
            "object_lock_legal_hold_status": "",
            "object_lock_mode": "",
            "object_lock_retain_until_date": "",
            "override_provider": [],
            "server_side_encryption": "AES256",
            "source": "./../app/fraud_rf_model/stages/2_RandomForestClassifier_b33bdcc3dc24/metadata/part-00000",
            "source_hash": null,
            "storage_class": "STANDARD",
            "tags": {},
            "tags_all": {},
            "version_id": "6RPgttj_wpAzjxvE_cyZSKA_ytmHEATd",
            "website_redirect": ""
          },
          "sensitive_attributes": [],
          "identity_schema_version": 0,
          "private": "bnVsbA==",
          "dependencies": [
            "module.s3.aws_s3_bucket.main"
          ]
        },
        {
          "index_key": "stages/2_RandomForestClassifier_b33bdcc3dc24/treesMetadata/._SUCCESS.crc",
          "schema_version": 0,
          "attributes": {
            "acl": null,
            "arn": "arn:aws:s3:::fraud-detection-992382522951/models/fraud_rf_model/stages/2_RandomForestClassifier_b33bdcc3dc24/treesMetadata/._SUCCESS.crc",
            "bucket": "fraud-detection-992382522951",
            "bucket_key_enabled": false,
            "cache_control": "",
            "checksum_algorithm": null,
            "checksum_crc32": "",
            "checksum_crc32c": "",
            "checksum_crc64nvme": "",
            "checksum_sha1": "",
            "checksum_sha256": "",
            "content": null,
            "content_base64": null,
            "content_disposition": "",
            "content_encoding": "",
            "content_language": "",
            "content_type": "application/octet-stream",
            "etag": "9dfecc15c928c9274ad273719aa7a3c0",
            "force_destroy": false,
            "id": "models/fraud_rf_model/stages/2_RandomForestClassifier_b33bdcc3dc24/treesMetadata/._SUCCESS.crc",
            "key": "models/fraud_rf_model/stages/2_RandomForestClassifier_b33bdcc3dc24/treesMetadata/._SUCCESS.crc",
            "kms_key_id": null,
            "metadata": {},
            "object_lock_legal_hold_status": "",
            "object_lock_mode": "",
            "object_lock_retain_until_date": "",
            "override_provider": [],
            "server_side_encryption": "AES256",
            "source": "./../app/fraud_rf_model/stages/2_RandomForestClassifier_b33bdcc3dc24/treesMetadata/._SUCCESS.crc",
            "source_hash": null,
            "storage_class": "STANDARD",
            "tags": {},
            "tags_all": {},
            "version_id": "7A3YYg8DeDSV_VfBaFe2TAy58Nf44NIj",
            "website_redirect": ""
          },
          "sensitive_attributes": [],
          "identity_schema_version": 0,
          "private": "bnVsbA==",
          "dependencies": [
            "module.s3.aws_s3_bucket.main"
          ]
        },
        {
          "index_key": "stages/2_RandomForestClassifier_b33bdcc3dc24/treesMetadata/.part-00000-0c937e8d-8f1d-4946-8e1c-4c87e07faa2c-c000.snappy.parquet.crc",
          "schema_version": 0,
          "attributes": {
            "acl": null,
            "arn": "arn:aws:s3:::fraud-detection-992382522951/models/fraud_rf_model/stages/2_RandomForestClassifier_b33bdcc3dc24/treesMetadata/.part-00000-0c937e8d-8f1d-4946-8e1c-4c87e07faa2c-c000.snappy.parquet.crc",
            "bucket": "fraud-detection-992382522951",
            "bucket_key_enabled": false,
            "cache_control": "",
            "checksum_algorithm": null,
            "checksum_crc32": "",
            "checksum_crc32c": "",
            "checksum_crc64nvme": "",
            "checksum_sha1": "",
            "checksum_sha256": "",
            "content": null,
            "content_base64": null,
            "content_disposition": "",
            "content_encoding": "",
            "content_language": "",
            "content_type": "application/octet-stream",
            "etag": "039d8771e425bc780ecb2d362b0e5366",
            "force_destroy": false,
            "id": "models/fraud_rf_model/stages/2_RandomForestClassifier_b33bdcc3dc24/treesMetadata/.part-00000-0c937e8d-8f1d-4946-8e1c-4c87e07faa2c-c000.snappy.parquet.crc",
            "key": "models/fraud_rf_model/stages/2_RandomForestClassifier_b33bdcc3dc24/treesMetadata/.part-00000-0c937e8d-8f1d-4946-8e1c-4c87e07faa2c-c000.snappy.parquet.crc",
            "kms_key_id": null,
            "metadata": {},
            "object_lock_legal_hold_status": "",
            "object_lock_mode": "",
            "object_lock_retain_until_date": "",
            "override_provider": [],
            "server_side_encryption": "AES256",
            "source": "./../app/fraud_rf_model/stages/2_RandomForestClassifier_b33bdcc3dc24/treesMetadata/.part-00000-0c937e8d-8f1d-4946-8e1c-4c87e07faa2c-c000.snappy.parquet.crc",
            "source_hash": null,
            "storage_class": "STANDARD",
            "tags": {},
            "tags_all": {},
            "version_id": "ZbKgmqkiYtz8nDi.mGyLP9r4qXuichDS",
            "website_redirect": ""
          },
          "sensitive_attributes": [],
          "identity_schema_version": 0,
          "private": "bnVsbA==",
          "dependencies": [
            "module.s3.aws_s3_bucket.main"
          ]
        },
        {
          "index_key": "stages/2_RandomForestClassifier_b33bdcc3dc24/treesMetadata/_SUCCESS",
          "schema_version": 0,
          "attributes": {
            "acl": null,
            "arn": "arn:aws:s3:::fraud-detection-992382522951/models/fraud_rf_model/stages/2_RandomForestClassifier_b33bdcc3dc24/treesMetadata/_SUCCESS",
            "bucket": "fraud-detection-992382522951",
            "bucket_key_enabled": false,
            "cache_control": "",
            "checksum_algorithm": null,
            "checksum_crc32": "",
            "checksum_crc32c": "",
            "checksum_crc64nvme": "",
            "checksum_sha1": "",
            "checksum_sha256": "",
            "content": null,
            "content_base64": null,
            "content_disposition": "",
            "content_encoding": "",
            "content_language": "",
            "content_type": "application/octet-stream",
            "etag": "d41d8cd98f00b204e9800998ecf8427e",
            "force_destroy": false,
            "id": "models/fraud_rf_model/stages/2_RandomForestClassifier_b33bdcc3dc24/treesMetadata/_SUCCESS",
            "key": "models/fraud_rf_model/stages/2_RandomForestClassifier_b33bdcc3dc24/treesMetadata/_SUCCESS",
            "kms_key_id": null,
            "metadata": {},
            "object_lock_legal_hold_status": "",
            "object_lock_mode": "",
            "object_lock_retain_until_date": "",
            "override_provider": [],
            "server_side_encryption": "AES256",
            "source": "./../app/fraud_rf_model/stages/2_RandomForestClassifier_b33bdcc3dc24/treesMetadata/_SUCCESS",
            "source_hash": null,
            "storage_class": "STANDARD",
            "tags": {},
            "tags_all": {},
            "version_id": "GhgZ66WH5.gvBBndDrUESntxlX5lWMBi",
            "website_redirect": ""
          },
          "sensitive_attributes": [],
          "identity_schema_version": 0,
          "private": "bnVsbA==",
          "dependencies": [
            "module.s3.aws_s3_bucket.main"
          ]
        },
        {
          "index_key": "stages/2_RandomForestClassifier_b33bdcc3dc24/treesMetadata/part-00000-0c937e8d-8f1d-4946-8e1c-4c87e07faa2c-c000.snappy.parquet",
          "schema_version": 0,
          "attributes": {
            "acl": null,
            "arn": "arn:aws:s3:::fraud-detection-992382522951/models/fraud_rf_model/stages/2_RandomForestClassifier_b33bdcc3dc24/treesMetadata/part-00000-0c937e8d-8f1d-4946-8e1c-4c87e07faa2c-c000.snappy.parquet",
            "bucket": "fraud-detection-992382522951",
            "bucket_key_enabled": false,
            "cache_control": "",
            "checksum_algorithm": null,
            "checksum_crc32": "",
            "checksum_crc32c": "",
            "checksum_crc64nvme": "",
            "checksum_sha1": "",
            "checksum_sha256": "",
            "content": null,
            "content_base64": null,
            "content_disposition": "",
            "content_encoding": "",
            "content_language": "",
            "content_type": "application/octet-stream",
            "etag": "e907d750360e345b45806f1b33398dab",
            "force_destroy": false,
            "id": "models/fraud_rf_model/stages/2_RandomForestClassifier_b33bdcc3dc24/treesMetadata/part-00000-0c937e8d-8f1d-4946-8e1c-4c87e07faa2c-c000.snappy.parquet",
            "key": "models/fraud_rf_model/stages/2_RandomForestClassifier_b33bdcc3dc24/treesMetadata/part-00000-0c937e8d-8f1d-4946-8e1c-4c87e07faa2c-c000.snappy.parquet",
            "kms_key_id": null,
            "metadata": {},
            "object_lock_legal_hold_status": "",
            "object_lock_mode": "",
            "object_lock_retain_until_date": "",
            "override_provider": [],
            "server_side_encryption": "AES256",
            "source": "./../app/fraud_rf_model/stages/2_RandomForestClassifier_b33bdcc3dc24/treesMetadata/part-00000-0c937e8d-8f1d-4946-8e1c-4c87e07faa2c-c000.snappy.parquet",
            "source_hash": null,
            "storage_class": "STANDARD",
            "tags": {},
            "tags_all": {},
            "version_id": "sXpeaJuYJPGy6xZm0mmY0kRlvZDXHMx5",
            "website_redirect": ""
          },
          "sensitive_attributes": [],
          "identity_schema_version": 0,
          "private": "bnVsbA==",
          "dependencies": [
            "module.s3.aws_s3_bucket.main"
          ]
        }
      ]
    },
    {
      "module": "module.s3",
      "mode": "managed",
      "type": "aws_s3_object",
      "name": "generate_seed",
      "provider": "provider[\"registry.terraform.io/hashicorp/aws\"]",
      "instances": [
        {
          "schema_version": 0,
          "attributes": {
            "acl": null,
            "arn": "arn:aws:s3:::fraud-detection-992382522951/scripts/generate_seed.py",
            "bucket": "fraud-detection-992382522951",
            "bucket_key_enabled": false,
            "cache_control": "",
            "checksum_algorithm": null,
            "checksum_crc32": "",
            "checksum_crc32c": "",
            "checksum_crc64nvme": "",
            "checksum_sha1": "",
            "checksum_sha256": "",
            "content": null,
            "content_base64": null,
            "content_disposition": "",
            "content_encoding": "",
            "content_language": "",
            "content_type": "application/octet-stream",
            "etag": "6b213a4387eb28b2add457d4a07574d6",
            "force_destroy": false,
            "id": "scripts/generate_seed.py",
            "key": "scripts/generate_seed.py",
            "kms_key_id": null,
            "metadata": {},
            "object_lock_legal_hold_status": "",
            "object_lock_mode": "",
            "object_lock_retain_until_date": "",
            "override_provider": [],
            "server_side_encryption": "AES256",
            "source": "./../generate_seed.py",
            "source_hash": null,
            "storage_class": "STANDARD",
            "tags": {},
            "tags_all": {},
            "version_id": "PiU0iCVkGg8JDbuMOvdJUtEDPhwcJCMJ",
            "website_redirect": ""
          },
          "sensitive_attributes": [],
          "identity_schema_version": 0,
          "private": "bnVsbA==",
          "dependencies": [
            "module.s3.aws_s3_bucket.main"
          ]
        }
      ]
    },
    {
      "module": "module.s3",
      "mode": "managed",
      "type": "aws_s3_object",
      "name": "retrain",
      "provider": "provider[\"registry.terraform.io/hashicorp/aws\"]",
      "instances": [
        {
          "schema_version": 0,
          "attributes": {
            "acl": null,
            "arn": "arn:aws:s3:::fraud-detection-992382522951/scripts/retrain.py",
            "bucket": "fraud-detection-992382522951",
            "bucket_key_enabled": false,
            "cache_control": "",
            "checksum_algorithm": null,
            "checksum_crc32": "",
            "checksum_crc32c": "",
            "checksum_crc64nvme": "",
            "checksum_sha1": "",
            "checksum_sha256": "",
            "content": null,
            "content_base64": null,
            "content_disposition": "",
            "content_encoding": "",
            "content_language": "",
            "content_type": "application/octet-stream",
            "etag": "5d71a3d3915dda8d41c963afac428683",
            "force_destroy": false,
            "id": "scripts/retrain.py",
            "key": "scripts/retrain.py",
            "kms_key_id": null,
            "metadata": {},
            "object_lock_legal_hold_status": "",
            "object_lock_mode": "",
            "object_lock_retain_until_date": "",
            "override_provider": [],
            "server_side_encryption": "AES256",
            "source": "./../app/retrain.py",
            "source_hash": null,
            "storage_class": "STANDARD",
            "tags": {},
            "tags_all": {},
            "version_id": "mlapofPb83CXPOp0sBnkxYqi4qSLbP.V",
            "website_redirect": ""
          },
          "sensitive_attributes": [],
          "identity_schema_version": 0,
          "private": "bnVsbA==",
          "dependencies": [
            "module.s3.aws_s3_bucket.main"
          ]
        }
      ]
    },
    {
      "module": "module.s3",
      "mode": "managed",
      "type": "aws_s3_object",
      "name": "seed_data",
      "provider": "provider[\"registry.terraform.io/hashicorp/aws\"]",
      "instances": [
        {
          "schema_version": 0,
          "attributes": {
            "acl": null,
            "arn": "arn:aws:s3:::fraud-detection-992382522951/seed/seed_data.parquet",
            "bucket": "fraud-detection-992382522951",
            "bucket_key_enabled": false,
            "cache_control": "",
            "checksum_algorithm": null,
            "checksum_crc32": "",
            "checksum_crc32c": "",
            "checksum_crc64nvme": "",
            "checksum_sha1": "",
            "checksum_sha256": "",
            "content": null,
            "content_base64": null,
            "content_disposition": "",
            "content_encoding": "",
            "content_language": "",
            "content_type": "application/octet-stream",
            "etag": "94bf91836c5782fa1c84017ece72fbf1",
            "force_destroy": false,
            "id": "seed/seed_data.parquet",
            "key": "seed/seed_data.parquet",
            "kms_key_id": null,
            "metadata": {},
            "object_lock_legal_hold_status": "",
            "object_lock_mode": "",
            "object_lock_retain_until_date": "",
            "override_provider": [],
            "server_side_encryption": "AES256",
            "source": "./../app/seed_data.parquet",
            "source_hash": null,
            "storage_class": "STANDARD",
            "tags": {},
            "tags_all": {},
            "version_id": "Aq6T88OZ6Jl3u6qEl9hMdtEgeJFt5Nwf",
            "website_redirect": ""
          },
          "sensitive_attributes": [],
          "identity_schema_version": 0,
          "private": "bnVsbA==",
          "dependencies": [
            "module.s3.aws_s3_bucket.main"
          ]
        }
      ]
    },
    {
      "module": "module.s3",
      "mode": "managed",
      "type": "aws_s3_object",
      "name": "spark_stream",
      "provider": "provider[\"registry.terraform.io/hashicorp/aws\"]",
      "instances": [
        {
          "schema_version": 0,
          "attributes": {
            "acl": null,
            "arn": "arn:aws:s3:::fraud-detection-992382522951/scripts/spark_stream.py",
            "bucket": "fraud-detection-992382522951",
            "bucket_key_enabled": false,
            "cache_control": "",
            "checksum_algorithm": null,
            "checksum_crc32": "",
            "checksum_crc32c": "",
            "checksum_crc64nvme": "",
            "checksum_sha1": "",
            "checksum_sha256": "",
            "content": null,
            "content_base64": null,
            "content_disposition": "",
            "content_encoding": "",
            "content_language": "",
            "content_type": "application/octet-stream",
            "etag": "c25606fc97605d0aa764a29665ea120f",
            "force_destroy": false,
            "id": "scripts/spark_stream.py",
            "key": "scripts/spark_stream.py",
            "kms_key_id": null,
            "metadata": {},
            "object_lock_legal_hold_status": "",
            "object_lock_mode": "",
            "object_lock_retain_until_date": "",
            "override_provider": [],
            "server_side_encryption": "AES256",
            "source": "./../app/streaming/spark_stream.py",
            "source_hash": null,
            "storage_class": "STANDARD",
            "tags": {},
            "tags_all": {},
            "version_id": "xaYcf.XTc8TtUNZTJlk8sUrQVvEuDCDO",
            "website_redirect": ""
          },
          "sensitive_attributes": [],
          "identity_schema_version": 0,
          "private": "bnVsbA==",
          "dependencies": [
            "module.s3.aws_s3_bucket.main"
          ]
        }
      ]
    }
  ],
  "check_results": null
}
